// !$*UTF8*$!
{
	archiveVersion = 1;
	classes = {
	};
	objectVersion = 46;
	objects = {

/* Begin PBXBuildFile section */
		A2087A5D1D8580A90076BB5E /* SwiftyVK.framework in Frameworks */ = {isa = PBXBuildFile; fileRef = A2087A561D8580940076BB5E /* SwiftyVK.framework */; };
		A2087A5E1D8580A90076BB5E /* SwiftyVK.framework in Embed Frameworks */ = {isa = PBXBuildFile; fileRef = A2087A561D8580940076BB5E /* SwiftyVK.framework */; settings = {ATTRIBUTES = (CodeSignOnCopy, RemoveHeadersOnCopy, ); }; };
		A2087A611D8580B00076BB5E /* SwiftyVK.framework in Frameworks */ = {isa = PBXBuildFile; fileRef = A2087A581D8580940076BB5E /* SwiftyVK.framework */; };
		A2087A621D8580B00076BB5E /* SwiftyVK.framework in Embed Frameworks */ = {isa = PBXBuildFile; fileRef = A2087A581D8580940076BB5E /* SwiftyVK.framework */; settings = {ATTRIBUTES = (CodeSignOnCopy, RemoveHeadersOnCopy, ); }; };
		A2087A9A1D8590A00076BB5E /* success.users.get.json in Resources */ = {isa = PBXBuildFile; fileRef = A2087A991D8590A00076BB5E /* success.users.get.json */; };
		A2087A9B1D8590A00076BB5E /* success.users.get.json in Resources */ = {isa = PBXBuildFile; fileRef = A2087A991D8590A00076BB5E /* success.users.get.json */; };
		A2087A9D1D859A1B0076BB5E /* error.missing.parameter.json in Resources */ = {isa = PBXBuildFile; fileRef = A2087A9C1D859A1B0076BB5E /* error.missing.parameter.json */; };
		A2087A9E1D859A1B0076BB5E /* error.missing.parameter.json in Resources */ = {isa = PBXBuildFile; fileRef = A2087A9C1D859A1B0076BB5E /* error.missing.parameter.json */; };
		A2087AA01D85B04D0076BB5E /* error.too.many.requests.json in Resources */ = {isa = PBXBuildFile; fileRef = A2087A9F1D85B04D0076BB5E /* error.too.many.requests.json */; };
		A2087AA11D85B04D0076BB5E /* error.too.many.requests.json in Resources */ = {isa = PBXBuildFile; fileRef = A2087A9F1D85B04D0076BB5E /* error.too.many.requests.json */; };
		A227371D1CF462F60042868A /* VKDelegateImpl.swift in Sources */ = {isa = PBXBuildFile; fileRef = A227371C1CF462F60042868A /* VKDelegateImpl.swift */; };
		A22737201CF466100042868A /* VKDelegateImpl.swift in Sources */ = {isa = PBXBuildFile; fileRef = A227371C1CF462F60042868A /* VKDelegateImpl.swift */; };
		A234A4031BE29DAD00856CA5 /* Misc_Tests.swift in Sources */ = {isa = PBXBuildFile; fileRef = A234A4021BE29DAD00856CA5 /* Misc_Tests.swift */; };
		A234A4041BE29DAD00856CA5 /* Misc_Tests.swift in Sources */ = {isa = PBXBuildFile; fileRef = A234A4021BE29DAD00856CA5 /* Misc_Tests.swift */; };
		A24D10971C574D29008263B0 /* VKTestsCase.swift in Sources */ = {isa = PBXBuildFile; fileRef = A24D10921C574A99008263B0 /* VKTestsCase.swift */; };
		A24D10981C574D2A008263B0 /* VKTestsCase.swift in Sources */ = {isa = PBXBuildFile; fileRef = A24D10921C574A99008263B0 /* VKTestsCase.swift */; };
		A2527E6C1BD13A3B00F65412 /* AppDelegate-OSX.swift in Sources */ = {isa = PBXBuildFile; fileRef = A2527E6B1BD13A3B00F65412 /* AppDelegate-OSX.swift */; };
		A2527E711BD13A3B00F65412 /* MainMenu.xib in Resources */ = {isa = PBXBuildFile; fileRef = A2527E6F1BD13A3B00F65412 /* MainMenu.xib */; };
		A2527E7D1BD13A5300F65412 /* AppDelegate-iOS.swift in Sources */ = {isa = PBXBuildFile; fileRef = A2527E7C1BD13A5300F65412 /* AppDelegate-iOS.swift */; };
		A2527E7F1BD13A5300F65412 /* ViewController.swift in Sources */ = {isa = PBXBuildFile; fileRef = A2527E7E1BD13A5300F65412 /* ViewController.swift */; };
		A2527E821BD13A5300F65412 /* Main.storyboard in Resources */ = {isa = PBXBuildFile; fileRef = A2527E801BD13A5300F65412 /* Main.storyboard */; };
		A2527E871BD13A5300F65412 /* LaunchScreen.storyboard in Resources */ = {isa = PBXBuildFile; fileRef = A2527E851BD13A5300F65412 /* LaunchScreen.storyboard */; };
		A2527EBD1BD13F7E00F65412 /* APIWorker.swift in Sources */ = {isa = PBXBuildFile; fileRef = A2527EBC1BD13F7E00F65412 /* APIWorker.swift */; };
		A2527EBE1BD13F7E00F65412 /* APIWorker.swift in Sources */ = {isa = PBXBuildFile; fileRef = A2527EBC1BD13F7E00F65412 /* APIWorker.swift */; };
		A2527EC31BD13FB600F65412 /* Back-iOS.png in Resources */ = {isa = PBXBuildFile; fileRef = A2527EC11BD13FB600F65412 /* Back-iOS.png */; };
		A2ACF04F1D53A61900438BB2 /* UI_Tests.swift in Sources */ = {isa = PBXBuildFile; fileRef = A2EB71251BD275E5008E7D86 /* UI_Tests.swift */; };
		A2ACF0521D53A61900438BB2 /* UI_Tests.swift in Sources */ = {isa = PBXBuildFile; fileRef = A2EB71251BD275E5008E7D86 /* UI_Tests.swift */; };
		A2EB6F331BD1857D008E7D86 /* testAudio.mp3 in Resources */ = {isa = PBXBuildFile; fileRef = A2EB6F2D1BD1857D008E7D86 /* testAudio.mp3 */; };
		A2EB6F341BD1857D008E7D86 /* testAudio.mp3 in Resources */ = {isa = PBXBuildFile; fileRef = A2EB6F2D1BD1857D008E7D86 /* testAudio.mp3 */; };
		A2EB6F351BD1857D008E7D86 /* testDoc.rtf in Resources */ = {isa = PBXBuildFile; fileRef = A2EB6F2E1BD1857D008E7D86 /* testDoc.rtf */; };
		A2EB6F361BD1857D008E7D86 /* testDoc.rtf in Resources */ = {isa = PBXBuildFile; fileRef = A2EB6F2E1BD1857D008E7D86 /* testDoc.rtf */; };
		A2EB6F371BD1857D008E7D86 /* testImage.jpg in Resources */ = {isa = PBXBuildFile; fileRef = A2EB6F2F1BD1857D008E7D86 /* testImage.jpg */; };
		A2EB6F381BD1857D008E7D86 /* testImage.jpg in Resources */ = {isa = PBXBuildFile; fileRef = A2EB6F2F1BD1857D008E7D86 /* testImage.jpg */; };
		A2EB6F391BD1857D008E7D86 /* testVideo.mp4 in Resources */ = {isa = PBXBuildFile; fileRef = A2EB6F301BD1857D008E7D86 /* testVideo.mp4 */; };
		A2EB6F3A1BD1857D008E7D86 /* testVideo.mp4 in Resources */ = {isa = PBXBuildFile; fileRef = A2EB6F301BD1857D008E7D86 /* testVideo.mp4 */; };
		A2EB71461BD27840008E7D86 /* Request_Tests.swift in Sources */ = {isa = PBXBuildFile; fileRef = A2EB71261BD275E5008E7D86 /* Request_Tests.swift */; };
		A2EB71471BD27840008E7D86 /* Upload_Tests.swift in Sources */ = {isa = PBXBuildFile; fileRef = A2EB71271BD275E5008E7D86 /* Upload_Tests.swift */; };
		A2EB71491BD27841008E7D86 /* Request_Tests.swift in Sources */ = {isa = PBXBuildFile; fileRef = A2EB71261BD275E5008E7D86 /* Request_Tests.swift */; };
		A2EB714A1BD27841008E7D86 /* Upload_Tests.swift in Sources */ = {isa = PBXBuildFile; fileRef = A2EB71271BD275E5008E7D86 /* Upload_Tests.swift */; };
		A2EB714B1BD27948008E7D86 /* testAudio.mp3 in Resources */ = {isa = PBXBuildFile; fileRef = A2EB6F2D1BD1857D008E7D86 /* testAudio.mp3 */; };
		A2EB714C1BD27948008E7D86 /* testDoc.rtf in Resources */ = {isa = PBXBuildFile; fileRef = A2EB6F2E1BD1857D008E7D86 /* testDoc.rtf */; };
		A2EB714D1BD27948008E7D86 /* testImage.jpg in Resources */ = {isa = PBXBuildFile; fileRef = A2EB6F2F1BD1857D008E7D86 /* testImage.jpg */; };
		A2EB714E1BD27948008E7D86 /* testVideo.mp4 in Resources */ = {isa = PBXBuildFile; fileRef = A2EB6F301BD1857D008E7D86 /* testVideo.mp4 */; };
		A2EB714F1BD27948008E7D86 /* testAudio.mp3 in Resources */ = {isa = PBXBuildFile; fileRef = A2EB6F2D1BD1857D008E7D86 /* testAudio.mp3 */; };
		A2EB71501BD27948008E7D86 /* testDoc.rtf in Resources */ = {isa = PBXBuildFile; fileRef = A2EB6F2E1BD1857D008E7D86 /* testDoc.rtf */; };
		A2EB71511BD27948008E7D86 /* testImage.jpg in Resources */ = {isa = PBXBuildFile; fileRef = A2EB6F2F1BD1857D008E7D86 /* testImage.jpg */; };
		A2EB71521BD27948008E7D86 /* testVideo.mp4 in Resources */ = {isa = PBXBuildFile; fileRef = A2EB6F301BD1857D008E7D86 /* testVideo.mp4 */; };
		BE73F501A91CD62E0EE0F635 /* Pods_SwiftyVK_Tests_iOS.framework in Frameworks */ = {isa = PBXBuildFile; fileRef = 5E269B18740945B8F1466AF5 /* Pods_SwiftyVK_Tests_iOS.framework */; };
		D1240239740064ECAF7D735A /* Pods_SwiftyVK_Tests_OSX.framework in Frameworks */ = {isa = PBXBuildFile; fileRef = 290B1904AFFB34D5C81313CA /* Pods_SwiftyVK_Tests_OSX.framework */; };
/* End PBXBuildFile section */

/* Begin PBXContainerItemProxy section */
		A2087A551D8580940076BB5E /* PBXContainerItemProxy */ = {
			isa = PBXContainerItemProxy;
			containerPortal = A2087A4E1D8580940076BB5E /* SwiftyVK.xcodeproj */;
			proxyType = 2;
			remoteGlobalIDString = A2EB6EA81BD180E9008E7D86;
			remoteInfo = "SwiftyVK-OSX";
		};
		A2087A571D8580940076BB5E /* PBXContainerItemProxy */ = {
			isa = PBXContainerItemProxy;
			containerPortal = A2087A4E1D8580940076BB5E /* SwiftyVK.xcodeproj */;
			proxyType = 2;
			remoteGlobalIDString = A2EB6E9B1BD180DD008E7D86;
			remoteInfo = "SwiftyVK-iOS";
		};
		A2087A591D8580940076BB5E /* PBXContainerItemProxy */ = {
			isa = PBXContainerItemProxy;
			containerPortal = A2087A4E1D8580940076BB5E /* SwiftyVK.xcodeproj */;
			proxyType = 2;
			remoteGlobalIDString = A2527D4B1BD1130D00F65412;
			remoteInfo = "SwiftyVKResources-OSX";
		};
		A2087A5B1D8580940076BB5E /* PBXContainerItemProxy */ = {
			isa = PBXContainerItemProxy;
			containerPortal = A2087A4E1D8580940076BB5E /* SwiftyVK.xcodeproj */;
			proxyType = 2;
			remoteGlobalIDString = A2527D551BD1134500F65412;
			remoteInfo = "SwiftyVKResources-iOS";
		};
		A2EB71321BD27639008E7D86 /* PBXContainerItemProxy */ = {
			isa = PBXContainerItemProxy;
			containerPortal = A2527E5B1BD139E200F65412 /* Project object */;
			proxyType = 1;
			remoteGlobalIDString = A2527E671BD13A3B00F65412;
			remoteInfo = "SwiftyVK-Example-OSX";
		};
		A2EB71401BD27652008E7D86 /* PBXContainerItemProxy */ = {
			isa = PBXContainerItemProxy;
			containerPortal = A2527E5B1BD139E200F65412 /* Project object */;
			proxyType = 1;
			remoteGlobalIDString = A2527E791BD13A5300F65412;
			remoteInfo = "SwiftyVK-Example-iOS";
		};
/* End PBXContainerItemProxy section */

/* Begin PBXCopyFilesBuildPhase section */
		A2087A3A1D85803F0076BB5E /* Embed Frameworks */ = {
			isa = PBXCopyFilesBuildPhase;
			buildActionMask = 2147483647;
			dstPath = "";
			dstSubfolderSpec = 10;
			files = (
				A2087A5E1D8580A90076BB5E /* SwiftyVK.framework in Embed Frameworks */,
			);
			name = "Embed Frameworks";
			runOnlyForDeploymentPostprocessing = 0;
		};
		A2087A451D85805D0076BB5E /* Embed Frameworks */ = {
			isa = PBXCopyFilesBuildPhase;
			buildActionMask = 2147483647;
			dstPath = "";
			dstSubfolderSpec = 10;
			files = (
				A2087A621D8580B00076BB5E /* SwiftyVK.framework in Embed Frameworks */,
			);
			name = "Embed Frameworks";
			runOnlyForDeploymentPostprocessing = 0;
		};
		A2EB71D11BD3B994008E7D86 /* Embed Watch Content */ = {
			isa = PBXCopyFilesBuildPhase;
			buildActionMask = 2147483647;
			dstPath = "$(CONTENTS_FOLDER_PATH)/Watch";
			dstSubfolderSpec = 16;
			files = (
			);
			name = "Embed Watch Content";
			runOnlyForDeploymentPostprocessing = 0;
		};
/* End PBXCopyFilesBuildPhase section */

/* Begin PBXFileReference section */
		175AED8C9FD8BB2D248EF6EF /* Pods-SwiftyVK-Tests-OSX.release.xcconfig */ = {isa = PBXFileReference; includeInIndex = 1; lastKnownFileType = text.xcconfig; name = "Pods-SwiftyVK-Tests-OSX.release.xcconfig"; path = "Pods/Target Support Files/Pods-SwiftyVK-Tests-OSX/Pods-SwiftyVK-Tests-OSX.release.xcconfig"; sourceTree = "<group>"; };
		290B1904AFFB34D5C81313CA /* Pods_SwiftyVK_Tests_OSX.framework */ = {isa = PBXFileReference; explicitFileType = wrapper.framework; includeInIndex = 0; path = Pods_SwiftyVK_Tests_OSX.framework; sourceTree = BUILT_PRODUCTS_DIR; };
		5E269B18740945B8F1466AF5 /* Pods_SwiftyVK_Tests_iOS.framework */ = {isa = PBXFileReference; explicitFileType = wrapper.framework; includeInIndex = 0; path = Pods_SwiftyVK_Tests_iOS.framework; sourceTree = BUILT_PRODUCTS_DIR; };
		6FBD119E16460EFD57256178 /* Pods-SwiftyVK-Tests-iOS.debug.xcconfig */ = {isa = PBXFileReference; includeInIndex = 1; lastKnownFileType = text.xcconfig; name = "Pods-SwiftyVK-Tests-iOS.debug.xcconfig"; path = "Pods/Target Support Files/Pods-SwiftyVK-Tests-iOS/Pods-SwiftyVK-Tests-iOS.debug.xcconfig"; sourceTree = "<group>"; };
		7127B6B250B5FCCA096AA2C7 /* Pods-SwiftyVK-Tests-iOS.release.xcconfig */ = {isa = PBXFileReference; includeInIndex = 1; lastKnownFileType = text.xcconfig; name = "Pods-SwiftyVK-Tests-iOS.release.xcconfig"; path = "Pods/Target Support Files/Pods-SwiftyVK-Tests-iOS/Pods-SwiftyVK-Tests-iOS.release.xcconfig"; sourceTree = "<group>"; };
		A2087A4E1D8580940076BB5E /* SwiftyVK.xcodeproj */ = {isa = PBXFileReference; lastKnownFileType = "wrapper.pb-project"; name = SwiftyVK.xcodeproj; path = Library/SwiftyVK.xcodeproj; sourceTree = "<group>"; };
		A2087A991D8590A00076BB5E /* success.users.get.json */ = {isa = PBXFileReference; explicitFileType = text.json; fileEncoding = 4; name = success.users.get.json; path = JSONs/success.users.get.json; sourceTree = "<group>"; };
		A2087A9C1D859A1B0076BB5E /* error.missing.parameter.json */ = {isa = PBXFileReference; fileEncoding = 4; lastKnownFileType = text.json; name = error.missing.parameter.json; path = JSONs/error.missing.parameter.json; sourceTree = "<group>"; };
		A2087A9F1D85B04D0076BB5E /* error.too.many.requests.json */ = {isa = PBXFileReference; fileEncoding = 4; lastKnownFileType = text.json; name = error.too.many.requests.json; path = JSONs/error.too.many.requests.json; sourceTree = "<group>"; };
		A227371C1CF462F60042868A /* VKDelegateImpl.swift */ = {isa = PBXFileReference; fileEncoding = 4; lastKnownFileType = sourcecode.swift; path = VKDelegateImpl.swift; sourceTree = "<group>"; };
		A22737351CF476280042868A /* SwiftyVK-Tests-iOS copy-Info.plist */ = {isa = PBXFileReference; lastKnownFileType = text.plist.xml; name = "SwiftyVK-Tests-iOS copy-Info.plist"; path = "/Users/WE-St0r/Documents/Development/VK/SwiftyVK/Example/SwiftyVK-Tests-iOS copy-Info.plist"; sourceTree = "<absolute>"; };
		A22737491CF476360042868A /* SwiftyVK-Tests-OSX copy-Info.plist */ = {isa = PBXFileReference; lastKnownFileType = text.plist.xml; name = "SwiftyVK-Tests-OSX copy-Info.plist"; path = "/Users/WE-St0r/Documents/Development/VK/SwiftyVK/Example/SwiftyVK-Tests-OSX copy-Info.plist"; sourceTree = "<absolute>"; };
		A234A4021BE29DAD00856CA5 /* Misc_Tests.swift */ = {isa = PBXFileReference; fileEncoding = 4; lastKnownFileType = sourcecode.swift; path = Misc_Tests.swift; sourceTree = "<group>"; };
		A234A41C1BE354A200856CA5 /* de */ = {isa = PBXFileReference; lastKnownFileType = text.plist.strings; name = de; path = de.lproj/MainMenu.strings; sourceTree = "<group>"; };
		A234A41D1BE354A200856CA5 /* de */ = {isa = PBXFileReference; lastKnownFileType = text.plist.strings; name = de; path = de.lproj/Main.strings; sourceTree = "<group>"; };
		A234A41E1BE354A200856CA5 /* de */ = {isa = PBXFileReference; lastKnownFileType = text.plist.strings; name = de; path = de.lproj/LaunchScreen.strings; sourceTree = "<group>"; };
		A234A41F1BE354B400856CA5 /* es */ = {isa = PBXFileReference; lastKnownFileType = text.plist.strings; name = es; path = es.lproj/MainMenu.strings; sourceTree = "<group>"; };
		A234A4201BE354B400856CA5 /* es */ = {isa = PBXFileReference; lastKnownFileType = text.plist.strings; name = es; path = es.lproj/Main.strings; sourceTree = "<group>"; };
		A234A4211BE354B400856CA5 /* es */ = {isa = PBXFileReference; lastKnownFileType = text.plist.strings; name = es; path = es.lproj/LaunchScreen.strings; sourceTree = "<group>"; };
		A234A4221BE354CF00856CA5 /* uk */ = {isa = PBXFileReference; lastKnownFileType = text.plist.strings; name = uk; path = uk.lproj/MainMenu.strings; sourceTree = "<group>"; };
		A234A4231BE354CF00856CA5 /* uk */ = {isa = PBXFileReference; lastKnownFileType = text.plist.strings; name = uk; path = uk.lproj/Main.strings; sourceTree = "<group>"; };
		A234A4241BE354CF00856CA5 /* uk */ = {isa = PBXFileReference; lastKnownFileType = text.plist.strings; name = uk; path = uk.lproj/LaunchScreen.strings; sourceTree = "<group>"; };
		A234A4251BE354D800856CA5 /* it */ = {isa = PBXFileReference; lastKnownFileType = text.plist.strings; name = it; path = it.lproj/MainMenu.strings; sourceTree = "<group>"; };
		A234A4261BE354D800856CA5 /* it */ = {isa = PBXFileReference; lastKnownFileType = text.plist.strings; name = it; path = it.lproj/Main.strings; sourceTree = "<group>"; };
		A234A4271BE354D800856CA5 /* it */ = {isa = PBXFileReference; lastKnownFileType = text.plist.strings; name = it; path = it.lproj/LaunchScreen.strings; sourceTree = "<group>"; };
		A234A4281BE354E500856CA5 /* be */ = {isa = PBXFileReference; lastKnownFileType = text.plist.strings; name = be; path = be.lproj/MainMenu.strings; sourceTree = "<group>"; };
		A234A4291BE354E500856CA5 /* be */ = {isa = PBXFileReference; lastKnownFileType = text.plist.strings; name = be; path = be.lproj/Main.strings; sourceTree = "<group>"; };
		A234A42A1BE354E500856CA5 /* be */ = {isa = PBXFileReference; lastKnownFileType = text.plist.strings; name = be; path = be.lproj/LaunchScreen.strings; sourceTree = "<group>"; };
		A234A42B1BE354FD00856CA5 /* fi */ = {isa = PBXFileReference; lastKnownFileType = text.plist.strings; name = fi; path = fi.lproj/MainMenu.strings; sourceTree = "<group>"; };
		A234A42C1BE354FD00856CA5 /* fi */ = {isa = PBXFileReference; lastKnownFileType = text.plist.strings; name = fi; path = fi.lproj/Main.strings; sourceTree = "<group>"; };
		A234A42D1BE354FD00856CA5 /* fi */ = {isa = PBXFileReference; lastKnownFileType = text.plist.strings; name = fi; path = fi.lproj/LaunchScreen.strings; sourceTree = "<group>"; };
		A24D10921C574A99008263B0 /* VKTestsCase.swift */ = {isa = PBXFileReference; fileEncoding = 4; lastKnownFileType = sourcecode.swift; path = VKTestsCase.swift; sourceTree = "<group>"; };
		A2527E681BD13A3B00F65412 /* ~SwiftyVK~.app */ = {isa = PBXFileReference; explicitFileType = wrapper.application; includeInIndex = 0; path = "~SwiftyVK~.app"; sourceTree = BUILT_PRODUCTS_DIR; };
		A2527E6B1BD13A3B00F65412 /* AppDelegate-OSX.swift */ = {isa = PBXFileReference; lastKnownFileType = sourcecode.swift; name = "AppDelegate-OSX.swift"; path = "OSX/AppDelegate-OSX.swift"; sourceTree = "<group>"; };
		A2527E701BD13A3B00F65412 /* Base */ = {isa = PBXFileReference; lastKnownFileType = file.xib; name = Base; path = Base.lproj/MainMenu.xib; sourceTree = "<group>"; };
		A2527E721BD13A3B00F65412 /* Info.plist */ = {isa = PBXFileReference; lastKnownFileType = text.plist.xml; path = Info.plist; sourceTree = "<group>"; };
		A2527E7A1BD13A5300F65412 /* ~SwiftyVK~.app */ = {isa = PBXFileReference; explicitFileType = wrapper.application; includeInIndex = 0; path = "~SwiftyVK~.app"; sourceTree = BUILT_PRODUCTS_DIR; };
		A2527E7C1BD13A5300F65412 /* AppDelegate-iOS.swift */ = {isa = PBXFileReference; lastKnownFileType = sourcecode.swift; name = "AppDelegate-iOS.swift"; path = "iOS/AppDelegate-iOS.swift"; sourceTree = "<group>"; };
		A2527E7E1BD13A5300F65412 /* ViewController.swift */ = {isa = PBXFileReference; lastKnownFileType = sourcecode.swift; path = ViewController.swift; sourceTree = "<group>"; };
		A2527E811BD13A5300F65412 /* Base */ = {isa = PBXFileReference; lastKnownFileType = file.storyboard; name = Base; path = Base.lproj/Main.storyboard; sourceTree = "<group>"; };
		A2527E861BD13A5300F65412 /* Base */ = {isa = PBXFileReference; lastKnownFileType = file.storyboard; name = Base; path = Base.lproj/LaunchScreen.storyboard; sourceTree = "<group>"; };
		A2527E881BD13A5300F65412 /* Info.plist */ = {isa = PBXFileReference; lastKnownFileType = text.plist.xml; path = Info.plist; sourceTree = "<group>"; };
		A2527EBC1BD13F7E00F65412 /* APIWorker.swift */ = {isa = PBXFileReference; fileEncoding = 4; lastKnownFileType = sourcecode.swift; path = APIWorker.swift; sourceTree = "<group>"; };
		A2527EC11BD13FB600F65412 /* Back-iOS.png */ = {isa = PBXFileReference; lastKnownFileType = image.png; name = "Back-iOS.png"; path = "Example/Resources/Back-iOS.png"; sourceTree = "<group>"; };
		A2EB6F2D1BD1857D008E7D86 /* testAudio.mp3 */ = {isa = PBXFileReference; lastKnownFileType = audio.mp3; name = testAudio.mp3; path = Example/Resources/testAudio.mp3; sourceTree = "<group>"; };
		A2EB6F2E1BD1857D008E7D86 /* testDoc.rtf */ = {isa = PBXFileReference; fileEncoding = 4; lastKnownFileType = text.rtf; name = testDoc.rtf; path = Example/Resources/testDoc.rtf; sourceTree = "<group>"; };
		A2EB6F2F1BD1857D008E7D86 /* testImage.jpg */ = {isa = PBXFileReference; lastKnownFileType = image.jpeg; name = testImage.jpg; path = Example/Resources/testImage.jpg; sourceTree = "<group>"; };
		A2EB6F301BD1857D008E7D86 /* testVideo.mp4 */ = {isa = PBXFileReference; lastKnownFileType = file; name = testVideo.mp4; path = Example/Resources/testVideo.mp4; sourceTree = "<group>"; };
		A2EB6F3B1BD186F9008E7D86 /* ru */ = {isa = PBXFileReference; lastKnownFileType = text.plist.strings; name = ru; path = ru.lproj/MainMenu.strings; sourceTree = "<group>"; };
		A2EB6F3C1BD186F9008E7D86 /* ru */ = {isa = PBXFileReference; lastKnownFileType = text.plist.strings; name = ru; path = ru.lproj/Main.strings; sourceTree = "<group>"; };
		A2EB6F3D1BD186F9008E7D86 /* ru */ = {isa = PBXFileReference; lastKnownFileType = text.plist.strings; name = ru; path = ru.lproj/LaunchScreen.strings; sourceTree = "<group>"; };
		A2EB71251BD275E5008E7D86 /* UI_Tests.swift */ = {isa = PBXFileReference; lastKnownFileType = sourcecode.swift; path = UI_Tests.swift; sourceTree = "<group>"; };
		A2EB71261BD275E5008E7D86 /* Request_Tests.swift */ = {isa = PBXFileReference; lastKnownFileType = sourcecode.swift; path = Request_Tests.swift; sourceTree = "<group>"; };
		A2EB71271BD275E5008E7D86 /* Upload_Tests.swift */ = {isa = PBXFileReference; lastKnownFileType = sourcecode.swift; path = Upload_Tests.swift; sourceTree = "<group>"; };
		A2EB712D1BD27639008E7D86 /* SwiftyVK-Tests-OSX.xctest */ = {isa = PBXFileReference; explicitFileType = wrapper.cfbundle; includeInIndex = 0; path = "SwiftyVK-Tests-OSX.xctest"; sourceTree = BUILT_PRODUCTS_DIR; };
		A2EB713B1BD27652008E7D86 /* SwiftyVK-Tests-iOS.xctest */ = {isa = PBXFileReference; explicitFileType = wrapper.cfbundle; includeInIndex = 0; path = "SwiftyVK-Tests-iOS.xctest"; sourceTree = BUILT_PRODUCTS_DIR; };
		F1AA4B9587A70A6F8399C6B5 /* Pods-SwiftyVK-Tests-OSX.debug.xcconfig */ = {isa = PBXFileReference; includeInIndex = 1; lastKnownFileType = text.xcconfig; name = "Pods-SwiftyVK-Tests-OSX.debug.xcconfig"; path = "Pods/Target Support Files/Pods-SwiftyVK-Tests-OSX/Pods-SwiftyVK-Tests-OSX.debug.xcconfig"; sourceTree = "<group>"; };
/* End PBXFileReference section */

/* Begin PBXFrameworksBuildPhase section */
		A2527E651BD13A3B00F65412 /* Frameworks */ = {
			isa = PBXFrameworksBuildPhase;
			buildActionMask = 2147483647;
			files = (
				A2087A5D1D8580A90076BB5E /* SwiftyVK.framework in Frameworks */,
			);
			runOnlyForDeploymentPostprocessing = 0;
		};
		A2527E771BD13A5300F65412 /* Frameworks */ = {
			isa = PBXFrameworksBuildPhase;
			buildActionMask = 2147483647;
			files = (
				A2087A611D8580B00076BB5E /* SwiftyVK.framework in Frameworks */,
			);
			runOnlyForDeploymentPostprocessing = 0;
		};
		A2EB712A1BD27639008E7D86 /* Frameworks */ = {
			isa = PBXFrameworksBuildPhase;
			buildActionMask = 2147483647;
			files = (
				D1240239740064ECAF7D735A /* Pods_SwiftyVK_Tests_OSX.framework in Frameworks */,
			);
			runOnlyForDeploymentPostprocessing = 0;
		};
		A2EB71381BD27652008E7D86 /* Frameworks */ = {
			isa = PBXFrameworksBuildPhase;
			buildActionMask = 2147483647;
			files = (
				BE73F501A91CD62E0EE0F635 /* Pods_SwiftyVK_Tests_iOS.framework in Frameworks */,
			);
			runOnlyForDeploymentPostprocessing = 0;
		};
/* End PBXFrameworksBuildPhase section */

/* Begin PBXGroup section */
		A2087A4F1D8580940076BB5E /* Products */ = {
			isa = PBXGroup;
			children = (
				A2087A561D8580940076BB5E /* SwiftyVK.framework */,
				A2087A581D8580940076BB5E /* SwiftyVK.framework */,
				A2087A5A1D8580940076BB5E /* SwiftyVKResources-OSX.bundle */,
				A2087A5C1D8580940076BB5E /* SwiftyVKResources-iOS.bundle */,
			);
			name = Products;
			sourceTree = "<group>";
		};
		A2087A941D8590850076BB5E /* JSONs */ = {
			isa = PBXGroup;
			children = (
				A2087A991D8590A00076BB5E /* success.users.get.json */,
				A2087A9C1D859A1B0076BB5E /* error.missing.parameter.json */,
				A2087A9F1D85B04D0076BB5E /* error.too.many.requests.json */,
			);
			name = JSONs;
			sourceTree = "<group>";
		};
		A25221041BD17B450047C638 /* Resources */ = {
			isa = PBXGroup;
			children = (
				A2087A4E1D8580940076BB5E /* SwiftyVK.xcodeproj */,
				A2527EC11BD13FB600F65412 /* Back-iOS.png */,
				A2EB6F2D1BD1857D008E7D86 /* testAudio.mp3 */,
				A2EB6F2E1BD1857D008E7D86 /* testDoc.rtf */,
				A2EB6F2F1BD1857D008E7D86 /* testImage.jpg */,
				A2EB6F301BD1857D008E7D86 /* testVideo.mp4 */,
				A2527E6A1BD13A3B00F65412 /* OSX */,
				A2527E7B1BD13A5300F65412 /* iOS */,
			);
			name = Resources;
			path = ..;
			sourceTree = "<group>";
		};
		A2527E5A1BD139E200F65412 = {
			isa = PBXGroup;
			children = (
				A227371C1CF462F60042868A /* VKDelegateImpl.swift */,
				A2527EBC1BD13F7E00F65412 /* APIWorker.swift */,
				A2527E6B1BD13A3B00F65412 /* AppDelegate-OSX.swift */,
				A2527E7C1BD13A5300F65412 /* AppDelegate-iOS.swift */,
				A25221041BD17B450047C638 /* Resources */,
				A2EB71221BD275A0008E7D86 /* Tests */,
				A2527E691BD13A3B00F65412 /* Products */,
				A22737351CF476280042868A /* SwiftyVK-Tests-iOS copy-Info.plist */,
				A22737491CF476360042868A /* SwiftyVK-Tests-OSX copy-Info.plist */,
				CFCF531DD21E058DDF985506 /* Pods */,
				B27C1ABD728D9ED603FD18C9 /* Frameworks */,
			);
			sourceTree = "<group>";
		};
		A2527E691BD13A3B00F65412 /* Products */ = {
			isa = PBXGroup;
			children = (
				A2527E681BD13A3B00F65412 /* ~SwiftyVK~.app */,
				A2527E7A1BD13A5300F65412 /* ~SwiftyVK~.app */,
				A2EB712D1BD27639008E7D86 /* SwiftyVK-Tests-OSX.xctest */,
				A2EB713B1BD27652008E7D86 /* SwiftyVK-Tests-iOS.xctest */,
			);
			name = Products;
			sourceTree = "<group>";
		};
		A2527E6A1BD13A3B00F65412 /* OSX */ = {
			isa = PBXGroup;
			children = (
				A2527E6F1BD13A3B00F65412 /* MainMenu.xib */,
				A2527E721BD13A3B00F65412 /* Info.plist */,
			);
			name = OSX;
			path = Example/OSX;
			sourceTree = "<group>";
		};
		A2527E7B1BD13A5300F65412 /* iOS */ = {
			isa = PBXGroup;
			children = (
				A2527E7E1BD13A5300F65412 /* ViewController.swift */,
				A2527E801BD13A5300F65412 /* Main.storyboard */,
				A2527E851BD13A5300F65412 /* LaunchScreen.storyboard */,
				A2527E881BD13A5300F65412 /* Info.plist */,
			);
			name = iOS;
			path = Example/iOS;
			sourceTree = "<group>";
		};
		A2EB71221BD275A0008E7D86 /* Tests */ = {
			isa = PBXGroup;
			children = (
				A24D10921C574A99008263B0 /* VKTestsCase.swift */,
				A2EB71251BD275E5008E7D86 /* UI_Tests.swift */,
				A2EB71261BD275E5008E7D86 /* Request_Tests.swift */,
				A2EB71271BD275E5008E7D86 /* Upload_Tests.swift */,
				A234A4021BE29DAD00856CA5 /* Misc_Tests.swift */,
				A2087A941D8590850076BB5E /* JSONs */,
			);
			name = Tests;
			path = ../Tests;
			sourceTree = "<group>";
		};
		B27C1ABD728D9ED603FD18C9 /* Frameworks */ = {
			isa = PBXGroup;
			children = (
				290B1904AFFB34D5C81313CA /* Pods_SwiftyVK_Tests_OSX.framework */,
				5E269B18740945B8F1466AF5 /* Pods_SwiftyVK_Tests_iOS.framework */,
			);
			name = Frameworks;
			sourceTree = "<group>";
		};
		CFCF531DD21E058DDF985506 /* Pods */ = {
			isa = PBXGroup;
			children = (
				F1AA4B9587A70A6F8399C6B5 /* Pods-SwiftyVK-Tests-OSX.debug.xcconfig */,
				175AED8C9FD8BB2D248EF6EF /* Pods-SwiftyVK-Tests-OSX.release.xcconfig */,
				6FBD119E16460EFD57256178 /* Pods-SwiftyVK-Tests-iOS.debug.xcconfig */,
				7127B6B250B5FCCA096AA2C7 /* Pods-SwiftyVK-Tests-iOS.release.xcconfig */,
			);
			name = Pods;
			sourceTree = "<group>";
		};
/* End PBXGroup section */

/* Begin PBXNativeTarget section */
		A2527E671BD13A3B00F65412 /* SwiftyVK-Example-OSX */ = {
			isa = PBXNativeTarget;
			buildConfigurationList = A2527E731BD13A3B00F65412 /* Build configuration list for PBXNativeTarget "SwiftyVK-Example-OSX" */;
			buildPhases = (
				A2527E641BD13A3B00F65412 /* Sources */,
				A2527E651BD13A3B00F65412 /* Frameworks */,
				A2527E661BD13A3B00F65412 /* Resources */,
				A2087A3A1D85803F0076BB5E /* Embed Frameworks */,
			);
			buildRules = (
			);
			dependencies = (
			);
			name = "SwiftyVK-Example-OSX";
			productName = "SwiftyVK-Example-OSX";
			productReference = A2527E681BD13A3B00F65412 /* ~SwiftyVK~.app */;
			productType = "com.apple.product-type.application";
		};
		A2527E791BD13A5300F65412 /* SwiftyVK-Example-iOS */ = {
			isa = PBXNativeTarget;
			buildConfigurationList = A2527E891BD13A5300F65412 /* Build configuration list for PBXNativeTarget "SwiftyVK-Example-iOS" */;
			buildPhases = (
				A2527E761BD13A5300F65412 /* Sources */,
				A2527E771BD13A5300F65412 /* Frameworks */,
				A2527E781BD13A5300F65412 /* Resources */,
				A2EB71D11BD3B994008E7D86 /* Embed Watch Content */,
				A2087A451D85805D0076BB5E /* Embed Frameworks */,
			);
			buildRules = (
			);
			dependencies = (
			);
			name = "SwiftyVK-Example-iOS";
			productName = "SwiftyVK-Example-iOS";
			productReference = A2527E7A1BD13A5300F65412 /* ~SwiftyVK~.app */;
			productType = "com.apple.product-type.application";
		};
		A2EB712C1BD27639008E7D86 /* SwiftyVK-Tests-OSX */ = {
			isa = PBXNativeTarget;
			buildConfigurationList = A2EB71341BD27639008E7D86 /* Build configuration list for PBXNativeTarget "SwiftyVK-Tests-OSX" */;
			buildPhases = (
				87EE674AEC79B75BB80C59FC /* [CP] Check Pods Manifest.lock */,
				A2EB71291BD27639008E7D86 /* Sources */,
				A2EB712A1BD27639008E7D86 /* Frameworks */,
				A2EB712B1BD27639008E7D86 /* Resources */,
				C24027A5A5B9415A3E6E67C7 /* [CP] Embed Pods Frameworks */,
				6580556522FCD431F684C344 /* [CP] Copy Pods Resources */,
			);
			buildRules = (
			);
			dependencies = (
				A2EB71331BD27639008E7D86 /* PBXTargetDependency */,
			);
			name = "SwiftyVK-Tests-OSX";
			productName = "SwiftyVK-Tests-OSX";
			productReference = A2EB712D1BD27639008E7D86 /* SwiftyVK-Tests-OSX.xctest */;
			productType = "com.apple.product-type.bundle.unit-test";
		};
		A2EB713A1BD27652008E7D86 /* SwiftyVK-Tests-iOS */ = {
			isa = PBXNativeTarget;
			buildConfigurationList = A2EB71421BD27652008E7D86 /* Build configuration list for PBXNativeTarget "SwiftyVK-Tests-iOS" */;
			buildPhases = (
				5A707F55C0ACA295DF1C5DC0 /* [CP] Check Pods Manifest.lock */,
				A2EB71371BD27652008E7D86 /* Sources */,
				A2EB71381BD27652008E7D86 /* Frameworks */,
				A2EB71391BD27652008E7D86 /* Resources */,
				A3398283A6ABC33944E72D3D /* [CP] Embed Pods Frameworks */,
				15A6C5D06BE79C45CDB0F4BE /* [CP] Copy Pods Resources */,
			);
			buildRules = (
			);
			dependencies = (
				A2EB71411BD27652008E7D86 /* PBXTargetDependency */,
			);
			name = "SwiftyVK-Tests-iOS";
			productName = "SwiftyVK-Tests-iOS";
			productReference = A2EB713B1BD27652008E7D86 /* SwiftyVK-Tests-iOS.xctest */;
			productType = "com.apple.product-type.bundle.unit-test";
		};
/* End PBXNativeTarget section */

/* Begin PBXProject section */
		A2527E5B1BD139E200F65412 /* Project object */ = {
			isa = PBXProject;
			attributes = {
				LastUpgradeCheck = 0800;
				TargetAttributes = {
					A2527E671BD13A3B00F65412 = {
						CreatedOnToolsVersion = 7.1;
						DevelopmentTeam = 842SSJ357W;
						DevelopmentTeamName = "Алексей Кудрявцев (Personal Team)";
						LastSwiftMigration = 0800;
					};
					A2527E791BD13A5300F65412 = {
						CreatedOnToolsVersion = 7.1;
						DevelopmentTeam = 842SSJ357W;
						DevelopmentTeamName = "Алексей Кудрявцев (Personal Team)";
						LastSwiftMigration = 0800;
					};
					A2EB712C1BD27639008E7D86 = {
						CreatedOnToolsVersion = 7.1;
						LastSwiftMigration = 0800;
						TestTargetID = A2527E671BD13A3B00F65412;
					};
					A2EB713A1BD27652008E7D86 = {
						CreatedOnToolsVersion = 7.1;
						DevelopmentTeam = 842SSJ357W;
						LastSwiftMigration = 0800;
						TestTargetID = A2527E791BD13A5300F65412;
					};
				};
			};
			buildConfigurationList = A2527E5E1BD139E200F65412 /* Build configuration list for PBXProject "Example" */;
			compatibilityVersion = "Xcode 3.2";
			developmentRegion = English;
			hasScannedForEncodings = 0;
			knownRegions = (
				en,
				Base,
			);
			mainGroup = A2527E5A1BD139E200F65412;
			productRefGroup = A2527E691BD13A3B00F65412 /* Products */;
			projectDirPath = "";
			projectReferences = (
				{
					ProductGroup = A2087A4F1D8580940076BB5E /* Products */;
					ProjectRef = A2087A4E1D8580940076BB5E /* SwiftyVK.xcodeproj */;
				},
			);
			projectRoot = "";
			targets = (
				A2527E671BD13A3B00F65412 /* SwiftyVK-Example-OSX */,
				A2527E791BD13A5300F65412 /* SwiftyVK-Example-iOS */,
				A2EB712C1BD27639008E7D86 /* SwiftyVK-Tests-OSX */,
				A2EB713A1BD27652008E7D86 /* SwiftyVK-Tests-iOS */,
			);
		};
/* End PBXProject section */

/* Begin PBXReferenceProxy section */
		A2087A561D8580940076BB5E /* SwiftyVK.framework */ = {
			isa = PBXReferenceProxy;
			fileType = wrapper.framework;
			path = SwiftyVK.framework;
			remoteRef = A2087A551D8580940076BB5E /* PBXContainerItemProxy */;
			sourceTree = BUILT_PRODUCTS_DIR;
		};
		A2087A581D8580940076BB5E /* SwiftyVK.framework */ = {
			isa = PBXReferenceProxy;
			fileType = wrapper.framework;
			path = SwiftyVK.framework;
			remoteRef = A2087A571D8580940076BB5E /* PBXContainerItemProxy */;
			sourceTree = BUILT_PRODUCTS_DIR;
		};
		A2087A5A1D8580940076BB5E /* SwiftyVKResources-OSX.bundle */ = {
			isa = PBXReferenceProxy;
			fileType = wrapper.cfbundle;
			path = "SwiftyVKResources-OSX.bundle";
			remoteRef = A2087A591D8580940076BB5E /* PBXContainerItemProxy */;
			sourceTree = BUILT_PRODUCTS_DIR;
		};
		A2087A5C1D8580940076BB5E /* SwiftyVKResources-iOS.bundle */ = {
			isa = PBXReferenceProxy;
			fileType = wrapper.cfbundle;
			path = "SwiftyVKResources-iOS.bundle";
			remoteRef = A2087A5B1D8580940076BB5E /* PBXContainerItemProxy */;
			sourceTree = BUILT_PRODUCTS_DIR;
		};
/* End PBXReferenceProxy section */

/* Begin PBXResourcesBuildPhase section */
		A2527E661BD13A3B00F65412 /* Resources */ = {
			isa = PBXResourcesBuildPhase;
			buildActionMask = 2147483647;
			files = (
				A2EB6F351BD1857D008E7D86 /* testDoc.rtf in Resources */,
				A2EB6F331BD1857D008E7D86 /* testAudio.mp3 in Resources */,
				A2EB6F391BD1857D008E7D86 /* testVideo.mp4 in Resources */,
				A2EB6F371BD1857D008E7D86 /* testImage.jpg in Resources */,
				A2527E711BD13A3B00F65412 /* MainMenu.xib in Resources */,
			);
			runOnlyForDeploymentPostprocessing = 0;
		};
		A2527E781BD13A5300F65412 /* Resources */ = {
			isa = PBXResourcesBuildPhase;
			buildActionMask = 2147483647;
			files = (
				A2527EC31BD13FB600F65412 /* Back-iOS.png in Resources */,
				A2EB6F341BD1857D008E7D86 /* testAudio.mp3 in Resources */,
				A2527E871BD13A5300F65412 /* LaunchScreen.storyboard in Resources */,
				A2527E821BD13A5300F65412 /* Main.storyboard in Resources */,
				A2EB6F3A1BD1857D008E7D86 /* testVideo.mp4 in Resources */,
				A2EB6F361BD1857D008E7D86 /* testDoc.rtf in Resources */,
				A2EB6F381BD1857D008E7D86 /* testImage.jpg in Resources */,
			);
			runOnlyForDeploymentPostprocessing = 0;
		};
		A2EB712B1BD27639008E7D86 /* Resources */ = {
			isa = PBXResourcesBuildPhase;
			buildActionMask = 2147483647;
			files = (
				A2EB714D1BD27948008E7D86 /* testImage.jpg in Resources */,
				A2EB714B1BD27948008E7D86 /* testAudio.mp3 in Resources */,
				A2087AA01D85B04D0076BB5E /* error.too.many.requests.json in Resources */,
				A2087A9D1D859A1B0076BB5E /* error.missing.parameter.json in Resources */,
				A2EB714C1BD27948008E7D86 /* testDoc.rtf in Resources */,
				A2EB714E1BD27948008E7D86 /* testVideo.mp4 in Resources */,
				A2087A9A1D8590A00076BB5E /* success.users.get.json in Resources */,
			);
			runOnlyForDeploymentPostprocessing = 0;
		};
		A2EB71391BD27652008E7D86 /* Resources */ = {
			isa = PBXResourcesBuildPhase;
			buildActionMask = 2147483647;
			files = (
				A2EB71511BD27948008E7D86 /* testImage.jpg in Resources */,
				A2EB714F1BD27948008E7D86 /* testAudio.mp3 in Resources */,
				A2087AA11D85B04D0076BB5E /* error.too.many.requests.json in Resources */,
				A2087A9E1D859A1B0076BB5E /* error.missing.parameter.json in Resources */,
				A2EB71501BD27948008E7D86 /* testDoc.rtf in Resources */,
				A2EB71521BD27948008E7D86 /* testVideo.mp4 in Resources */,
				A2087A9B1D8590A00076BB5E /* success.users.get.json in Resources */,
			);
			runOnlyForDeploymentPostprocessing = 0;
		};
/* End PBXResourcesBuildPhase section */

/* Begin PBXShellScriptBuildPhase section */
		15A6C5D06BE79C45CDB0F4BE /* [CP] Copy Pods Resources */ = {
			isa = PBXShellScriptBuildPhase;
			buildActionMask = 2147483647;
			files = (
			);
			inputPaths = (
			);
			name = "[CP] Copy Pods Resources";
			outputPaths = (
			);
			runOnlyForDeploymentPostprocessing = 0;
			shellPath = /bin/sh;
			shellScript = "\"${SRCROOT}/Pods/Target Support Files/Pods-SwiftyVK-Tests-iOS/Pods-SwiftyVK-Tests-iOS-resources.sh\"\n";
			showEnvVarsInLog = 0;
		};
		5A707F55C0ACA295DF1C5DC0 /* [CP] Check Pods Manifest.lock */ = {
			isa = PBXShellScriptBuildPhase;
			buildActionMask = 2147483647;
			files = (
			);
			inputPaths = (
			);
			name = "[CP] Check Pods Manifest.lock";
			outputPaths = (
			);
			runOnlyForDeploymentPostprocessing = 0;
			shellPath = /bin/sh;
			shellScript = "diff \"${PODS_ROOT}/../Podfile.lock\" \"${PODS_ROOT}/Manifest.lock\" > /dev/null\nif [ $? != 0 ] ; then\n    # print error to STDERR\n    echo \"error: The sandbox is not in sync with the Podfile.lock. Run 'pod install' or update your CocoaPods installation.\" >&2\n    exit 1\nfi\n";
			showEnvVarsInLog = 0;
		};
		6580556522FCD431F684C344 /* [CP] Copy Pods Resources */ = {
			isa = PBXShellScriptBuildPhase;
			buildActionMask = 2147483647;
			files = (
			);
			inputPaths = (
			);
			name = "[CP] Copy Pods Resources";
			outputPaths = (
			);
			runOnlyForDeploymentPostprocessing = 0;
			shellPath = /bin/sh;
			shellScript = "\"${SRCROOT}/Pods/Target Support Files/Pods-SwiftyVK-Tests-OSX/Pods-SwiftyVK-Tests-OSX-resources.sh\"\n";
			showEnvVarsInLog = 0;
		};
		87EE674AEC79B75BB80C59FC /* [CP] Check Pods Manifest.lock */ = {
			isa = PBXShellScriptBuildPhase;
			buildActionMask = 2147483647;
			files = (
			);
			inputPaths = (
			);
			name = "[CP] Check Pods Manifest.lock";
			outputPaths = (
			);
			runOnlyForDeploymentPostprocessing = 0;
			shellPath = /bin/sh;
			shellScript = "diff \"${PODS_ROOT}/../Podfile.lock\" \"${PODS_ROOT}/Manifest.lock\" > /dev/null\nif [ $? != 0 ] ; then\n    # print error to STDERR\n    echo \"error: The sandbox is not in sync with the Podfile.lock. Run 'pod install' or update your CocoaPods installation.\" >&2\n    exit 1\nfi\n";
			showEnvVarsInLog = 0;
		};
		A3398283A6ABC33944E72D3D /* [CP] Embed Pods Frameworks */ = {
			isa = PBXShellScriptBuildPhase;
			buildActionMask = 2147483647;
			files = (
			);
			inputPaths = (
			);
			name = "[CP] Embed Pods Frameworks";
			outputPaths = (
			);
			runOnlyForDeploymentPostprocessing = 0;
			shellPath = /bin/sh;
			shellScript = "\"${SRCROOT}/Pods/Target Support Files/Pods-SwiftyVK-Tests-iOS/Pods-SwiftyVK-Tests-iOS-frameworks.sh\"\n";
			showEnvVarsInLog = 0;
		};
		C24027A5A5B9415A3E6E67C7 /* [CP] Embed Pods Frameworks */ = {
			isa = PBXShellScriptBuildPhase;
			buildActionMask = 2147483647;
			files = (
			);
			inputPaths = (
			);
			name = "[CP] Embed Pods Frameworks";
			outputPaths = (
			);
			runOnlyForDeploymentPostprocessing = 0;
			shellPath = /bin/sh;
			shellScript = "\"${SRCROOT}/Pods/Target Support Files/Pods-SwiftyVK-Tests-OSX/Pods-SwiftyVK-Tests-OSX-frameworks.sh\"\n";
			showEnvVarsInLog = 0;
		};
/* End PBXShellScriptBuildPhase section */

/* Begin PBXSourcesBuildPhase section */
		A2527E641BD13A3B00F65412 /* Sources */ = {
			isa = PBXSourcesBuildPhase;
			buildActionMask = 2147483647;
			files = (
				A2527EBD1BD13F7E00F65412 /* APIWorker.swift in Sources */,
				A2527E6C1BD13A3B00F65412 /* AppDelegate-OSX.swift in Sources */,
				A227371D1CF462F60042868A /* VKDelegateImpl.swift in Sources */,
			);
			runOnlyForDeploymentPostprocessing = 0;
		};
		A2527E761BD13A5300F65412 /* Sources */ = {
			isa = PBXSourcesBuildPhase;
			buildActionMask = 2147483647;
			files = (
				A2527E7F1BD13A5300F65412 /* ViewController.swift in Sources */,
				A22737201CF466100042868A /* VKDelegateImpl.swift in Sources */,
				A2527EBE1BD13F7E00F65412 /* APIWorker.swift in Sources */,
				A2527E7D1BD13A5300F65412 /* AppDelegate-iOS.swift in Sources */,
			);
			runOnlyForDeploymentPostprocessing = 0;
		};
		A2EB71291BD27639008E7D86 /* Sources */ = {
			isa = PBXSourcesBuildPhase;
			buildActionMask = 2147483647;
			files = (
				A2EB71471BD27840008E7D86 /* Upload_Tests.swift in Sources */,
				A234A4031BE29DAD00856CA5 /* Misc_Tests.swift in Sources */,
				A24D10971C574D29008263B0 /* VKTestsCase.swift in Sources */,
				A2ACF04F1D53A61900438BB2 /* UI_Tests.swift in Sources */,
				A2EB71461BD27840008E7D86 /* Request_Tests.swift in Sources */,
			);
			runOnlyForDeploymentPostprocessing = 0;
		};
		A2EB71371BD27652008E7D86 /* Sources */ = {
			isa = PBXSourcesBuildPhase;
			buildActionMask = 2147483647;
			files = (
				A2EB714A1BD27841008E7D86 /* Upload_Tests.swift in Sources */,
				A234A4041BE29DAD00856CA5 /* Misc_Tests.swift in Sources */,
				A24D10981C574D2A008263B0 /* VKTestsCase.swift in Sources */,
				A2ACF0521D53A61900438BB2 /* UI_Tests.swift in Sources */,
				A2EB71491BD27841008E7D86 /* Request_Tests.swift in Sources */,
			);
			runOnlyForDeploymentPostprocessing = 0;
		};
/* End PBXSourcesBuildPhase section */

/* Begin PBXTargetDependency section */
		A2EB71331BD27639008E7D86 /* PBXTargetDependency */ = {
			isa = PBXTargetDependency;
			target = A2527E671BD13A3B00F65412 /* SwiftyVK-Example-OSX */;
			targetProxy = A2EB71321BD27639008E7D86 /* PBXContainerItemProxy */;
		};
		A2EB71411BD27652008E7D86 /* PBXTargetDependency */ = {
			isa = PBXTargetDependency;
			target = A2527E791BD13A5300F65412 /* SwiftyVK-Example-iOS */;
			targetProxy = A2EB71401BD27652008E7D86 /* PBXContainerItemProxy */;
		};
/* End PBXTargetDependency section */

/* Begin PBXVariantGroup section */
		A2527E6F1BD13A3B00F65412 /* MainMenu.xib */ = {
			isa = PBXVariantGroup;
			children = (
				A2527E701BD13A3B00F65412 /* Base */,
				A2EB6F3B1BD186F9008E7D86 /* ru */,
				A234A41C1BE354A200856CA5 /* de */,
				A234A41F1BE354B400856CA5 /* es */,
				A234A4221BE354CF00856CA5 /* uk */,
				A234A4251BE354D800856CA5 /* it */,
				A234A4281BE354E500856CA5 /* be */,
				A234A42B1BE354FD00856CA5 /* fi */,
			);
			name = MainMenu.xib;
			sourceTree = "<group>";
		};
		A2527E801BD13A5300F65412 /* Main.storyboard */ = {
			isa = PBXVariantGroup;
			children = (
				A2527E811BD13A5300F65412 /* Base */,
				A2EB6F3C1BD186F9008E7D86 /* ru */,
				A234A41D1BE354A200856CA5 /* de */,
				A234A4201BE354B400856CA5 /* es */,
				A234A4231BE354CF00856CA5 /* uk */,
				A234A4261BE354D800856CA5 /* it */,
				A234A4291BE354E500856CA5 /* be */,
				A234A42C1BE354FD00856CA5 /* fi */,
			);
			name = Main.storyboard;
			sourceTree = "<group>";
		};
		A2527E851BD13A5300F65412 /* LaunchScreen.storyboard */ = {
			isa = PBXVariantGroup;
			children = (
				A2527E861BD13A5300F65412 /* Base */,
				A2EB6F3D1BD186F9008E7D86 /* ru */,
				A234A41E1BE354A200856CA5 /* de */,
				A234A4211BE354B400856CA5 /* es */,
				A234A4241BE354CF00856CA5 /* uk */,
				A234A4271BE354D800856CA5 /* it */,
				A234A42A1BE354E500856CA5 /* be */,
				A234A42D1BE354FD00856CA5 /* fi */,
			);
			name = LaunchScreen.storyboard;
			sourceTree = "<group>";
		};
/* End PBXVariantGroup section */

/* Begin XCBuildConfiguration section */
		A2527E5F1BD139E200F65412 /* Debug */ = {
			isa = XCBuildConfiguration;
			buildSettings = {
				CLANG_ANALYZER_LOCALIZABILITY_NONLOCALIZED = YES;
				CLANG_WARN_BOOL_CONVERSION = YES;
				CLANG_WARN_CONSTANT_CONVERSION = YES;
				CLANG_WARN_EMPTY_BODY = YES;
				CLANG_WARN_ENUM_CONVERSION = YES;
				CLANG_WARN_INT_CONVERSION = YES;
				CLANG_WARN_UNREACHABLE_CODE = YES;
				CLANG_WARN__DUPLICATE_METHOD_MATCH = YES;
				ENABLE_STRICT_OBJC_MSGSEND = YES;
				ENABLE_TESTABILITY = YES;
				GCC_NO_COMMON_BLOCKS = YES;
				GCC_WARN_64_TO_32_BIT_CONVERSION = YES;
				GCC_WARN_ABOUT_RETURN_TYPE = YES;
				GCC_WARN_UNDECLARED_SELECTOR = YES;
				GCC_WARN_UNINITIALIZED_AUTOS = YES;
				GCC_WARN_UNUSED_FUNCTION = YES;
				GCC_WARN_UNUSED_VARIABLE = YES;
				IPHONEOS_DEPLOYMENT_TARGET = 9.0;
				MACOSX_DEPLOYMENT_TARGET = 10.11;
				ONLY_ACTIVE_ARCH = YES;
			};
			name = Debug;
		};
		A2527E601BD139E200F65412 /* Release */ = {
			isa = XCBuildConfiguration;
			buildSettings = {
				CLANG_ANALYZER_LOCALIZABILITY_NONLOCALIZED = YES;
				CLANG_WARN_BOOL_CONVERSION = YES;
				CLANG_WARN_CONSTANT_CONVERSION = YES;
				CLANG_WARN_EMPTY_BODY = YES;
				CLANG_WARN_ENUM_CONVERSION = YES;
				CLANG_WARN_INT_CONVERSION = YES;
				CLANG_WARN_UNREACHABLE_CODE = YES;
				CLANG_WARN__DUPLICATE_METHOD_MATCH = YES;
				ENABLE_STRICT_OBJC_MSGSEND = YES;
				GCC_NO_COMMON_BLOCKS = YES;
				GCC_WARN_64_TO_32_BIT_CONVERSION = YES;
				GCC_WARN_ABOUT_RETURN_TYPE = YES;
				GCC_WARN_UNDECLARED_SELECTOR = YES;
				GCC_WARN_UNINITIALIZED_AUTOS = YES;
				GCC_WARN_UNUSED_FUNCTION = YES;
				GCC_WARN_UNUSED_VARIABLE = YES;
				IPHONEOS_DEPLOYMENT_TARGET = 9.0;
				MACOSX_DEPLOYMENT_TARGET = 10.11;
			};
			name = Release;
		};
		A2527E741BD13A3B00F65412 /* Debug */ = {
			isa = XCBuildConfiguration;
			buildSettings = {
				ALWAYS_EMBED_SWIFT_STANDARD_LIBRARIES = YES;
				ALWAYS_SEARCH_USER_PATHS = NO;
				CLANG_CXX_LANGUAGE_STANDARD = "gnu++0x";
				CLANG_CXX_LIBRARY = "libc++";
				CLANG_ENABLE_MODULES = YES;
				CLANG_ENABLE_OBJC_ARC = YES;
				CLANG_WARN_BOOL_CONVERSION = YES;
				CLANG_WARN_CONSTANT_CONVERSION = YES;
				CLANG_WARN_DIRECT_OBJC_ISA_USAGE = YES_ERROR;
				CLANG_WARN_EMPTY_BODY = YES;
				CLANG_WARN_ENUM_CONVERSION = YES;
				CLANG_WARN_INT_CONVERSION = YES;
				CLANG_WARN_OBJC_ROOT_CLASS = YES_ERROR;
				CLANG_WARN_UNREACHABLE_CODE = YES;
				CLANG_WARN__DUPLICATE_METHOD_MATCH = YES;
				"CODE_SIGN_IDENTITY[sdk=macosx*]" = "Mac Developer";
				COMBINE_HIDPI_IMAGES = YES;
				COPY_PHASE_STRIP = NO;
				DEBUG_INFORMATION_FORMAT = dwarf;
				ENABLE_STRICT_OBJC_MSGSEND = YES;
				ENABLE_TESTABILITY = YES;
				GCC_C_LANGUAGE_STANDARD = gnu99;
				GCC_DYNAMIC_NO_PIC = NO;
				GCC_NO_COMMON_BLOCKS = YES;
				GCC_OPTIMIZATION_LEVEL = 0;
				GCC_PREPROCESSOR_DEFINITIONS = (
					"DEBUG=1",
					"$(inherited)",
				);
				GCC_WARN_64_TO_32_BIT_CONVERSION = YES;
				GCC_WARN_ABOUT_RETURN_TYPE = YES_ERROR;
				GCC_WARN_UNDECLARED_SELECTOR = YES;
				GCC_WARN_UNINITIALIZED_AUTOS = YES_AGGRESSIVE;
				GCC_WARN_UNUSED_FUNCTION = YES;
				GCC_WARN_UNUSED_VARIABLE = YES;
				INFOPLIST_FILE = OSX/Info.plist;
				LD_RUNPATH_SEARCH_PATHS = "$(inherited) @executable_path/../Frameworks";
				MACOSX_DEPLOYMENT_TARGET = 10.11;
				MTL_ENABLE_DEBUG_INFO = YES;
				ONLY_ACTIVE_ARCH = YES;
				PRODUCT_BUNDLE_IDENTIFIER = "WE-St0r.SwiftyVK-Example-OSX";
				PRODUCT_NAME = "~SwiftyVK~";
				PROVISIONING_PROFILE = "";
				SDKROOT = macosx;
				SWIFT_OPTIMIZATION_LEVEL = "-Onone";
				SWIFT_VERSION = 3.0;
			};
			name = Debug;
		};
		A2527E751BD13A3B00F65412 /* Release */ = {
			isa = XCBuildConfiguration;
			buildSettings = {
				ALWAYS_EMBED_SWIFT_STANDARD_LIBRARIES = YES;
				ALWAYS_SEARCH_USER_PATHS = NO;
				CLANG_CXX_LANGUAGE_STANDARD = "gnu++0x";
				CLANG_CXX_LIBRARY = "libc++";
				CLANG_ENABLE_MODULES = YES;
				CLANG_ENABLE_OBJC_ARC = YES;
				CLANG_WARN_BOOL_CONVERSION = YES;
				CLANG_WARN_CONSTANT_CONVERSION = YES;
				CLANG_WARN_DIRECT_OBJC_ISA_USAGE = YES_ERROR;
				CLANG_WARN_EMPTY_BODY = YES;
				CLANG_WARN_ENUM_CONVERSION = YES;
				CLANG_WARN_INT_CONVERSION = YES;
				CLANG_WARN_OBJC_ROOT_CLASS = YES_ERROR;
				CLANG_WARN_UNREACHABLE_CODE = YES;
				CLANG_WARN__DUPLICATE_METHOD_MATCH = YES;
				"CODE_SIGN_IDENTITY[sdk=macosx*]" = "Mac Developer";
				COMBINE_HIDPI_IMAGES = YES;
				COPY_PHASE_STRIP = NO;
				DEBUG_INFORMATION_FORMAT = "dwarf-with-dsym";
				ENABLE_NS_ASSERTIONS = NO;
				ENABLE_STRICT_OBJC_MSGSEND = YES;
				GCC_C_LANGUAGE_STANDARD = gnu99;
				GCC_NO_COMMON_BLOCKS = YES;
				GCC_WARN_64_TO_32_BIT_CONVERSION = YES;
				GCC_WARN_ABOUT_RETURN_TYPE = YES_ERROR;
				GCC_WARN_UNDECLARED_SELECTOR = YES;
				GCC_WARN_UNINITIALIZED_AUTOS = YES_AGGRESSIVE;
				GCC_WARN_UNUSED_FUNCTION = YES;
				GCC_WARN_UNUSED_VARIABLE = YES;
				INFOPLIST_FILE = OSX/Info.plist;
				LD_RUNPATH_SEARCH_PATHS = "$(inherited) @executable_path/../Frameworks";
				MACOSX_DEPLOYMENT_TARGET = 10.11;
				MTL_ENABLE_DEBUG_INFO = NO;
				PRODUCT_BUNDLE_IDENTIFIER = "WE-St0r.SwiftyVK-Example-OSX";
				PRODUCT_NAME = "~SwiftyVK~";
				PROVISIONING_PROFILE = "";
				SDKROOT = macosx;
				SWIFT_OPTIMIZATION_LEVEL = "-Owholemodule";
				SWIFT_VERSION = 3.0;
			};
			name = Release;
		};
		A2527E8A1BD13A5300F65412 /* Debug */ = {
			isa = XCBuildConfiguration;
			buildSettings = {
				ALWAYS_EMBED_SWIFT_STANDARD_LIBRARIES = YES;
				ALWAYS_SEARCH_USER_PATHS = NO;
				CLANG_CXX_LANGUAGE_STANDARD = "gnu++0x";
				CLANG_CXX_LIBRARY = "libc++";
				CLANG_ENABLE_MODULES = YES;
				CLANG_ENABLE_OBJC_ARC = YES;
				CLANG_WARN_BOOL_CONVERSION = YES;
				CLANG_WARN_CONSTANT_CONVERSION = YES;
				CLANG_WARN_DIRECT_OBJC_ISA_USAGE = YES_ERROR;
				CLANG_WARN_EMPTY_BODY = YES;
				CLANG_WARN_ENUM_CONVERSION = YES;
				CLANG_WARN_INT_CONVERSION = YES;
				CLANG_WARN_OBJC_ROOT_CLASS = YES_ERROR;
				CLANG_WARN_UNREACHABLE_CODE = YES;
				CLANG_WARN__DUPLICATE_METHOD_MATCH = YES;
				CODE_SIGN_IDENTITY = "iPhone Developer";
				"CODE_SIGN_IDENTITY[sdk=iphoneos*]" = "iPhone Developer";
				COPY_PHASE_STRIP = NO;
				DEBUG_INFORMATION_FORMAT = dwarf;
				DEVELOPMENT_TEAM = 842SSJ357W;
				ENABLE_STRICT_OBJC_MSGSEND = YES;
				ENABLE_TESTABILITY = YES;
				GCC_C_LANGUAGE_STANDARD = gnu99;
				GCC_DYNAMIC_NO_PIC = NO;
				GCC_NO_COMMON_BLOCKS = YES;
				GCC_OPTIMIZATION_LEVEL = 0;
				GCC_PREPROCESSOR_DEFINITIONS = (
					"DEBUG=1",
					"$(inherited)",
				);
				GCC_WARN_64_TO_32_BIT_CONVERSION = YES;
				GCC_WARN_ABOUT_RETURN_TYPE = YES_ERROR;
				GCC_WARN_UNDECLARED_SELECTOR = YES;
				GCC_WARN_UNINITIALIZED_AUTOS = YES_AGGRESSIVE;
				GCC_WARN_UNUSED_FUNCTION = YES;
				GCC_WARN_UNUSED_VARIABLE = YES;
				INFOPLIST_FILE = iOS/Info.plist;
				IPHONEOS_DEPLOYMENT_TARGET = 9.0;
				LD_RUNPATH_SEARCH_PATHS = "$(inherited) @executable_path/Frameworks";
				MTL_ENABLE_DEBUG_INFO = YES;
				ONLY_ACTIVE_ARCH = YES;
				PRODUCT_BUNDLE_IDENTIFIER = "WE-St0r.SwiftyVK-Example-iOS-";
				PRODUCT_NAME = "~SwiftyVK~";
				SDKROOT = iphoneos;
				SWIFT_OPTIMIZATION_LEVEL = "-Onone";
				SWIFT_VERSION = 3.0;
				TARGETED_DEVICE_FAMILY = "1,2";
			};
			name = Debug;
		};
		A2527E8B1BD13A5300F65412 /* Release */ = {
			isa = XCBuildConfiguration;
			buildSettings = {
				ALWAYS_EMBED_SWIFT_STANDARD_LIBRARIES = YES;
				ALWAYS_SEARCH_USER_PATHS = NO;
				CLANG_CXX_LANGUAGE_STANDARD = "gnu++0x";
				CLANG_CXX_LIBRARY = "libc++";
				CLANG_ENABLE_MODULES = YES;
				CLANG_ENABLE_OBJC_ARC = YES;
				CLANG_WARN_BOOL_CONVERSION = YES;
				CLANG_WARN_CONSTANT_CONVERSION = YES;
				CLANG_WARN_DIRECT_OBJC_ISA_USAGE = YES_ERROR;
				CLANG_WARN_EMPTY_BODY = YES;
				CLANG_WARN_ENUM_CONVERSION = YES;
				CLANG_WARN_INT_CONVERSION = YES;
				CLANG_WARN_OBJC_ROOT_CLASS = YES_ERROR;
				CLANG_WARN_UNREACHABLE_CODE = YES;
				CLANG_WARN__DUPLICATE_METHOD_MATCH = YES;
				CODE_SIGN_IDENTITY = "iPhone Developer";
				"CODE_SIGN_IDENTITY[sdk=iphoneos*]" = "iPhone Developer";
				COPY_PHASE_STRIP = NO;
				DEBUG_INFORMATION_FORMAT = "dwarf-with-dsym";
				DEVELOPMENT_TEAM = 842SSJ357W;
				ENABLE_NS_ASSERTIONS = NO;
				ENABLE_STRICT_OBJC_MSGSEND = YES;
				GCC_C_LANGUAGE_STANDARD = gnu99;
				GCC_NO_COMMON_BLOCKS = YES;
				GCC_WARN_64_TO_32_BIT_CONVERSION = YES;
				GCC_WARN_ABOUT_RETURN_TYPE = YES_ERROR;
				GCC_WARN_UNDECLARED_SELECTOR = YES;
				GCC_WARN_UNINITIALIZED_AUTOS = YES_AGGRESSIVE;
				GCC_WARN_UNUSED_FUNCTION = YES;
				GCC_WARN_UNUSED_VARIABLE = YES;
				INFOPLIST_FILE = iOS/Info.plist;
				IPHONEOS_DEPLOYMENT_TARGET = 9.0;
				LD_RUNPATH_SEARCH_PATHS = "$(inherited) @executable_path/Frameworks";
				MTL_ENABLE_DEBUG_INFO = NO;
				PRODUCT_BUNDLE_IDENTIFIER = "WE-St0r.SwiftyVK-Example-iOS-";
				PRODUCT_NAME = "~SwiftyVK~";
				SDKROOT = iphoneos;
				SWIFT_OPTIMIZATION_LEVEL = "-Owholemodule";
				SWIFT_VERSION = 3.0;
				TARGETED_DEVICE_FAMILY = "1,2";
				VALIDATE_PRODUCT = YES;
			};
			name = Release;
		};
		A2EB71351BD27639008E7D86 /* Debug */ = {
			isa = XCBuildConfiguration;
			baseConfigurationReference = F1AA4B9587A70A6F8399C6B5 /* Pods-SwiftyVK-Tests-OSX.debug.xcconfig */;
			buildSettings = {
				ALWAYS_SEARCH_USER_PATHS = NO;
				BUNDLE_LOADER = "$(TEST_HOST)";
				CLANG_CXX_LANGUAGE_STANDARD = "gnu++0x";
				CLANG_CXX_LIBRARY = "libc++";
				CLANG_ENABLE_MODULES = YES;
				CLANG_ENABLE_OBJC_ARC = YES;
				CLANG_WARN_BOOL_CONVERSION = YES;
				CLANG_WARN_CONSTANT_CONVERSION = YES;
				CLANG_WARN_DIRECT_OBJC_ISA_USAGE = YES_ERROR;
				CLANG_WARN_EMPTY_BODY = YES;
				CLANG_WARN_ENUM_CONVERSION = YES;
				CLANG_WARN_INT_CONVERSION = YES;
				CLANG_WARN_OBJC_ROOT_CLASS = YES_ERROR;
				CLANG_WARN_UNREACHABLE_CODE = YES;
				CLANG_WARN__DUPLICATE_METHOD_MATCH = YES;
				CODE_SIGN_IDENTITY = "-";
				COMBINE_HIDPI_IMAGES = YES;
				COPY_PHASE_STRIP = NO;
				DEBUG_INFORMATION_FORMAT = dwarf;
				ENABLE_STRICT_OBJC_MSGSEND = YES;
				ENABLE_TESTABILITY = YES;
				GCC_C_LANGUAGE_STANDARD = gnu99;
				GCC_DYNAMIC_NO_PIC = NO;
				GCC_NO_COMMON_BLOCKS = YES;
				GCC_OPTIMIZATION_LEVEL = 0;
				GCC_PREPROCESSOR_DEFINITIONS = (
					"DEBUG=1",
					"$(inherited)",
				);
				GCC_WARN_64_TO_32_BIT_CONVERSION = YES;
				GCC_WARN_ABOUT_RETURN_TYPE = YES_ERROR;
				GCC_WARN_UNDECLARED_SELECTOR = YES;
				GCC_WARN_UNINITIALIZED_AUTOS = YES_AGGRESSIVE;
				GCC_WARN_UNUSED_FUNCTION = YES;
				GCC_WARN_UNUSED_VARIABLE = YES;
				INFOPLIST_FILE = "Resources/test-Info.plist";
				LD_RUNPATH_SEARCH_PATHS = "$(inherited) @executable_path/../Frameworks @loader_path/../Frameworks";
				MACOSX_DEPLOYMENT_TARGET = 10.11;
				MTL_ENABLE_DEBUG_INFO = YES;
				ONLY_ACTIVE_ARCH = YES;
				PRODUCT_BUNDLE_IDENTIFIER = "WE-St0r.SwiftyVK-Tests-OSX";
				PRODUCT_NAME = "$(TARGET_NAME)";
				SDKROOT = macosx;
				SWIFT_OPTIMIZATION_LEVEL = "-Onone";
				SWIFT_VERSION = 3.0;
				TEST_HOST = "$(BUILT_PRODUCTS_DIR)/~SwiftyVK~.app/Contents/MacOS/~SwiftyVK~";
			};
			name = Debug;
		};
		A2EB71361BD27639008E7D86 /* Release */ = {
			isa = XCBuildConfiguration;
			baseConfigurationReference = 175AED8C9FD8BB2D248EF6EF /* Pods-SwiftyVK-Tests-OSX.release.xcconfig */;
			buildSettings = {
				ALWAYS_SEARCH_USER_PATHS = NO;
				BUNDLE_LOADER = "$(TEST_HOST)";
				CLANG_CXX_LANGUAGE_STANDARD = "gnu++0x";
				CLANG_CXX_LIBRARY = "libc++";
				CLANG_ENABLE_MODULES = YES;
				CLANG_ENABLE_OBJC_ARC = YES;
				CLANG_WARN_BOOL_CONVERSION = YES;
				CLANG_WARN_CONSTANT_CONVERSION = YES;
				CLANG_WARN_DIRECT_OBJC_ISA_USAGE = YES_ERROR;
				CLANG_WARN_EMPTY_BODY = YES;
				CLANG_WARN_ENUM_CONVERSION = YES;
				CLANG_WARN_INT_CONVERSION = YES;
				CLANG_WARN_OBJC_ROOT_CLASS = YES_ERROR;
				CLANG_WARN_UNREACHABLE_CODE = YES;
				CLANG_WARN__DUPLICATE_METHOD_MATCH = YES;
				CODE_SIGN_IDENTITY = "-";
				COMBINE_HIDPI_IMAGES = YES;
				COPY_PHASE_STRIP = NO;
				DEBUG_INFORMATION_FORMAT = "dwarf-with-dsym";
				ENABLE_NS_ASSERTIONS = NO;
				ENABLE_STRICT_OBJC_MSGSEND = YES;
				GCC_C_LANGUAGE_STANDARD = gnu99;
				GCC_NO_COMMON_BLOCKS = YES;
				GCC_WARN_64_TO_32_BIT_CONVERSION = YES;
				GCC_WARN_ABOUT_RETURN_TYPE = YES_ERROR;
				GCC_WARN_UNDECLARED_SELECTOR = YES;
				GCC_WARN_UNINITIALIZED_AUTOS = YES_AGGRESSIVE;
				GCC_WARN_UNUSED_FUNCTION = YES;
				GCC_WARN_UNUSED_VARIABLE = YES;
				INFOPLIST_FILE = "Resources/test-Info.plist";
				LD_RUNPATH_SEARCH_PATHS = "$(inherited) @executable_path/../Frameworks @loader_path/../Frameworks";
				MACOSX_DEPLOYMENT_TARGET = 10.11;
				MTL_ENABLE_DEBUG_INFO = NO;
				PRODUCT_BUNDLE_IDENTIFIER = "WE-St0r.SwiftyVK-Tests-OSX";
				PRODUCT_NAME = "$(TARGET_NAME)";
				SDKROOT = macosx;
				SWIFT_OPTIMIZATION_LEVEL = "-Owholemodule";
				SWIFT_VERSION = 3.0;
				TEST_HOST = "$(BUILT_PRODUCTS_DIR)/~SwiftyVK~.app/Contents/MacOS/~SwiftyVK~";
			};
			name = Release;
		};
		A2EB71431BD27652008E7D86 /* Debug */ = {
			isa = XCBuildConfiguration;
			baseConfigurationReference = 6FBD119E16460EFD57256178 /* Pods-SwiftyVK-Tests-iOS.debug.xcconfig */;
			buildSettings = {
				ALWAYS_SEARCH_USER_PATHS = NO;
				BUNDLE_LOADER = "$(TEST_HOST)";
				CLANG_CXX_LANGUAGE_STANDARD = "gnu++0x";
				CLANG_CXX_LIBRARY = "libc++";
				CLANG_ENABLE_MODULES = YES;
				CLANG_ENABLE_OBJC_ARC = YES;
				CLANG_WARN_BOOL_CONVERSION = YES;
				CLANG_WARN_CONSTANT_CONVERSION = YES;
				CLANG_WARN_DIRECT_OBJC_ISA_USAGE = YES_ERROR;
				CLANG_WARN_EMPTY_BODY = YES;
				CLANG_WARN_ENUM_CONVERSION = YES;
				CLANG_WARN_INT_CONVERSION = YES;
				CLANG_WARN_OBJC_ROOT_CLASS = YES_ERROR;
				CLANG_WARN_UNREACHABLE_CODE = YES;
				CLANG_WARN__DUPLICATE_METHOD_MATCH = YES;
				"CODE_SIGN_IDENTITY[sdk=iphoneos*]" = "iPhone Developer";
				COPY_PHASE_STRIP = NO;
				DEBUG_INFORMATION_FORMAT = dwarf;
				ENABLE_STRICT_OBJC_MSGSEND = YES;
				ENABLE_TESTABILITY = YES;
				GCC_C_LANGUAGE_STANDARD = gnu99;
				GCC_DYNAMIC_NO_PIC = NO;
				GCC_NO_COMMON_BLOCKS = YES;
				GCC_OPTIMIZATION_LEVEL = 0;
				GCC_PREPROCESSOR_DEFINITIONS = (
					"DEBUG=1",
					"$(inherited)",
				);
				GCC_WARN_64_TO_32_BIT_CONVERSION = YES;
				GCC_WARN_ABOUT_RETURN_TYPE = YES_ERROR;
				GCC_WARN_UNDECLARED_SELECTOR = YES;
				GCC_WARN_UNINITIALIZED_AUTOS = YES_AGGRESSIVE;
				GCC_WARN_UNUSED_FUNCTION = YES;
				GCC_WARN_UNUSED_VARIABLE = YES;
				INFOPLIST_FILE = "Resources/test-Info.plist";
				IPHONEOS_DEPLOYMENT_TARGET = 9.1;
				LD_RUNPATH_SEARCH_PATHS = "$(inherited) @executable_path/Frameworks @loader_path/Frameworks";
				MTL_ENABLE_DEBUG_INFO = YES;
				ONLY_ACTIVE_ARCH = YES;
				PRODUCT_BUNDLE_IDENTIFIER = "WE-St0r.SwiftyVK-Tests-iOS";
				PRODUCT_NAME = "$(TARGET_NAME)";
				SDKROOT = iphoneos;
				SWIFT_OPTIMIZATION_LEVEL = "-Onone";
				SWIFT_VERSION = 3.0;
				TEST_HOST = "$(BUILT_PRODUCTS_DIR)/~SwiftyVK~.app/~SwiftyVK~";
			};
			name = Debug;
		};
		A2EB71441BD27652008E7D86 /* Release */ = {
			isa = XCBuildConfiguration;
			baseConfigurationReference = 7127B6B250B5FCCA096AA2C7 /* Pods-SwiftyVK-Tests-iOS.release.xcconfig */;
			buildSettings = {
				ALWAYS_SEARCH_USER_PATHS = NO;
				BUNDLE_LOADER = "$(TEST_HOST)";
				CLANG_CXX_LANGUAGE_STANDARD = "gnu++0x";
				CLANG_CXX_LIBRARY = "libc++";
				CLANG_ENABLE_MODULES = YES;
				CLANG_ENABLE_OBJC_ARC = YES;
				CLANG_WARN_BOOL_CONVERSION = YES;
				CLANG_WARN_CONSTANT_CONVERSION = YES;
				CLANG_WARN_DIRECT_OBJC_ISA_USAGE = YES_ERROR;
				CLANG_WARN_EMPTY_BODY = YES;
				CLANG_WARN_ENUM_CONVERSION = YES;
				CLANG_WARN_INT_CONVERSION = YES;
				CLANG_WARN_OBJC_ROOT_CLASS = YES_ERROR;
				CLANG_WARN_UNREACHABLE_CODE = YES;
				CLANG_WARN__DUPLICATE_METHOD_MATCH = YES;
				"CODE_SIGN_IDENTITY[sdk=iphoneos*]" = "iPhone Developer";
				COPY_PHASE_STRIP = NO;
				DEBUG_INFORMATION_FORMAT = "dwarf-with-dsym";
				ENABLE_NS_ASSERTIONS = NO;
				ENABLE_STRICT_OBJC_MSGSEND = YES;
				GCC_C_LANGUAGE_STANDARD = gnu99;
				GCC_NO_COMMON_BLOCKS = YES;
				GCC_WARN_64_TO_32_BIT_CONVERSION = YES;
				GCC_WARN_ABOUT_RETURN_TYPE = YES_ERROR;
				GCC_WARN_UNDECLARED_SELECTOR = YES;
				GCC_WARN_UNINITIALIZED_AUTOS = YES_AGGRESSIVE;
				GCC_WARN_UNUSED_FUNCTION = YES;
				GCC_WARN_UNUSED_VARIABLE = YES;
				INFOPLIST_FILE = "Resources/test-Info.plist";
				IPHONEOS_DEPLOYMENT_TARGET = 9.1;
				LD_RUNPATH_SEARCH_PATHS = "$(inherited) @executable_path/Frameworks @loader_path/Frameworks";
				MTL_ENABLE_DEBUG_INFO = NO;
				PRODUCT_BUNDLE_IDENTIFIER = "WE-St0r.SwiftyVK-Tests-iOS";
				PRODUCT_NAME = "$(TARGET_NAME)";
				SDKROOT = iphoneos;
				SWIFT_OPTIMIZATION_LEVEL = "-Owholemodule";
				SWIFT_VERSION = 3.0;
				TEST_HOST = "$(BUILT_PRODUCTS_DIR)/~SwiftyVK~.app/~SwiftyVK~";
				VALIDATE_PRODUCT = YES;
			};
			name = Release;
		};
/* End XCBuildConfiguration section */

/* Begin XCConfigurationList section */
		A2527E5E1BD139E200F65412 /* Build configuration list for PBXProject "Example" */ = {
			isa = XCConfigurationList;
			buildConfigurations = (
				A2527E5F1BD139E200F65412 /* Debug */,
				A2527E601BD139E200F65412 /* Release */,
			);
			defaultConfigurationIsVisible = 0;
			defaultConfigurationName = Release;
		};
		A2527E731BD13A3B00F65412 /* Build configuration list for PBXNativeTarget "SwiftyVK-Example-OSX" */ = {
			isa = XCConfigurationList;
			buildConfigurations = (
				A2527E741BD13A3B00F65412 /* Debug */,
				A2527E751BD13A3B00F65412 /* Release */,
			);
			defaultConfigurationIsVisible = 0;
			defaultConfigurationName = Release;
		};
		A2527E891BD13A5300F65412 /* Build configuration list for PBXNativeTarget "SwiftyVK-Example-iOS" */ = {
			isa = XCConfigurationList;
			buildConfigurations = (
				A2527E8A1BD13A5300F65412 /* Debug */,
				A2527E8B1BD13A5300F65412 /* Release */,
			);
			defaultConfigurationIsVisible = 0;
			defaultConfigurationName = Release;
		};
		A2EB71341BD27639008E7D86 /* Build configuration list for PBXNativeTarget "SwiftyVK-Tests-OSX" */ = {
			isa = XCConfigurationList;
			buildConfigurations = (
				A2EB71351BD27639008E7D86 /* Debug */,
				A2EB71361BD27639008E7D86 /* Release */,
			);
			defaultConfigurationIsVisible = 0;
			defaultConfigurationName = Release;
		};
		A2EB71421BD27652008E7D86 /* Build configuration list for PBXNativeTarget "SwiftyVK-Tests-iOS" */ = {
			isa = XCConfigurationList;
			buildConfigurations = (
				A2EB71431BD27652008E7D86 /* Debug */,
				A2EB71441BD27652008E7D86 /* Release */,
			);
			defaultConfigurationIsVisible = 0;
			defaultConfigurationName = Release;
		};
/* End XCConfigurationList section */
	};
	rootObject = A2527E5B1BD139E200F65412 /* Project object */;
}
