// !$*UTF8*$!
{
	archiveVersion = 1;
	classes = {
	};
	objectVersion = 46;
	objects = {

/* Begin PBXAggregateTarget section */
		A280A8941DD0EFB0003BF914 /* SwiftyVK-Tests */ = {
			isa = PBXAggregateTarget;
			buildConfigurationList = A280A8951DD0EFB0003BF914 /* Build configuration list for PBXAggregateTarget "SwiftyVK-Tests" */;
			buildPhases = (
			);
			dependencies = (
			);
			name = "SwiftyVK-Tests";
			productName = "SwiftyVK-Tests";
		};
/* End PBXAggregateTarget section */

/* Begin PBXBuildFile section */
		A2087A5D1D8580A90076BB5E /* SwiftyVK.framework in Frameworks */ = {isa = PBXBuildFile; fileRef = A2087A561D8580940076BB5E /* SwiftyVK.framework */; };
		A2087A5E1D8580A90076BB5E /* SwiftyVK.framework in Embed Frameworks */ = {isa = PBXBuildFile; fileRef = A2087A561D8580940076BB5E /* SwiftyVK.framework */; settings = {ATTRIBUTES = (CodeSignOnCopy, RemoveHeadersOnCopy, ); }; };
		A2087A611D8580B00076BB5E /* SwiftyVK.framework in Frameworks */ = {isa = PBXBuildFile; fileRef = A2087A581D8580940076BB5E /* SwiftyVK.framework */; };
		A2087A621D8580B00076BB5E /* SwiftyVK.framework in Embed Frameworks */ = {isa = PBXBuildFile; fileRef = A2087A581D8580940076BB5E /* SwiftyVK.framework */; settings = {ATTRIBUTES = (CodeSignOnCopy, RemoveHeadersOnCopy, ); }; };
		A20DB7281DCCBA050030DFE2 /* AppDelegate.swift in Sources */ = {isa = PBXBuildFile; fileRef = A21CD49B1D98143300FF2D88 /* AppDelegate.swift */; };
		A21CD49D1D98143300FF2D88 /* AppDelegate.swift in Sources */ = {isa = PBXBuildFile; fileRef = A21CD49B1D98143300FF2D88 /* AppDelegate.swift */; };
		A22599261D8B0E05008535BE /* error.need.authorazation.json in Resources */ = {isa = PBXBuildFile; fileRef = A22599201D8B0CDD008535BE /* error.need.authorazation.json */; };
		A22599271D8B0E05008535BE /* error.need.authorazation.json in Resources */ = {isa = PBXBuildFile; fileRef = A22599201D8B0CDD008535BE /* error.need.authorazation.json */; };
		A225992C1D8B148A008535BE /* STUBS.swift in Sources */ = {isa = PBXBuildFile; fileRef = A225992B1D8B148A008535BE /* STUBS.swift */; };
		A225992D1D8B148A008535BE /* STUBS.swift in Sources */ = {isa = PBXBuildFile; fileRef = A225992B1D8B148A008535BE /* STUBS.swift */; };
		A227371D1CF462F60042868A /* VKDelegateExample.swift in Sources */ = {isa = PBXBuildFile; fileRef = A227371C1CF462F60042868A /* VKDelegateExample.swift */; };
		A22737201CF466100042868A /* VKDelegateExample.swift in Sources */ = {isa = PBXBuildFile; fileRef = A227371C1CF462F60042868A /* VKDelegateExample.swift */; };
		A234A4031BE29DAD00856CA5 /* Misc_Tests.swift in Sources */ = {isa = PBXBuildFile; fileRef = A234A4021BE29DAD00856CA5 /* Misc_Tests.swift */; };
		A234A4041BE29DAD00856CA5 /* Misc_Tests.swift in Sources */ = {isa = PBXBuildFile; fileRef = A234A4021BE29DAD00856CA5 /* Misc_Tests.swift */; };
		A238252E1D9459B20070A085 /* success.savePhoto.json in Resources */ = {isa = PBXBuildFile; fileRef = A23825281D9459280070A085 /* success.savePhoto.json */; };
		A238252F1D9459B30070A085 /* success.savePhoto.json in Resources */ = {isa = PBXBuildFile; fileRef = A23825281D9459280070A085 /* success.savePhoto.json */; };
		A23825311D945A160070A085 /* success.uploadPhoto.json in Resources */ = {isa = PBXBuildFile; fileRef = A23825301D945A160070A085 /* success.uploadPhoto.json */; };
		A23825321D945A160070A085 /* success.uploadPhoto.json in Resources */ = {isa = PBXBuildFile; fileRef = A23825301D945A160070A085 /* success.uploadPhoto.json */; };
		A23825341D945E5F0070A085 /* success.uploadPhotosToAlbum.json in Resources */ = {isa = PBXBuildFile; fileRef = A23825331D945E5F0070A085 /* success.uploadPhotosToAlbum.json */; };
		A23825351D945E5F0070A085 /* success.uploadPhotosToAlbum.json in Resources */ = {isa = PBXBuildFile; fileRef = A23825331D945E5F0070A085 /* success.uploadPhotosToAlbum.json */; };
		A23825371D94618A0070A085 /* success.uploadMarketPhoto.json in Resources */ = {isa = PBXBuildFile; fileRef = A23825361D94618A0070A085 /* success.uploadMarketPhoto.json */; };
		A23825381D94618A0070A085 /* success.uploadMarketPhoto.json in Resources */ = {isa = PBXBuildFile; fileRef = A23825361D94618A0070A085 /* success.uploadMarketPhoto.json */; };
		A238253B1D9464270070A085 /* success.uploadMarketAlbumPhoto.json in Resources */ = {isa = PBXBuildFile; fileRef = A238253A1D9464270070A085 /* success.uploadMarketAlbumPhoto.json */; };
		A238253C1D9464270070A085 /* success.uploadMarketAlbumPhoto.json in Resources */ = {isa = PBXBuildFile; fileRef = A238253A1D9464270070A085 /* success.uploadMarketAlbumPhoto.json */; };
		A24D10971C574D29008263B0 /* VKTestsCase.swift in Sources */ = {isa = PBXBuildFile; fileRef = A24D10921C574A99008263B0 /* VKTestsCase.swift */; };
		A24D10981C574D2A008263B0 /* VKTestsCase.swift in Sources */ = {isa = PBXBuildFile; fileRef = A24D10921C574A99008263B0 /* VKTestsCase.swift */; };
		A2527E711BD13A3B00F65412 /* MainMenu.xib in Resources */ = {isa = PBXBuildFile; fileRef = A2527E6F1BD13A3B00F65412 /* MainMenu.xib */; };
		A2527E7F1BD13A5300F65412 /* ViewController.swift in Sources */ = {isa = PBXBuildFile; fileRef = A2527E7E1BD13A5300F65412 /* ViewController.swift */; };
		A2527E821BD13A5300F65412 /* Main.storyboard in Resources */ = {isa = PBXBuildFile; fileRef = A2527E801BD13A5300F65412 /* Main.storyboard */; };
		A2527E871BD13A5300F65412 /* LaunchScreen.storyboard in Resources */ = {isa = PBXBuildFile; fileRef = A2527E851BD13A5300F65412 /* LaunchScreen.storyboard */; };
		A2527EBD1BD13F7E00F65412 /* APIWorker.swift in Sources */ = {isa = PBXBuildFile; fileRef = A2527EBC1BD13F7E00F65412 /* APIWorker.swift */; };
		A2527EBE1BD13F7E00F65412 /* APIWorker.swift in Sources */ = {isa = PBXBuildFile; fileRef = A2527EBC1BD13F7E00F65412 /* APIWorker.swift */; };
		A2527EC31BD13FB600F65412 /* Back-iOS.png in Resources */ = {isa = PBXBuildFile; fileRef = A2527EC11BD13FB600F65412 /* Back-iOS.png */; };
		A29B14D91D8F258F00997817 /* OHHTTPStubs.framework in Frameworks */ = {isa = PBXBuildFile; fileRef = A29B14D81D8F258F00997817 /* OHHTTPStubs.framework */; };
		A29B14DB1D8F25C700997817 /* OHHTTPStubs.framework in Frameworks */ = {isa = PBXBuildFile; fileRef = A29B14DA1D8F25C700997817 /* OHHTTPStubs.framework */; };
		A2A647E71D8D7F1900B9C2FF /* Captcha_Tests.swift in Sources */ = {isa = PBXBuildFile; fileRef = A2A647E61D8D7F1900B9C2FF /* Captcha_Tests.swift */; };
		A2A647E81D8D7F1900B9C2FF /* Captcha_Tests.swift in Sources */ = {isa = PBXBuildFile; fileRef = A2A647E61D8D7F1900B9C2FF /* Captcha_Tests.swift */; };
		A2ACF04F1D53A61900438BB2 /* Login_Tests.swift in Sources */ = {isa = PBXBuildFile; fileRef = A2EB71251BD275E5008E7D86 /* Login_Tests.swift */; };
		A2ACF0521D53A61900438BB2 /* Login_Tests.swift in Sources */ = {isa = PBXBuildFile; fileRef = A2EB71251BD275E5008E7D86 /* Login_Tests.swift */; };
		A2E993EA1D91A2EA001FF2B1 /* success.getUploadServer.json in Resources */ = {isa = PBXBuildFile; fileRef = A2E993E91D91A2EA001FF2B1 /* success.getUploadServer.json */; };
		A2E993EB1D91A2EA001FF2B1 /* success.getUploadServer.json in Resources */ = {isa = PBXBuildFile; fileRef = A2E993E91D91A2EA001FF2B1 /* success.getUploadServer.json */; };
		A2EB6F331BD1857D008E7D86 /* testAudio.mp3 in Resources */ = {isa = PBXBuildFile; fileRef = A2EB6F2D1BD1857D008E7D86 /* testAudio.mp3 */; };
		A2EB6F341BD1857D008E7D86 /* testAudio.mp3 in Resources */ = {isa = PBXBuildFile; fileRef = A2EB6F2D1BD1857D008E7D86 /* testAudio.mp3 */; };
		A2EB6F351BD1857D008E7D86 /* testDoc.rtf in Resources */ = {isa = PBXBuildFile; fileRef = A2EB6F2E1BD1857D008E7D86 /* testDoc.rtf */; };
		A2EB6F361BD1857D008E7D86 /* testDoc.rtf in Resources */ = {isa = PBXBuildFile; fileRef = A2EB6F2E1BD1857D008E7D86 /* testDoc.rtf */; };
		A2EB6F371BD1857D008E7D86 /* testImage.jpg in Resources */ = {isa = PBXBuildFile; fileRef = A2EB6F2F1BD1857D008E7D86 /* testImage.jpg */; };
		A2EB6F381BD1857D008E7D86 /* testImage.jpg in Resources */ = {isa = PBXBuildFile; fileRef = A2EB6F2F1BD1857D008E7D86 /* testImage.jpg */; };
		A2EB6F391BD1857D008E7D86 /* testVideo.mp4 in Resources */ = {isa = PBXBuildFile; fileRef = A2EB6F301BD1857D008E7D86 /* testVideo.mp4 */; };
		A2EB6F3A1BD1857D008E7D86 /* testVideo.mp4 in Resources */ = {isa = PBXBuildFile; fileRef = A2EB6F301BD1857D008E7D86 /* testVideo.mp4 */; };
		A2EB71461BD27840008E7D86 /* Request_Tests.swift in Sources */ = {isa = PBXBuildFile; fileRef = A2EB71261BD275E5008E7D86 /* Request_Tests.swift */; };
		A2EB71471BD27840008E7D86 /* Upload_Tests.swift in Sources */ = {isa = PBXBuildFile; fileRef = A2EB71271BD275E5008E7D86 /* Upload_Tests.swift */; };
		A2EB71491BD27841008E7D86 /* Request_Tests.swift in Sources */ = {isa = PBXBuildFile; fileRef = A2EB71261BD275E5008E7D86 /* Request_Tests.swift */; };
		A2EB714A1BD27841008E7D86 /* Upload_Tests.swift in Sources */ = {isa = PBXBuildFile; fileRef = A2EB71271BD275E5008E7D86 /* Upload_Tests.swift */; };
		A2F33E881D8F24E100856417 /* captcha.jpg in Resources */ = {isa = PBXBuildFile; fileRef = A2F33E871D8F24E100856417 /* captcha.jpg */; };
		A2F33E891D8F24E100856417 /* captcha.jpg in Resources */ = {isa = PBXBuildFile; fileRef = A2F33E871D8F24E100856417 /* captcha.jpg */; };
		A2F7484A1D9588C1009B3F38 /* success.uploadAudio.json in Resources */ = {isa = PBXBuildFile; fileRef = A2F748491D9588C1009B3F38 /* success.uploadAudio.json */; };
		A2F7484B1D9588C1009B3F38 /* success.uploadAudio.json in Resources */ = {isa = PBXBuildFile; fileRef = A2F748491D9588C1009B3F38 /* success.uploadAudio.json */; };
		A2F7484D1D9589CF009B3F38 /* success.saveAudio.json in Resources */ = {isa = PBXBuildFile; fileRef = A2F7484C1D9589CF009B3F38 /* success.saveAudio.json */; };
		A2F7484E1D9589CF009B3F38 /* success.saveAudio.json in Resources */ = {isa = PBXBuildFile; fileRef = A2F7484C1D9589CF009B3F38 /* success.saveAudio.json */; };
		A2F748501D958AAC009B3F38 /* success.uploadVideo.json in Resources */ = {isa = PBXBuildFile; fileRef = A2F7484F1D958AAC009B3F38 /* success.uploadVideo.json */; };
		A2F748511D958AAC009B3F38 /* success.uploadVideo.json in Resources */ = {isa = PBXBuildFile; fileRef = A2F7484F1D958AAC009B3F38 /* success.uploadVideo.json */; };
		A2F748531D958CA3009B3F38 /* success.uploadDocument.json in Resources */ = {isa = PBXBuildFile; fileRef = A2F748521D958CA3009B3F38 /* success.uploadDocument.json */; };
		A2F748541D958CA3009B3F38 /* success.uploadDocument.json in Resources */ = {isa = PBXBuildFile; fileRef = A2F748521D958CA3009B3F38 /* success.uploadDocument.json */; };
		A2F748561D958CF4009B3F38 /* success.saveDocument.json in Resources */ = {isa = PBXBuildFile; fileRef = A2F748551D958CF4009B3F38 /* success.saveDocument.json */; };
		A2F748571D958CF4009B3F38 /* success.saveDocument.json in Resources */ = {isa = PBXBuildFile; fileRef = A2F748551D958CF4009B3F38 /* success.saveDocument.json */; };
		A2F748681D959087009B3F38 /* error.missing.parameter.json in Resources */ = {isa = PBXBuildFile; fileRef = A2F748641D959087009B3F38 /* error.missing.parameter.json */; };
		A2F748691D959087009B3F38 /* error.missing.parameter.json in Resources */ = {isa = PBXBuildFile; fileRef = A2F748641D959087009B3F38 /* error.missing.parameter.json */; };
		A2F7486C1D959087009B3F38 /* error.need.captcha.json in Resources */ = {isa = PBXBuildFile; fileRef = A2F748661D959087009B3F38 /* error.need.captcha.json */; };
		A2F7486D1D959087009B3F38 /* error.need.captcha.json in Resources */ = {isa = PBXBuildFile; fileRef = A2F748661D959087009B3F38 /* error.need.captcha.json */; };
		A2F7486E1D959087009B3F38 /* error.too.many.requests.json in Resources */ = {isa = PBXBuildFile; fileRef = A2F748671D959087009B3F38 /* error.too.many.requests.json */; };
		A2F7486F1D959087009B3F38 /* error.too.many.requests.json in Resources */ = {isa = PBXBuildFile; fileRef = A2F748671D959087009B3F38 /* error.too.many.requests.json */; };
		A2F748711D9590B4009B3F38 /* success.users.get.json in Resources */ = {isa = PBXBuildFile; fileRef = A2F748701D9590B4009B3F38 /* success.users.get.json */; };
		A2F748721D9590B4009B3F38 /* success.users.get.json in Resources */ = {isa = PBXBuildFile; fileRef = A2F748701D9590B4009B3F38 /* success.users.get.json */; };
/* End PBXBuildFile section */

/* Begin PBXContainerItemProxy section */
		A2087A551D8580940076BB5E /* PBXContainerItemProxy */ = {
			isa = PBXContainerItemProxy;
			containerPortal = A2087A4E1D8580940076BB5E /* SwiftyVK.xcodeproj */;
			proxyType = 2;
			remoteGlobalIDString = A2EB6EA81BD180E9008E7D86;
			remoteInfo = "SwiftyVK-OSX";
		};
		A2087A571D8580940076BB5E /* PBXContainerItemProxy */ = {
			isa = PBXContainerItemProxy;
			containerPortal = A2087A4E1D8580940076BB5E /* SwiftyVK.xcodeproj */;
			proxyType = 2;
			remoteGlobalIDString = A2EB6E9B1BD180DD008E7D86;
			remoteInfo = "SwiftyVK-iOS";
		};
		A2087A591D8580940076BB5E /* PBXContainerItemProxy */ = {
			isa = PBXContainerItemProxy;
			containerPortal = A2087A4E1D8580940076BB5E /* SwiftyVK.xcodeproj */;
			proxyType = 2;
			remoteGlobalIDString = A2527D4B1BD1130D00F65412;
			remoteInfo = "SwiftyVKResources-OSX";
		};
		A2087A5B1D8580940076BB5E /* PBXContainerItemProxy */ = {
			isa = PBXContainerItemProxy;
			containerPortal = A2087A4E1D8580940076BB5E /* SwiftyVK.xcodeproj */;
			proxyType = 2;
			remoteGlobalIDString = A2527D551BD1134500F65412;
			remoteInfo = "SwiftyVKResources-iOS";
		};
		A2EB71321BD27639008E7D86 /* PBXContainerItemProxy */ = {
			isa = PBXContainerItemProxy;
			containerPortal = A2527E5B1BD139E200F65412 /* Project object */;
			proxyType = 1;
			remoteGlobalIDString = A2527E671BD13A3B00F65412;
			remoteInfo = "SwiftyVK-Example-OSX";
		};
		A2EB71401BD27652008E7D86 /* PBXContainerItemProxy */ = {
			isa = PBXContainerItemProxy;
			containerPortal = A2527E5B1BD139E200F65412 /* Project object */;
			proxyType = 1;
			remoteGlobalIDString = A2527E791BD13A5300F65412;
			remoteInfo = "SwiftyVK-Example-iOS";
		};
/* End PBXContainerItemProxy section */

/* Begin PBXCopyFilesBuildPhase section */
		A2087A3A1D85803F0076BB5E /* Embed Frameworks */ = {
			isa = PBXCopyFilesBuildPhase;
			buildActionMask = 2147483647;
			dstPath = "";
			dstSubfolderSpec = 10;
			files = (
				A2087A5E1D8580A90076BB5E /* SwiftyVK.framework in Embed Frameworks */,
			);
			name = "Embed Frameworks";
			runOnlyForDeploymentPostprocessing = 0;
		};
		A2087A451D85805D0076BB5E /* Embed Frameworks */ = {
			isa = PBXCopyFilesBuildPhase;
			buildActionMask = 2147483647;
			dstPath = "";
			dstSubfolderSpec = 10;
			files = (
				A2087A621D8580B00076BB5E /* SwiftyVK.framework in Embed Frameworks */,
			);
			name = "Embed Frameworks";
			runOnlyForDeploymentPostprocessing = 0;
		};
		A2EB71D11BD3B994008E7D86 /* Embed Watch Content */ = {
			isa = PBXCopyFilesBuildPhase;
			buildActionMask = 2147483647;
			dstPath = "$(CONTENTS_FOLDER_PATH)/Watch";
			dstSubfolderSpec = 16;
			files = (
			);
			name = "Embed Watch Content";
			runOnlyForDeploymentPostprocessing = 0;
		};
/* End PBXCopyFilesBuildPhase section */

/* Begin PBXFileReference section */
		A2087A4E1D8580940076BB5E /* SwiftyVK.xcodeproj */ = {isa = PBXFileReference; lastKnownFileType = "wrapper.pb-project"; name = SwiftyVK.xcodeproj; path = Library/SwiftyVK.xcodeproj; sourceTree = "<group>"; };
		A21CD49B1D98143300FF2D88 /* AppDelegate.swift */ = {isa = PBXFileReference; fileEncoding = 4; lastKnownFileType = sourcecode.swift; lineEnding = 0; path = AppDelegate.swift; sourceTree = "<group>"; xcLanguageSpecificationIdentifier = xcode.lang.swift; };
		A22599201D8B0CDD008535BE /* error.need.authorazation.json */ = {isa = PBXFileReference; fileEncoding = 4; lastKnownFileType = text.json; path = error.need.authorazation.json; sourceTree = "<group>"; };
		A225992B1D8B148A008535BE /* STUBS.swift */ = {isa = PBXFileReference; fileEncoding = 4; lastKnownFileType = sourcecode.swift; path = STUBS.swift; sourceTree = "<group>"; };
		A227371C1CF462F60042868A /* VKDelegateExample.swift */ = {isa = PBXFileReference; fileEncoding = 4; lastKnownFileType = sourcecode.swift; path = VKDelegateExample.swift; sourceTree = "<group>"; };
		A234A4021BE29DAD00856CA5 /* Misc_Tests.swift */ = {isa = PBXFileReference; fileEncoding = 4; lastKnownFileType = sourcecode.swift; path = Misc_Tests.swift; sourceTree = "<group>"; };
		A234A41C1BE354A200856CA5 /* de */ = {isa = PBXFileReference; lastKnownFileType = text.plist.strings; name = de; path = de.lproj/MainMenu.strings; sourceTree = "<group>"; };
		A234A41D1BE354A200856CA5 /* de */ = {isa = PBXFileReference; lastKnownFileType = text.plist.strings; name = de; path = de.lproj/Main.strings; sourceTree = "<group>"; };
		A234A41E1BE354A200856CA5 /* de */ = {isa = PBXFileReference; lastKnownFileType = text.plist.strings; name = de; path = de.lproj/LaunchScreen.strings; sourceTree = "<group>"; };
		A234A41F1BE354B400856CA5 /* es */ = {isa = PBXFileReference; lastKnownFileType = text.plist.strings; name = es; path = es.lproj/MainMenu.strings; sourceTree = "<group>"; };
		A234A4201BE354B400856CA5 /* es */ = {isa = PBXFileReference; lastKnownFileType = text.plist.strings; name = es; path = es.lproj/Main.strings; sourceTree = "<group>"; };
		A234A4211BE354B400856CA5 /* es */ = {isa = PBXFileReference; lastKnownFileType = text.plist.strings; name = es; path = es.lproj/LaunchScreen.strings; sourceTree = "<group>"; };
		A234A4221BE354CF00856CA5 /* uk */ = {isa = PBXFileReference; lastKnownFileType = text.plist.strings; name = uk; path = uk.lproj/MainMenu.strings; sourceTree = "<group>"; };
		A234A4231BE354CF00856CA5 /* uk */ = {isa = PBXFileReference; lastKnownFileType = text.plist.strings; name = uk; path = uk.lproj/Main.strings; sourceTree = "<group>"; };
		A234A4241BE354CF00856CA5 /* uk */ = {isa = PBXFileReference; lastKnownFileType = text.plist.strings; name = uk; path = uk.lproj/LaunchScreen.strings; sourceTree = "<group>"; };
		A234A4251BE354D800856CA5 /* it */ = {isa = PBXFileReference; lastKnownFileType = text.plist.strings; name = it; path = it.lproj/MainMenu.strings; sourceTree = "<group>"; };
		A234A4261BE354D800856CA5 /* it */ = {isa = PBXFileReference; lastKnownFileType = text.plist.strings; name = it; path = it.lproj/Main.strings; sourceTree = "<group>"; };
		A234A4271BE354D800856CA5 /* it */ = {isa = PBXFileReference; lastKnownFileType = text.plist.strings; name = it; path = it.lproj/LaunchScreen.strings; sourceTree = "<group>"; };
		A234A4281BE354E500856CA5 /* be */ = {isa = PBXFileReference; lastKnownFileType = text.plist.strings; name = be; path = be.lproj/MainMenu.strings; sourceTree = "<group>"; };
		A234A4291BE354E500856CA5 /* be */ = {isa = PBXFileReference; lastKnownFileType = text.plist.strings; name = be; path = be.lproj/Main.strings; sourceTree = "<group>"; };
		A234A42A1BE354E500856CA5 /* be */ = {isa = PBXFileReference; lastKnownFileType = text.plist.strings; name = be; path = be.lproj/LaunchScreen.strings; sourceTree = "<group>"; };
		A234A42B1BE354FD00856CA5 /* fi */ = {isa = PBXFileReference; lastKnownFileType = text.plist.strings; name = fi; path = fi.lproj/MainMenu.strings; sourceTree = "<group>"; };
		A234A42C1BE354FD00856CA5 /* fi */ = {isa = PBXFileReference; lastKnownFileType = text.plist.strings; name = fi; path = fi.lproj/Main.strings; sourceTree = "<group>"; };
		A234A42D1BE354FD00856CA5 /* fi */ = {isa = PBXFileReference; lastKnownFileType = text.plist.strings; name = fi; path = fi.lproj/LaunchScreen.strings; sourceTree = "<group>"; };
		A23825281D9459280070A085 /* success.savePhoto.json */ = {isa = PBXFileReference; fileEncoding = 4; lastKnownFileType = text.json; path = success.savePhoto.json; sourceTree = "<group>"; };
		A23825301D945A160070A085 /* success.uploadPhoto.json */ = {isa = PBXFileReference; fileEncoding = 4; lastKnownFileType = text.json; path = success.uploadPhoto.json; sourceTree = "<group>"; };
		A23825331D945E5F0070A085 /* success.uploadPhotosToAlbum.json */ = {isa = PBXFileReference; fileEncoding = 4; lastKnownFileType = text.json; path = success.uploadPhotosToAlbum.json; sourceTree = "<group>"; };
		A23825361D94618A0070A085 /* success.uploadMarketPhoto.json */ = {isa = PBXFileReference; fileEncoding = 4; lastKnownFileType = text.json; path = success.uploadMarketPhoto.json; sourceTree = "<group>"; };
		A238253A1D9464270070A085 /* success.uploadMarketAlbumPhoto.json */ = {isa = PBXFileReference; fileEncoding = 4; lastKnownFileType = text.json; path = success.uploadMarketAlbumPhoto.json; sourceTree = "<group>"; };
		A24D10921C574A99008263B0 /* VKTestsCase.swift */ = {isa = PBXFileReference; fileEncoding = 4; lastKnownFileType = sourcecode.swift; path = VKTestsCase.swift; sourceTree = "<group>"; };
		A2527E681BD13A3B00F65412 /* ~SwiftyVK~.app */ = {isa = PBXFileReference; explicitFileType = wrapper.application; includeInIndex = 0; path = "~SwiftyVK~.app"; sourceTree = BUILT_PRODUCTS_DIR; };
		A2527E701BD13A3B00F65412 /* Base */ = {isa = PBXFileReference; lastKnownFileType = file.xib; name = Base; path = Base.lproj/MainMenu.xib; sourceTree = "<group>"; };
		A2527E721BD13A3B00F65412 /* Info.plist */ = {isa = PBXFileReference; lastKnownFileType = text.plist.xml; path = Info.plist; sourceTree = "<group>"; };
		A2527E7A1BD13A5300F65412 /* ~SwiftyVK~.app */ = {isa = PBXFileReference; explicitFileType = wrapper.application; includeInIndex = 0; path = "~SwiftyVK~.app"; sourceTree = BUILT_PRODUCTS_DIR; };
		A2527E7E1BD13A5300F65412 /* ViewController.swift */ = {isa = PBXFileReference; lastKnownFileType = sourcecode.swift; path = ViewController.swift; sourceTree = "<group>"; };
		A2527E811BD13A5300F65412 /* Base */ = {isa = PBXFileReference; lastKnownFileType = file.storyboard; name = Base; path = Base.lproj/Main.storyboard; sourceTree = "<group>"; };
		A2527E861BD13A5300F65412 /* Base */ = {isa = PBXFileReference; lastKnownFileType = file.storyboard; name = Base; path = Base.lproj/LaunchScreen.storyboard; sourceTree = "<group>"; };
		A2527E881BD13A5300F65412 /* Info.plist */ = {isa = PBXFileReference; lastKnownFileType = text.plist.xml; path = Info.plist; sourceTree = "<group>"; };
		A2527EBC1BD13F7E00F65412 /* APIWorker.swift */ = {isa = PBXFileReference; fileEncoding = 4; lastKnownFileType = sourcecode.swift; lineEnding = 0; path = APIWorker.swift; sourceTree = "<group>"; xcLanguageSpecificationIdentifier = xcode.lang.swift; };
		A2527EC11BD13FB600F65412 /* Back-iOS.png */ = {isa = PBXFileReference; lastKnownFileType = image.png; name = "Back-iOS.png"; path = "Example/Resources/Back-iOS.png"; sourceTree = "<group>"; };
		A29B14D81D8F258F00997817 /* OHHTTPStubs.framework */ = {isa = PBXFileReference; lastKnownFileType = wrapper.framework; name = OHHTTPStubs.framework; path = Carthage/Build/Mac/OHHTTPStubs.framework; sourceTree = "<group>"; };
		A29B14DA1D8F25C700997817 /* OHHTTPStubs.framework */ = {isa = PBXFileReference; lastKnownFileType = wrapper.framework; name = OHHTTPStubs.framework; path = Carthage/Build/iOS/OHHTTPStubs.framework; sourceTree = "<group>"; };
		A2A647E61D8D7F1900B9C2FF /* Captcha_Tests.swift */ = {isa = PBXFileReference; fileEncoding = 4; lastKnownFileType = sourcecode.swift; path = Captcha_Tests.swift; sourceTree = "<group>"; };
		A2BBAD891D8EBBF300F9A94A /* error.need.captcha.json */ = {isa = PBXFileReference; fileEncoding = 4; lastKnownFileType = text.json; path = error.need.captcha.json; sourceTree = "<group>"; };
		A2E993E91D91A2EA001FF2B1 /* success.getUploadServer.json */ = {isa = PBXFileReference; fileEncoding = 4; lastKnownFileType = text.json; path = success.getUploadServer.json; sourceTree = "<group>"; };
		A2EB6F2D1BD1857D008E7D86 /* testAudio.mp3 */ = {isa = PBXFileReference; lastKnownFileType = audio.mp3; name = testAudio.mp3; path = Example/Resources/testAudio.mp3; sourceTree = "<group>"; };
		A2EB6F2E1BD1857D008E7D86 /* testDoc.rtf */ = {isa = PBXFileReference; fileEncoding = 4; lastKnownFileType = text.rtf; name = testDoc.rtf; path = Example/Resources/testDoc.rtf; sourceTree = "<group>"; };
		A2EB6F2F1BD1857D008E7D86 /* testImage.jpg */ = {isa = PBXFileReference; lastKnownFileType = image.jpeg; name = testImage.jpg; path = Example/Resources/testImage.jpg; sourceTree = "<group>"; };
		A2EB6F301BD1857D008E7D86 /* testVideo.mp4 */ = {isa = PBXFileReference; lastKnownFileType = file; name = testVideo.mp4; path = Example/Resources/testVideo.mp4; sourceTree = "<group>"; };
		A2EB6F3B1BD186F9008E7D86 /* ru */ = {isa = PBXFileReference; lastKnownFileType = text.plist.strings; name = ru; path = ru.lproj/MainMenu.strings; sourceTree = "<group>"; };
		A2EB6F3C1BD186F9008E7D86 /* ru */ = {isa = PBXFileReference; lastKnownFileType = text.plist.strings; name = ru; path = ru.lproj/Main.strings; sourceTree = "<group>"; };
		A2EB6F3D1BD186F9008E7D86 /* ru */ = {isa = PBXFileReference; lastKnownFileType = text.plist.strings; name = ru; path = ru.lproj/LaunchScreen.strings; sourceTree = "<group>"; };
		A2EB71251BD275E5008E7D86 /* Login_Tests.swift */ = {isa = PBXFileReference; lastKnownFileType = sourcecode.swift; path = Login_Tests.swift; sourceTree = "<group>"; };
		A2EB71261BD275E5008E7D86 /* Request_Tests.swift */ = {isa = PBXFileReference; lastKnownFileType = sourcecode.swift; path = Request_Tests.swift; sourceTree = "<group>"; };
		A2EB71271BD275E5008E7D86 /* Upload_Tests.swift */ = {isa = PBXFileReference; lastKnownFileType = sourcecode.swift; path = Upload_Tests.swift; sourceTree = "<group>"; };
		A2EB712D1BD27639008E7D86 /* SwiftyVK-Tests-OSX.xctest */ = {isa = PBXFileReference; explicitFileType = wrapper.cfbundle; includeInIndex = 0; path = "SwiftyVK-Tests-OSX.xctest"; sourceTree = BUILT_PRODUCTS_DIR; };
		A2EB713B1BD27652008E7D86 /* SwiftyVK-Tests-iOS.xctest */ = {isa = PBXFileReference; explicitFileType = wrapper.cfbundle; includeInIndex = 0; path = "SwiftyVK-Tests-iOS.xctest"; sourceTree = BUILT_PRODUCTS_DIR; };
		A2F33E871D8F24E100856417 /* captcha.jpg */ = {isa = PBXFileReference; lastKnownFileType = image.jpeg; name = captcha.jpg; path = Example/Resources/captcha.jpg; sourceTree = "<group>"; };
		A2F748491D9588C1009B3F38 /* success.uploadAudio.json */ = {isa = PBXFileReference; fileEncoding = 4; lastKnownFileType = text.json; path = success.uploadAudio.json; sourceTree = "<group>"; };
		A2F7484C1D9589CF009B3F38 /* success.saveAudio.json */ = {isa = PBXFileReference; fileEncoding = 4; lastKnownFileType = text.json; path = success.saveAudio.json; sourceTree = "<group>"; };
		A2F7484F1D958AAC009B3F38 /* success.uploadVideo.json */ = {isa = PBXFileReference; fileEncoding = 4; lastKnownFileType = text.json; path = success.uploadVideo.json; sourceTree = "<group>"; };
		A2F748521D958CA3009B3F38 /* success.uploadDocument.json */ = {isa = PBXFileReference; fileEncoding = 4; lastKnownFileType = text.json; path = success.uploadDocument.json; sourceTree = "<group>"; };
		A2F748551D958CF4009B3F38 /* success.saveDocument.json */ = {isa = PBXFileReference; fileEncoding = 4; lastKnownFileType = text.json; path = success.saveDocument.json; sourceTree = "<group>"; };
		A2F748641D959087009B3F38 /* error.missing.parameter.json */ = {isa = PBXFileReference; fileEncoding = 4; lastKnownFileType = text.json; path = error.missing.parameter.json; sourceTree = "<group>"; };
		A2F748651D959087009B3F38 /* error.need.authorazation.json */ = {isa = PBXFileReference; fileEncoding = 4; lastKnownFileType = text.json; path = error.need.authorazation.json; sourceTree = "<group>"; };
		A2F748661D959087009B3F38 /* error.need.captcha.json */ = {isa = PBXFileReference; fileEncoding = 4; lastKnownFileType = text.json; path = error.need.captcha.json; sourceTree = "<group>"; };
		A2F748671D959087009B3F38 /* error.too.many.requests.json */ = {isa = PBXFileReference; fileEncoding = 4; lastKnownFileType = text.json; path = error.too.many.requests.json; sourceTree = "<group>"; };
		A2F748701D9590B4009B3F38 /* success.users.get.json */ = {isa = PBXFileReference; fileEncoding = 4; lastKnownFileType = text.json; path = success.users.get.json; sourceTree = "<group>"; };
		A2F748791D980E53009B3F38 /* SwiftyVK-Tests-Bridging-Header.h */ = {isa = PBXFileReference; lastKnownFileType = sourcecode.c.h; name = "SwiftyVK-Tests-Bridging-Header.h"; path = "Tests/SwiftyVK-Tests-Bridging-Header.h"; sourceTree = "<group>"; };
/* End PBXFileReference section */

/* Begin PBXFrameworksBuildPhase section */
		A2527E651BD13A3B00F65412 /* Frameworks */ = {
			isa = PBXFrameworksBuildPhase;
			buildActionMask = 2147483647;
			files = (
				A2087A5D1D8580A90076BB5E /* SwiftyVK.framework in Frameworks */,
			);
			runOnlyForDeploymentPostprocessing = 0;
		};
		A2527E771BD13A5300F65412 /* Frameworks */ = {
			isa = PBXFrameworksBuildPhase;
			buildActionMask = 2147483647;
			files = (
				A2087A611D8580B00076BB5E /* SwiftyVK.framework in Frameworks */,
			);
			runOnlyForDeploymentPostprocessing = 0;
		};
		E0DF8260A48B878089EA80C2 /* Frameworks */ = {
			isa = PBXFrameworksBuildPhase;
			buildActionMask = 2147483647;
			files = (
				A29B14DB1D8F25C700997817 /* OHHTTPStubs.framework in Frameworks */,
			);
			runOnlyForDeploymentPostprocessing = 0;
		};
		FCECEC730313D7280C3C511C /* Frameworks */ = {
			isa = PBXFrameworksBuildPhase;
			buildActionMask = 2147483647;
			files = (
				A29B14D91D8F258F00997817 /* OHHTTPStubs.framework in Frameworks */,
			);
			runOnlyForDeploymentPostprocessing = 0;
		};
/* End PBXFrameworksBuildPhase section */

/* Begin PBXGroup section */
		A2087A4F1D8580940076BB5E /* Products */ = {
			isa = PBXGroup;
			children = (
				A2087A561D8580940076BB5E /* SwiftyVK.framework */,
				A2087A581D8580940076BB5E /* SwiftyVK.framework */,
				A2087A5A1D8580940076BB5E /* SwiftyVKResources-OSX.bundle */,
				A2087A5C1D8580940076BB5E /* SwiftyVKResources-iOS.bundle */,
			);
			name = Products;
			sourceTree = "<group>";
		};
		A2087A941D8590850076BB5E /* JSONs */ = {
			isa = PBXGroup;
			children = (
				A23825391D9461920070A085 /* Upload */,
				A2F748701D9590B4009B3F38 /* success.users.get.json */,
				A2F748641D959087009B3F38 /* error.missing.parameter.json */,
				A2F748651D959087009B3F38 /* error.need.authorazation.json */,
				A2F748661D959087009B3F38 /* error.need.captcha.json */,
				A2F748671D959087009B3F38 /* error.too.many.requests.json */,
				A22599201D8B0CDD008535BE /* error.need.authorazation.json */,
				A2BBAD891D8EBBF300F9A94A /* error.need.captcha.json */,
			);
			path = JSONs;
			sourceTree = "<group>";
		};
		A23825391D9461920070A085 /* Upload */ = {
			isa = PBXGroup;
			children = (
				A2E993E91D91A2EA001FF2B1 /* success.getUploadServer.json */,
				A23825301D945A160070A085 /* success.uploadPhoto.json */,
				A23825331D945E5F0070A085 /* success.uploadPhotosToAlbum.json */,
				A23825361D94618A0070A085 /* success.uploadMarketPhoto.json */,
				A238253A1D9464270070A085 /* success.uploadMarketAlbumPhoto.json */,
				A2F748491D9588C1009B3F38 /* success.uploadAudio.json */,
				A2F7484F1D958AAC009B3F38 /* success.uploadVideo.json */,
				A2F748521D958CA3009B3F38 /* success.uploadDocument.json */,
				A23825281D9459280070A085 /* success.savePhoto.json */,
				A2F7484C1D9589CF009B3F38 /* success.saveAudio.json */,
				A2F748551D958CF4009B3F38 /* success.saveDocument.json */,
			);
			name = Upload;
			sourceTree = "<group>";
		};
		A25221041BD17B450047C638 /* Resources */ = {
			isa = PBXGroup;
			children = (
				A2087A4E1D8580940076BB5E /* SwiftyVK.xcodeproj */,
				A2527EC11BD13FB600F65412 /* Back-iOS.png */,
				A2EB6F2D1BD1857D008E7D86 /* testAudio.mp3 */,
				A2EB6F2E1BD1857D008E7D86 /* testDoc.rtf */,
				A2EB6F2F1BD1857D008E7D86 /* testImage.jpg */,
				A2EB6F301BD1857D008E7D86 /* testVideo.mp4 */,
				A2F33E871D8F24E100856417 /* captcha.jpg */,
				A2F748791D980E53009B3F38 /* SwiftyVK-Tests-Bridging-Header.h */,
				A2527E6A1BD13A3B00F65412 /* OSX */,
				A2527E7B1BD13A5300F65412 /* iOS */,
			);
			name = Resources;
			path = ..;
			sourceTree = "<group>";
		};
		A2527E5A1BD139E200F65412 = {
			isa = PBXGroup;
			children = (
				A21CD49B1D98143300FF2D88 /* AppDelegate.swift */,
				A227371C1CF462F60042868A /* VKDelegateExample.swift */,
				A2527EBC1BD13F7E00F65412 /* APIWorker.swift */,
				A25221041BD17B450047C638 /* Resources */,
				A2EB71221BD275A0008E7D86 /* Tests */,
				A2527E691BD13A3B00F65412 /* Products */,
				A29B14D31D8F258F00997817 /* Frameworks */,
			);
			sourceTree = "<group>";
		};
		A2527E691BD13A3B00F65412 /* Products */ = {
			isa = PBXGroup;
			children = (
				A2527E681BD13A3B00F65412 /* ~SwiftyVK~.app */,
				A2527E7A1BD13A5300F65412 /* ~SwiftyVK~.app */,
				A2EB712D1BD27639008E7D86 /* SwiftyVK-Tests-OSX.xctest */,
				A2EB713B1BD27652008E7D86 /* SwiftyVK-Tests-iOS.xctest */,
			);
			name = Products;
			sourceTree = "<group>";
		};
		A2527E6A1BD13A3B00F65412 /* OSX */ = {
			isa = PBXGroup;
			children = (
				A2527E6F1BD13A3B00F65412 /* MainMenu.xib */,
				A2527E721BD13A3B00F65412 /* Info.plist */,
			);
			name = OSX;
			path = Example/OSX;
			sourceTree = "<group>";
		};
		A2527E7B1BD13A5300F65412 /* iOS */ = {
			isa = PBXGroup;
			children = (
				A2527E7E1BD13A5300F65412 /* ViewController.swift */,
				A2527E801BD13A5300F65412 /* Main.storyboard */,
				A2527E851BD13A5300F65412 /* LaunchScreen.storyboard */,
				A2527E881BD13A5300F65412 /* Info.plist */,
			);
			name = iOS;
			path = Example/iOS;
			sourceTree = "<group>";
		};
		A29B14D31D8F258F00997817 /* Frameworks */ = {
			isa = PBXGroup;
			children = (
				A29B14DA1D8F25C700997817 /* OHHTTPStubs.framework */,
				A29B14D81D8F258F00997817 /* OHHTTPStubs.framework */,
			);
			name = Frameworks;
			sourceTree = "<group>";
		};
		A2EB71221BD275A0008E7D86 /* Tests */ = {
			isa = PBXGroup;
			children = (
				A225992B1D8B148A008535BE /* STUBS.swift */,
				A24D10921C574A99008263B0 /* VKTestsCase.swift */,
				A2EB71261BD275E5008E7D86 /* Request_Tests.swift */,
				A2EB71251BD275E5008E7D86 /* Login_Tests.swift */,
				A2A647E61D8D7F1900B9C2FF /* Captcha_Tests.swift */,
				A2EB71271BD275E5008E7D86 /* Upload_Tests.swift */,
				A234A4021BE29DAD00856CA5 /* Misc_Tests.swift */,
				A2087A941D8590850076BB5E /* JSONs */,
			);
			name = Tests;
			path = ../Tests;
			sourceTree = "<group>";
		};
/* End PBXGroup section */

/* Begin PBXNativeTarget section */
		A2527E671BD13A3B00F65412 /* SwiftyVK-Example-OSX */ = {
			isa = PBXNativeTarget;
			buildConfigurationList = A2527E731BD13A3B00F65412 /* Build configuration list for PBXNativeTarget "SwiftyVK-Example-OSX" */;
			buildPhases = (
				A2527E641BD13A3B00F65412 /* Sources */,
				A2527E651BD13A3B00F65412 /* Frameworks */,
				A2527E661BD13A3B00F65412 /* Resources */,
				A2087A3A1D85803F0076BB5E /* Embed Frameworks */,
			);
			buildRules = (
			);
			dependencies = (
			);
			name = "SwiftyVK-Example-OSX";
			productName = "SwiftyVK-Example-OSX";
			productReference = A2527E681BD13A3B00F65412 /* ~SwiftyVK~.app */;
			productType = "com.apple.product-type.application";
		};
		A2527E791BD13A5300F65412 /* SwiftyVK-Example-iOS */ = {
			isa = PBXNativeTarget;
			buildConfigurationList = A2527E891BD13A5300F65412 /* Build configuration list for PBXNativeTarget "SwiftyVK-Example-iOS" */;
			buildPhases = (
				A2527E761BD13A5300F65412 /* Sources */,
				A2527E771BD13A5300F65412 /* Frameworks */,
				A2527E781BD13A5300F65412 /* Resources */,
				A2EB71D11BD3B994008E7D86 /* Embed Watch Content */,
				A2087A451D85805D0076BB5E /* Embed Frameworks */,
			);
			buildRules = (
			);
			dependencies = (
			);
			name = "SwiftyVK-Example-iOS";
			productName = "SwiftyVK-Example-iOS";
			productReference = A2527E7A1BD13A5300F65412 /* ~SwiftyVK~.app */;
			productType = "com.apple.product-type.application";
		};
		A2EB712C1BD27639008E7D86 /* SwiftyVK-Tests-OSX */ = {
			isa = PBXNativeTarget;
			buildConfigurationList = A2EB71341BD27639008E7D86 /* Build configuration list for PBXNativeTarget "SwiftyVK-Tests-OSX" */;
			buildPhases = (
				A2EB71291BD27639008E7D86 /* Sources */,
				A2EB712B1BD27639008E7D86 /* Resources */,
				FCECEC730313D7280C3C511C /* Frameworks */,
				A29B14DD1D8F263A00997817 /* Carthage copy-frameworks */,
			);
			buildRules = (
			);
			dependencies = (
				A2EB71331BD27639008E7D86 /* PBXTargetDependency */,
			);
			name = "SwiftyVK-Tests-OSX";
			productName = "SwiftyVK-Tests-OSX";
			productReference = A2EB712D1BD27639008E7D86 /* SwiftyVK-Tests-OSX.xctest */;
			productType = "com.apple.product-type.bundle.unit-test";
		};
		A2EB713A1BD27652008E7D86 /* SwiftyVK-Tests-iOS */ = {
			isa = PBXNativeTarget;
			buildConfigurationList = A2EB71421BD27652008E7D86 /* Build configuration list for PBXNativeTarget "SwiftyVK-Tests-iOS" */;
			buildPhases = (
				A2EB71371BD27652008E7D86 /* Sources */,
				A2EB71391BD27652008E7D86 /* Resources */,
				E0DF8260A48B878089EA80C2 /* Frameworks */,
				A29B14DC1D8F25E900997817 /* Carthage copy-frameworks */,
			);
			buildRules = (
			);
			dependencies = (
				A2EB71411BD27652008E7D86 /* PBXTargetDependency */,
			);
			name = "SwiftyVK-Tests-iOS";
			productName = "SwiftyVK-Tests-iOS";
			productReference = A2EB713B1BD27652008E7D86 /* SwiftyVK-Tests-iOS.xctest */;
			productType = "com.apple.product-type.bundle.unit-test";
		};
/* End PBXNativeTarget section */

/* Begin PBXProject section */
		A2527E5B1BD139E200F65412 /* Project object */ = {
			isa = PBXProject;
			attributes = {
				LastSwiftUpdateCheck = 0800;
				LastUpgradeCheck = 0820;
				TargetAttributes = {
					A2527E671BD13A3B00F65412 = {
						CreatedOnToolsVersion = 7.1;
						DevelopmentTeam = 842SSJ357W;
						DevelopmentTeamName = "Алексей Кудрявцев (Personal Team)";
						LastSwiftMigration = 0800;
					};
					A2527E791BD13A5300F65412 = {
						CreatedOnToolsVersion = 7.1;
						DevelopmentTeam = 842SSJ357W;
						DevelopmentTeamName = "Алексей Кудрявцев (Personal Team)";
						LastSwiftMigration = 0800;
						SystemCapabilities = {
							com.apple.Keychain = {
								enabled = 0;
							};
						};
					};
					A280A8941DD0EFB0003BF914 = {
						CreatedOnToolsVersion = 8.1;
						DevelopmentTeam = 842SSJ357W;
						ProvisioningStyle = Automatic;
					};
					A2EB712C1BD27639008E7D86 = {
						CreatedOnToolsVersion = 7.1;
						LastSwiftMigration = 0800;
						TestTargetID = A2527E671BD13A3B00F65412;
					};
					A2EB713A1BD27652008E7D86 = {
						CreatedOnToolsVersion = 7.1;
						DevelopmentTeam = 842SSJ357W;
						LastSwiftMigration = 0800;
						TestTargetID = A2527E791BD13A5300F65412;
					};
				};
			};
			buildConfigurationList = A2527E5E1BD139E200F65412 /* Build configuration list for PBXProject "Example" */;
			compatibilityVersion = "Xcode 3.2";
			developmentRegion = English;
			hasScannedForEncodings = 0;
			knownRegions = (
				en,
				Base,
			);
			mainGroup = A2527E5A1BD139E200F65412;
			productRefGroup = A2527E691BD13A3B00F65412 /* Products */;
			projectDirPath = "";
			projectReferences = (
				{
					ProductGroup = A2087A4F1D8580940076BB5E /* Products */;
					ProjectRef = A2087A4E1D8580940076BB5E /* SwiftyVK.xcodeproj */;
				},
			);
			projectRoot = "";
			targets = (
				A2527E671BD13A3B00F65412 /* SwiftyVK-Example-OSX */,
				A2527E791BD13A5300F65412 /* SwiftyVK-Example-iOS */,
				A2EB712C1BD27639008E7D86 /* SwiftyVK-Tests-OSX */,
				A2EB713A1BD27652008E7D86 /* SwiftyVK-Tests-iOS */,
				A280A8941DD0EFB0003BF914 /* SwiftyVK-Tests */,
			);
		};
/* End PBXProject section */

/* Begin PBXReferenceProxy section */
		A2087A561D8580940076BB5E /* SwiftyVK.framework */ = {
			isa = PBXReferenceProxy;
			fileType = wrapper.framework;
			path = SwiftyVK.framework;
			remoteRef = A2087A551D8580940076BB5E /* PBXContainerItemProxy */;
			sourceTree = BUILT_PRODUCTS_DIR;
		};
		A2087A581D8580940076BB5E /* SwiftyVK.framework */ = {
			isa = PBXReferenceProxy;
			fileType = wrapper.framework;
			path = SwiftyVK.framework;
			remoteRef = A2087A571D8580940076BB5E /* PBXContainerItemProxy */;
			sourceTree = BUILT_PRODUCTS_DIR;
		};
		A2087A5A1D8580940076BB5E /* SwiftyVKResources-OSX.bundle */ = {
			isa = PBXReferenceProxy;
			fileType = wrapper.cfbundle;
			path = "SwiftyVKResources-OSX.bundle";
			remoteRef = A2087A591D8580940076BB5E /* PBXContainerItemProxy */;
			sourceTree = BUILT_PRODUCTS_DIR;
		};
		A2087A5C1D8580940076BB5E /* SwiftyVKResources-iOS.bundle */ = {
			isa = PBXReferenceProxy;
			fileType = wrapper.cfbundle;
			path = "SwiftyVKResources-iOS.bundle";
			remoteRef = A2087A5B1D8580940076BB5E /* PBXContainerItemProxy */;
			sourceTree = BUILT_PRODUCTS_DIR;
		};
/* End PBXReferenceProxy section */

/* Begin PBXResourcesBuildPhase section */
		A2527E661BD13A3B00F65412 /* Resources */ = {
			isa = PBXResourcesBuildPhase;
			buildActionMask = 2147483647;
			files = (
				A2EB6F351BD1857D008E7D86 /* testDoc.rtf in Resources */,
				A2EB6F331BD1857D008E7D86 /* testAudio.mp3 in Resources */,
				A2EB6F391BD1857D008E7D86 /* testVideo.mp4 in Resources */,
				A2EB6F371BD1857D008E7D86 /* testImage.jpg in Resources */,
				A2F33E881D8F24E100856417 /* captcha.jpg in Resources */,
				A2527E711BD13A3B00F65412 /* MainMenu.xib in Resources */,
			);
			runOnlyForDeploymentPostprocessing = 0;
		};
		A2527E781BD13A5300F65412 /* Resources */ = {
			isa = PBXResourcesBuildPhase;
			buildActionMask = 2147483647;
			files = (
				A2527EC31BD13FB600F65412 /* Back-iOS.png in Resources */,
				A2EB6F341BD1857D008E7D86 /* testAudio.mp3 in Resources */,
				A2527E871BD13A5300F65412 /* LaunchScreen.storyboard in Resources */,
				A2527E821BD13A5300F65412 /* Main.storyboard in Resources */,
				A2EB6F3A1BD1857D008E7D86 /* testVideo.mp4 in Resources */,
				A2EB6F361BD1857D008E7D86 /* testDoc.rtf in Resources */,
				A2F33E891D8F24E100856417 /* captcha.jpg in Resources */,
				A2EB6F381BD1857D008E7D86 /* testImage.jpg in Resources */,
			);
			runOnlyForDeploymentPostprocessing = 0;
		};
		A2EB712B1BD27639008E7D86 /* Resources */ = {
			isa = PBXResourcesBuildPhase;
			buildActionMask = 2147483647;
			files = (
				A22599261D8B0E05008535BE /* error.need.authorazation.json in Resources */,
				A2F7486C1D959087009B3F38 /* error.need.captcha.json in Resources */,
				A23825341D945E5F0070A085 /* success.uploadPhotosToAlbum.json in Resources */,
				A238252E1D9459B20070A085 /* success.savePhoto.json in Resources */,
				A2F748501D958AAC009B3F38 /* success.uploadVideo.json in Resources */,
				A2F748681D959087009B3F38 /* error.missing.parameter.json in Resources */,
				A2F7486E1D959087009B3F38 /* error.too.many.requests.json in Resources */,
				A2F7484D1D9589CF009B3F38 /* success.saveAudio.json in Resources */,
				A2F748561D958CF4009B3F38 /* success.saveDocument.json in Resources */,
				A23825371D94618A0070A085 /* success.uploadMarketPhoto.json in Resources */,
				A23825311D945A160070A085 /* success.uploadPhoto.json in Resources */,
				A2E993EA1D91A2EA001FF2B1 /* success.getUploadServer.json in Resources */,
				A2F7484A1D9588C1009B3F38 /* success.uploadAudio.json in Resources */,
				A2F748711D9590B4009B3F38 /* success.users.get.json in Resources */,
				A2F748531D958CA3009B3F38 /* success.uploadDocument.json in Resources */,
				A238253B1D9464270070A085 /* success.uploadMarketAlbumPhoto.json in Resources */,
			);
			runOnlyForDeploymentPostprocessing = 0;
		};
		A2EB71391BD27652008E7D86 /* Resources */ = {
			isa = PBXResourcesBuildPhase;
			buildActionMask = 2147483647;
			files = (
				A22599271D8B0E05008535BE /* error.need.authorazation.json in Resources */,
				A2F7486D1D959087009B3F38 /* error.need.captcha.json in Resources */,
				A23825351D945E5F0070A085 /* success.uploadPhotosToAlbum.json in Resources */,
				A238252F1D9459B30070A085 /* success.savePhoto.json in Resources */,
				A2F748511D958AAC009B3F38 /* success.uploadVideo.json in Resources */,
				A2F748691D959087009B3F38 /* error.missing.parameter.json in Resources */,
				A2F7486F1D959087009B3F38 /* error.too.many.requests.json in Resources */,
				A2F7484E1D9589CF009B3F38 /* success.saveAudio.json in Resources */,
				A2F748571D958CF4009B3F38 /* success.saveDocument.json in Resources */,
				A23825381D94618A0070A085 /* success.uploadMarketPhoto.json in Resources */,
				A23825321D945A160070A085 /* success.uploadPhoto.json in Resources */,
				A2E993EB1D91A2EA001FF2B1 /* success.getUploadServer.json in Resources */,
				A2F7484B1D9588C1009B3F38 /* success.uploadAudio.json in Resources */,
				A2F748721D9590B4009B3F38 /* success.users.get.json in Resources */,
				A2F748541D958CA3009B3F38 /* success.uploadDocument.json in Resources */,
				A238253C1D9464270070A085 /* success.uploadMarketAlbumPhoto.json in Resources */,
			);
			runOnlyForDeploymentPostprocessing = 0;
		};
/* End PBXResourcesBuildPhase section */

/* Begin PBXShellScriptBuildPhase section */
		A29B14DC1D8F25E900997817 /* Carthage copy-frameworks */ = {
			isa = PBXShellScriptBuildPhase;
			buildActionMask = 2147483647;
			files = (
			);
			inputPaths = (
				"$(SRCROOT)/Carthage/Build/iOS/OHHTTPStubs.framework",
			);
			name = "Carthage copy-frameworks";
			outputPaths = (
			);
			runOnlyForDeploymentPostprocessing = 0;
			shellPath = /bin/sh;
			shellScript = "/usr/local/bin/carthage copy-frameworks";
		};
		A29B14DD1D8F263A00997817 /* Carthage copy-frameworks */ = {
			isa = PBXShellScriptBuildPhase;
			buildActionMask = 2147483647;
			files = (
			);
			inputPaths = (
				"$(SRCROOT)/Carthage/Build/Mac/OHHTTPStubs.framework",
			);
			name = "Carthage copy-frameworks";
			outputPaths = (
			);
			runOnlyForDeploymentPostprocessing = 0;
			shellPath = /bin/sh;
			shellScript = "/usr/local/bin/carthage copy-frameworks";
		};
/* End PBXShellScriptBuildPhase section */

/* Begin PBXSourcesBuildPhase section */
		A2527E641BD13A3B00F65412 /* Sources */ = {
			isa = PBXSourcesBuildPhase;
			buildActionMask = 2147483647;
			files = (
				A20DB7281DCCBA050030DFE2 /* AppDelegate.swift in Sources */,
				A2527EBD1BD13F7E00F65412 /* APIWorker.swift in Sources */,
				A227371D1CF462F60042868A /* VKDelegateExample.swift in Sources */,
			);
			runOnlyForDeploymentPostprocessing = 0;
		};
		A2527E761BD13A5300F65412 /* Sources */ = {
			isa = PBXSourcesBuildPhase;
			buildActionMask = 2147483647;
			files = (
				A2527E7F1BD13A5300F65412 /* ViewController.swift in Sources */,
				A22737201CF466100042868A /* VKDelegateExample.swift in Sources */,
				A2527EBE1BD13F7E00F65412 /* APIWorker.swift in Sources */,
				A21CD49D1D98143300FF2D88 /* AppDelegate.swift in Sources */,
			);
			runOnlyForDeploymentPostprocessing = 0;
		};
		A2EB71291BD27639008E7D86 /* Sources */ = {
			isa = PBXSourcesBuildPhase;
			buildActionMask = 2147483647;
			files = (
				A2EB71471BD27840008E7D86 /* Upload_Tests.swift in Sources */,
				A225992C1D8B148A008535BE /* STUBS.swift in Sources */,
				A2A647E71D8D7F1900B9C2FF /* Captcha_Tests.swift in Sources */,
				A234A4031BE29DAD00856CA5 /* Misc_Tests.swift in Sources */,
				A24D10971C574D29008263B0 /* VKTestsCase.swift in Sources */,
				A2ACF04F1D53A61900438BB2 /* Login_Tests.swift in Sources */,
				A2EB71461BD27840008E7D86 /* Request_Tests.swift in Sources */,
			);
			runOnlyForDeploymentPostprocessing = 0;
		};
		A2EB71371BD27652008E7D86 /* Sources */ = {
			isa = PBXSourcesBuildPhase;
			buildActionMask = 2147483647;
			files = (
				A2EB714A1BD27841008E7D86 /* Upload_Tests.swift in Sources */,
				A225992D1D8B148A008535BE /* STUBS.swift in Sources */,
				A2A647E81D8D7F1900B9C2FF /* Captcha_Tests.swift in Sources */,
				A234A4041BE29DAD00856CA5 /* Misc_Tests.swift in Sources */,
				A24D10981C574D2A008263B0 /* VKTestsCase.swift in Sources */,
				A2ACF0521D53A61900438BB2 /* Login_Tests.swift in Sources */,
				A2EB71491BD27841008E7D86 /* Request_Tests.swift in Sources */,
			);
			runOnlyForDeploymentPostprocessing = 0;
		};
/* End PBXSourcesBuildPhase section */

/* Begin PBXTargetDependency section */
		A2EB71331BD27639008E7D86 /* PBXTargetDependency */ = {
			isa = PBXTargetDependency;
			target = A2527E671BD13A3B00F65412 /* SwiftyVK-Example-OSX */;
			targetProxy = A2EB71321BD27639008E7D86 /* PBXContainerItemProxy */;
		};
		A2EB71411BD27652008E7D86 /* PBXTargetDependency */ = {
			isa = PBXTargetDependency;
			target = A2527E791BD13A5300F65412 /* SwiftyVK-Example-iOS */;
			targetProxy = A2EB71401BD27652008E7D86 /* PBXContainerItemProxy */;
		};
/* End PBXTargetDependency section */

/* Begin PBXVariantGroup section */
		A2527E6F1BD13A3B00F65412 /* MainMenu.xib */ = {
			isa = PBXVariantGroup;
			children = (
				A2527E701BD13A3B00F65412 /* Base */,
				A2EB6F3B1BD186F9008E7D86 /* ru */,
				A234A41C1BE354A200856CA5 /* de */,
				A234A41F1BE354B400856CA5 /* es */,
				A234A4221BE354CF00856CA5 /* uk */,
				A234A4251BE354D800856CA5 /* it */,
				A234A4281BE354E500856CA5 /* be */,
				A234A42B1BE354FD00856CA5 /* fi */,
			);
			name = MainMenu.xib;
			sourceTree = "<group>";
		};
		A2527E801BD13A5300F65412 /* Main.storyboard */ = {
			isa = PBXVariantGroup;
			children = (
				A2527E811BD13A5300F65412 /* Base */,
				A2EB6F3C1BD186F9008E7D86 /* ru */,
				A234A41D1BE354A200856CA5 /* de */,
				A234A4201BE354B400856CA5 /* es */,
				A234A4231BE354CF00856CA5 /* uk */,
				A234A4261BE354D800856CA5 /* it */,
				A234A4291BE354E500856CA5 /* be */,
				A234A42C1BE354FD00856CA5 /* fi */,
			);
			name = Main.storyboard;
			sourceTree = "<group>";
		};
		A2527E851BD13A5300F65412 /* LaunchScreen.storyboard */ = {
			isa = PBXVariantGroup;
			children = (
				A2527E861BD13A5300F65412 /* Base */,
				A2EB6F3D1BD186F9008E7D86 /* ru */,
				A234A41E1BE354A200856CA5 /* de */,
				A234A4211BE354B400856CA5 /* es */,
				A234A4241BE354CF00856CA5 /* uk */,
				A234A4271BE354D800856CA5 /* it */,
				A234A42A1BE354E500856CA5 /* be */,
				A234A42D1BE354FD00856CA5 /* fi */,
			);
			name = LaunchScreen.storyboard;
			sourceTree = "<group>";
		};
/* End PBXVariantGroup section */

/* Begin XCBuildConfiguration section */
		A2527E5F1BD139E200F65412 /* Debug */ = {
			isa = XCBuildConfiguration;
			buildSettings = {
				CLANG_ANALYZER_LOCALIZABILITY_NONLOCALIZED = YES;
				CLANG_WARN_BOOL_CONVERSION = YES;
				CLANG_WARN_CONSTANT_CONVERSION = YES;
				CLANG_WARN_EMPTY_BODY = YES;
				CLANG_WARN_ENUM_CONVERSION = YES;
				CLANG_WARN_INFINITE_RECURSION = YES;
				CLANG_WARN_INT_CONVERSION = YES;
				CLANG_WARN_SUSPICIOUS_MOVE = YES;
				CLANG_WARN_UNREACHABLE_CODE = YES;
				CLANG_WARN__DUPLICATE_METHOD_MATCH = YES;
				ENABLE_STRICT_OBJC_MSGSEND = YES;
				ENABLE_TESTABILITY = YES;
				GCC_NO_COMMON_BLOCKS = YES;
				GCC_OPTIMIZATION_LEVEL = 0;
				GCC_WARN_64_TO_32_BIT_CONVERSION = YES;
				GCC_WARN_ABOUT_RETURN_TYPE = YES;
				GCC_WARN_UNDECLARED_SELECTOR = YES;
				GCC_WARN_UNINITIALIZED_AUTOS = YES;
				GCC_WARN_UNUSED_FUNCTION = YES;
				GCC_WARN_UNUSED_VARIABLE = YES;
				IPHONEOS_DEPLOYMENT_TARGET = 8.0;
				MACOSX_DEPLOYMENT_TARGET = 10.11;
				ONLY_ACTIVE_ARCH = YES;
			};
			name = Debug;
		};
		A2527E601BD139E200F65412 /* Release */ = {
			isa = XCBuildConfiguration;
			buildSettings = {
				CLANG_ANALYZER_LOCALIZABILITY_NONLOCALIZED = YES;
				CLANG_WARN_BOOL_CONVERSION = YES;
				CLANG_WARN_CONSTANT_CONVERSION = YES;
				CLANG_WARN_EMPTY_BODY = YES;
				CLANG_WARN_ENUM_CONVERSION = YES;
				CLANG_WARN_INFINITE_RECURSION = YES;
				CLANG_WARN_INT_CONVERSION = YES;
				CLANG_WARN_SUSPICIOUS_MOVE = YES;
				CLANG_WARN_UNREACHABLE_CODE = YES;
				CLANG_WARN__DUPLICATE_METHOD_MATCH = YES;
				ENABLE_STRICT_OBJC_MSGSEND = YES;
				GCC_NO_COMMON_BLOCKS = YES;
				GCC_WARN_64_TO_32_BIT_CONVERSION = YES;
				GCC_WARN_ABOUT_RETURN_TYPE = YES;
				GCC_WARN_UNDECLARED_SELECTOR = YES;
				GCC_WARN_UNINITIALIZED_AUTOS = YES;
				GCC_WARN_UNUSED_FUNCTION = YES;
				GCC_WARN_UNUSED_VARIABLE = YES;
				IPHONEOS_DEPLOYMENT_TARGET = 8.0;
				MACOSX_DEPLOYMENT_TARGET = 10.11;
				SWIFT_OPTIMIZATION_LEVEL = "-Owholemodule";
			};
			name = Release;
		};
		A2527E741BD13A3B00F65412 /* Debug */ = {
			isa = XCBuildConfiguration;
			buildSettings = {
				ALWAYS_EMBED_SWIFT_STANDARD_LIBRARIES = YES;
				ALWAYS_SEARCH_USER_PATHS = NO;
				CLANG_CXX_LANGUAGE_STANDARD = "gnu++0x";
				CLANG_CXX_LIBRARY = "libc++";
				CLANG_ENABLE_MODULES = YES;
				CLANG_ENABLE_OBJC_ARC = YES;
				CLANG_WARN_BOOL_CONVERSION = YES;
				CLANG_WARN_CONSTANT_CONVERSION = YES;
				CLANG_WARN_DIRECT_OBJC_ISA_USAGE = YES_ERROR;
				CLANG_WARN_EMPTY_BODY = YES;
				CLANG_WARN_ENUM_CONVERSION = YES;
				CLANG_WARN_INT_CONVERSION = YES;
				CLANG_WARN_OBJC_ROOT_CLASS = YES_ERROR;
				CLANG_WARN_UNREACHABLE_CODE = YES;
				CLANG_WARN__DUPLICATE_METHOD_MATCH = YES;
				"CODE_SIGN_IDENTITY[sdk=macosx*]" = "Mac Developer";
				COMBINE_HIDPI_IMAGES = YES;
				COPY_PHASE_STRIP = NO;
				DEBUG_INFORMATION_FORMAT = dwarf;
				DEVELOPMENT_TEAM = 842SSJ357W;
				ENABLE_STRICT_OBJC_MSGSEND = YES;
				ENABLE_TESTABILITY = YES;
				GCC_C_LANGUAGE_STANDARD = gnu99;
				GCC_DYNAMIC_NO_PIC = NO;
				GCC_NO_COMMON_BLOCKS = YES;
				GCC_PREPROCESSOR_DEFINITIONS = (
					"DEBUG=1",
					"$(inherited)",
				);
				GCC_WARN_64_TO_32_BIT_CONVERSION = YES;
				GCC_WARN_ABOUT_RETURN_TYPE = YES_ERROR;
				GCC_WARN_UNDECLARED_SELECTOR = YES;
				GCC_WARN_UNINITIALIZED_AUTOS = YES_AGGRESSIVE;
				GCC_WARN_UNUSED_FUNCTION = YES;
				GCC_WARN_UNUSED_VARIABLE = YES;
				INFOPLIST_FILE = OSX/Info.plist;
				LD_RUNPATH_SEARCH_PATHS = "$(inherited) @executable_path/../Frameworks";
				MACOSX_DEPLOYMENT_TARGET = 10.11;
				MTL_ENABLE_DEBUG_INFO = YES;
				ONLY_ACTIVE_ARCH = YES;
				PRODUCT_BUNDLE_IDENTIFIER = "WE-St0r.SwiftyVK-Example-OSX";
				PRODUCT_NAME = "~SwiftyVK~";
				PROVISIONING_PROFILE = "";
				SDKROOT = macosx;
				SWIFT_OPTIMIZATION_LEVEL = "-Onone";
				SWIFT_VERSION = 3.0;
			};
			name = Debug;
		};
		A2527E751BD13A3B00F65412 /* Release */ = {
			isa = XCBuildConfiguration;
			buildSettings = {
				ALWAYS_EMBED_SWIFT_STANDARD_LIBRARIES = YES;
				ALWAYS_SEARCH_USER_PATHS = NO;
				CLANG_CXX_LANGUAGE_STANDARD = "gnu++0x";
				CLANG_CXX_LIBRARY = "libc++";
				CLANG_ENABLE_MODULES = YES;
				CLANG_ENABLE_OBJC_ARC = YES;
				CLANG_WARN_BOOL_CONVERSION = YES;
				CLANG_WARN_CONSTANT_CONVERSION = YES;
				CLANG_WARN_DIRECT_OBJC_ISA_USAGE = YES_ERROR;
				CLANG_WARN_EMPTY_BODY = YES;
				CLANG_WARN_ENUM_CONVERSION = YES;
				CLANG_WARN_INT_CONVERSION = YES;
				CLANG_WARN_OBJC_ROOT_CLASS = YES_ERROR;
				CLANG_WARN_UNREACHABLE_CODE = YES;
				CLANG_WARN__DUPLICATE_METHOD_MATCH = YES;
				"CODE_SIGN_IDENTITY[sdk=macosx*]" = "Mac Developer";
				COMBINE_HIDPI_IMAGES = YES;
				COPY_PHASE_STRIP = NO;
				DEBUG_INFORMATION_FORMAT = "dwarf-with-dsym";
				DEVELOPMENT_TEAM = 842SSJ357W;
				ENABLE_NS_ASSERTIONS = NO;
				ENABLE_STRICT_OBJC_MSGSEND = YES;
				GCC_C_LANGUAGE_STANDARD = gnu99;
				GCC_NO_COMMON_BLOCKS = YES;
				GCC_WARN_64_TO_32_BIT_CONVERSION = YES;
				GCC_WARN_ABOUT_RETURN_TYPE = YES_ERROR;
				GCC_WARN_UNDECLARED_SELECTOR = YES;
				GCC_WARN_UNINITIALIZED_AUTOS = YES_AGGRESSIVE;
				GCC_WARN_UNUSED_FUNCTION = YES;
				GCC_WARN_UNUSED_VARIABLE = YES;
				INFOPLIST_FILE = OSX/Info.plist;
				LD_RUNPATH_SEARCH_PATHS = "$(inherited) @executable_path/../Frameworks";
				MACOSX_DEPLOYMENT_TARGET = 10.11;
				MTL_ENABLE_DEBUG_INFO = NO;
				PRODUCT_BUNDLE_IDENTIFIER = "WE-St0r.SwiftyVK-Example-OSX";
				PRODUCT_NAME = "~SwiftyVK~";
				PROVISIONING_PROFILE = "";
				SDKROOT = macosx;
				SWIFT_VERSION = 3.0;
			};
			name = Release;
		};
		A2527E8A1BD13A5300F65412 /* Debug */ = {
			isa = XCBuildConfiguration;
			buildSettings = {
				ALWAYS_EMBED_SWIFT_STANDARD_LIBRARIES = YES;
				ALWAYS_SEARCH_USER_PATHS = NO;
				CLANG_CXX_LANGUAGE_STANDARD = "gnu++0x";
				CLANG_CXX_LIBRARY = "libc++";
				CLANG_ENABLE_MODULES = YES;
				CLANG_ENABLE_OBJC_ARC = YES;
				CLANG_WARN_BOOL_CONVERSION = YES;
				CLANG_WARN_CONSTANT_CONVERSION = YES;
				CLANG_WARN_DIRECT_OBJC_ISA_USAGE = YES_ERROR;
				CLANG_WARN_EMPTY_BODY = YES;
				CLANG_WARN_ENUM_CONVERSION = YES;
				CLANG_WARN_INT_CONVERSION = YES;
				CLANG_WARN_OBJC_ROOT_CLASS = YES_ERROR;
				CLANG_WARN_UNREACHABLE_CODE = YES;
				CLANG_WARN__DUPLICATE_METHOD_MATCH = YES;
				CODE_SIGN_IDENTITY = "iPhone Developer";
				"CODE_SIGN_IDENTITY[sdk=iphoneos*]" = "iPhone Developer";
				COPY_PHASE_STRIP = NO;
				DEBUG_INFORMATION_FORMAT = dwarf;
				DEVELOPMENT_TEAM = 842SSJ357W;
				ENABLE_STRICT_OBJC_MSGSEND = YES;
				ENABLE_TESTABILITY = YES;
				GCC_C_LANGUAGE_STANDARD = gnu99;
				GCC_DYNAMIC_NO_PIC = NO;
				GCC_NO_COMMON_BLOCKS = YES;
				GCC_PREPROCESSOR_DEFINITIONS = (
					"DEBUG=1",
					"$(inherited)",
				);
				GCC_WARN_64_TO_32_BIT_CONVERSION = YES;
				GCC_WARN_ABOUT_RETURN_TYPE = YES_ERROR;
				GCC_WARN_UNDECLARED_SELECTOR = YES;
				GCC_WARN_UNINITIALIZED_AUTOS = YES_AGGRESSIVE;
				GCC_WARN_UNUSED_FUNCTION = YES;
				GCC_WARN_UNUSED_VARIABLE = YES;
				INFOPLIST_FILE = iOS/Info.plist;
				IPHONEOS_DEPLOYMENT_TARGET = 9.0;
				LD_RUNPATH_SEARCH_PATHS = "$(inherited) @executable_path/Frameworks";
				MTL_ENABLE_DEBUG_INFO = YES;
				ONLY_ACTIVE_ARCH = YES;
				PRODUCT_BUNDLE_IDENTIFIER = "WE-St0r.SwiftyVK-Example-iOS";
				PRODUCT_NAME = "~SwiftyVK~";
				SDKROOT = iphoneos;
				SWIFT_OPTIMIZATION_LEVEL = "-Onone";
				SWIFT_VERSION = 3.0;
				TARGETED_DEVICE_FAMILY = "1,2";
			};
			name = Debug;
		};
		A2527E8B1BD13A5300F65412 /* Release */ = {
			isa = XCBuildConfiguration;
			buildSettings = {
				ALWAYS_EMBED_SWIFT_STANDARD_LIBRARIES = YES;
				ALWAYS_SEARCH_USER_PATHS = NO;
				CLANG_CXX_LANGUAGE_STANDARD = "gnu++0x";
				CLANG_CXX_LIBRARY = "libc++";
				CLANG_ENABLE_MODULES = YES;
				CLANG_ENABLE_OBJC_ARC = YES;
				CLANG_WARN_BOOL_CONVERSION = YES;
				CLANG_WARN_CONSTANT_CONVERSION = YES;
				CLANG_WARN_DIRECT_OBJC_ISA_USAGE = YES_ERROR;
				CLANG_WARN_EMPTY_BODY = YES;
				CLANG_WARN_ENUM_CONVERSION = YES;
				CLANG_WARN_INT_CONVERSION = YES;
				CLANG_WARN_OBJC_ROOT_CLASS = YES_ERROR;
				CLANG_WARN_UNREACHABLE_CODE = YES;
				CLANG_WARN__DUPLICATE_METHOD_MATCH = YES;
				CODE_SIGN_IDENTITY = "iPhone Developer";
				"CODE_SIGN_IDENTITY[sdk=iphoneos*]" = "iPhone Developer";
				COPY_PHASE_STRIP = NO;
				DEBUG_INFORMATION_FORMAT = "dwarf-with-dsym";
				DEVELOPMENT_TEAM = 842SSJ357W;
				ENABLE_NS_ASSERTIONS = NO;
				ENABLE_STRICT_OBJC_MSGSEND = YES;
				GCC_C_LANGUAGE_STANDARD = gnu99;
				GCC_NO_COMMON_BLOCKS = YES;
				GCC_WARN_64_TO_32_BIT_CONVERSION = YES;
				GCC_WARN_ABOUT_RETURN_TYPE = YES_ERROR;
				GCC_WARN_UNDECLARED_SELECTOR = YES;
				GCC_WARN_UNINITIALIZED_AUTOS = YES_AGGRESSIVE;
				GCC_WARN_UNUSED_FUNCTION = YES;
				GCC_WARN_UNUSED_VARIABLE = YES;
				INFOPLIST_FILE = iOS/Info.plist;
				IPHONEOS_DEPLOYMENT_TARGET = 9.0;
				LD_RUNPATH_SEARCH_PATHS = "$(inherited) @executable_path/Frameworks";
				MTL_ENABLE_DEBUG_INFO = NO;
				PRODUCT_BUNDLE_IDENTIFIER = "WE-St0r.SwiftyVK-Example-iOS";
				PRODUCT_NAME = "~SwiftyVK~";
				SDKROOT = iphoneos;
				SWIFT_VERSION = 3.0;
				TARGETED_DEVICE_FAMILY = "1,2";
				VALIDATE_PRODUCT = YES;
			};
			name = Release;
		};
		A280A8961DD0EFB0003BF914 /* Debug */ = {
			isa = XCBuildConfiguration;
			buildSettings = {
				DEVELOPMENT_TEAM = 842SSJ357W;
				PRODUCT_NAME = "$(TARGET_NAME)";
			};
			name = Debug;
		};
		A280A8971DD0EFB0003BF914 /* Release */ = {
			isa = XCBuildConfiguration;
			buildSettings = {
				DEVELOPMENT_TEAM = 842SSJ357W;
				PRODUCT_NAME = "$(TARGET_NAME)";
			};
			name = Release;
		};
		A2EB71351BD27639008E7D86 /* Debug */ = {
			isa = XCBuildConfiguration;
			buildSettings = {
				ALWAYS_SEARCH_USER_PATHS = NO;
				BUNDLE_LOADER = "$(TEST_HOST)";
				CLANG_CXX_LANGUAGE_STANDARD = "gnu++0x";
				CLANG_CXX_LIBRARY = "libc++";
				CLANG_ENABLE_MODULES = YES;
				CLANG_ENABLE_OBJC_ARC = YES;
				CLANG_WARN_BOOL_CONVERSION = YES;
				CLANG_WARN_CONSTANT_CONVERSION = YES;
				CLANG_WARN_DIRECT_OBJC_ISA_USAGE = YES_ERROR;
				CLANG_WARN_EMPTY_BODY = YES;
				CLANG_WARN_ENUM_CONVERSION = YES;
				CLANG_WARN_INT_CONVERSION = YES;
				CLANG_WARN_OBJC_ROOT_CLASS = YES_ERROR;
				CLANG_WARN_UNREACHABLE_CODE = YES;
				CLANG_WARN__DUPLICATE_METHOD_MATCH = YES;
				CODE_SIGN_IDENTITY = "-";
				COMBINE_HIDPI_IMAGES = YES;
				COPY_PHASE_STRIP = NO;
				DEBUG_INFORMATION_FORMAT = dwarf;
				ENABLE_STRICT_OBJC_MSGSEND = YES;
				ENABLE_TESTABILITY = YES;
				FRAMEWORK_SEARCH_PATHS = (
					"$(inherited)",
					"$(PROJECT_DIR)/Carthage/Build/Mac",
				);
				GCC_C_LANGUAGE_STANDARD = gnu99;
				GCC_DYNAMIC_NO_PIC = NO;
				GCC_NO_COMMON_BLOCKS = YES;
				GCC_PREPROCESSOR_DEFINITIONS = (
					"DEBUG=1",
					"$(inherited)",
				);
				GCC_WARN_64_TO_32_BIT_CONVERSION = YES;
				GCC_WARN_ABOUT_RETURN_TYPE = YES_ERROR;
				GCC_WARN_UNDECLARED_SELECTOR = YES;
				GCC_WARN_UNINITIALIZED_AUTOS = YES_AGGRESSIVE;
				GCC_WARN_UNUSED_FUNCTION = YES;
				GCC_WARN_UNUSED_VARIABLE = YES;
				INFOPLIST_FILE = "Resources/test-Info.plist";
				LD_RUNPATH_SEARCH_PATHS = "$(inherited) @executable_path/../Frameworks @loader_path/../Frameworks";
				MACOSX_DEPLOYMENT_TARGET = 10.11;
				MTL_ENABLE_DEBUG_INFO = YES;
				ONLY_ACTIVE_ARCH = YES;
				PRODUCT_BUNDLE_IDENTIFIER = "WE-St0r.SwiftyVK-Tests-OSX";
				PRODUCT_NAME = "$(TARGET_NAME)";
				SDKROOT = macosx;
				SWIFT_OBJC_BRIDGING_HEADER = "../Tests/SwiftyVK-Tests-Bridging-Header.h";
				SWIFT_VERSION = 3.0;
				TEST_HOST = "$(BUILT_PRODUCTS_DIR)/~SwiftyVK~.app/Contents/MacOS/~SwiftyVK~";
			};
			name = Debug;
		};
		A2EB71361BD27639008E7D86 /* Release */ = {
			isa = XCBuildConfiguration;
			buildSettings = {
				ALWAYS_SEARCH_USER_PATHS = NO;
				BUNDLE_LOADER = "$(TEST_HOST)";
				CLANG_CXX_LANGUAGE_STANDARD = "gnu++0x";
				CLANG_CXX_LIBRARY = "libc++";
				CLANG_ENABLE_MODULES = YES;
				CLANG_ENABLE_OBJC_ARC = YES;
				CLANG_WARN_BOOL_CONVERSION = YES;
				CLANG_WARN_CONSTANT_CONVERSION = YES;
				CLANG_WARN_DIRECT_OBJC_ISA_USAGE = YES_ERROR;
				CLANG_WARN_EMPTY_BODY = YES;
				CLANG_WARN_ENUM_CONVERSION = YES;
				CLANG_WARN_INT_CONVERSION = YES;
				CLANG_WARN_OBJC_ROOT_CLASS = YES_ERROR;
				CLANG_WARN_UNREACHABLE_CODE = YES;
				CLANG_WARN__DUPLICATE_METHOD_MATCH = YES;
				CODE_SIGN_IDENTITY = "-";
				COMBINE_HIDPI_IMAGES = YES;
				COPY_PHASE_STRIP = NO;
				DEBUG_INFORMATION_FORMAT = "dwarf-with-dsym";
				ENABLE_NS_ASSERTIONS = NO;
				ENABLE_STRICT_OBJC_MSGSEND = YES;
				FRAMEWORK_SEARCH_PATHS = (
					"$(inherited)",
					"$(PROJECT_DIR)/Carthage/Build/Mac",
				);
				GCC_C_LANGUAGE_STANDARD = gnu99;
				GCC_NO_COMMON_BLOCKS = YES;
				GCC_WARN_64_TO_32_BIT_CONVERSION = YES;
				GCC_WARN_ABOUT_RETURN_TYPE = YES_ERROR;
				GCC_WARN_UNDECLARED_SELECTOR = YES;
				GCC_WARN_UNINITIALIZED_AUTOS = YES_AGGRESSIVE;
				GCC_WARN_UNUSED_FUNCTION = YES;
				GCC_WARN_UNUSED_VARIABLE = YES;
				INFOPLIST_FILE = "Resources/test-Info.plist";
				LD_RUNPATH_SEARCH_PATHS = "$(inherited) @executable_path/../Frameworks @loader_path/../Frameworks";
				MACOSX_DEPLOYMENT_TARGET = 10.11;
				MTL_ENABLE_DEBUG_INFO = NO;
				PRODUCT_BUNDLE_IDENTIFIER = "WE-St0r.SwiftyVK-Tests-OSX";
				PRODUCT_NAME = "$(TARGET_NAME)";
				SDKROOT = macosx;
				SWIFT_OBJC_BRIDGING_HEADER = "../Tests/SwiftyVK-Tests-Bridging-Header.h";
				SWIFT_VERSION = 3.0;
				TEST_HOST = "$(BUILT_PRODUCTS_DIR)/~SwiftyVK~.app/Contents/MacOS/~SwiftyVK~";
			};
			name = Release;
		};
		A2EB71431BD27652008E7D86 /* Debug */ = {
			isa = XCBuildConfiguration;
			buildSettings = {
				ALWAYS_SEARCH_USER_PATHS = NO;
				BUNDLE_LOADER = "$(TEST_HOST)";
				CLANG_CXX_LANGUAGE_STANDARD = "gnu++0x";
				CLANG_CXX_LIBRARY = "libc++";
				CLANG_ENABLE_MODULES = YES;
				CLANG_ENABLE_OBJC_ARC = YES;
				CLANG_WARN_BOOL_CONVERSION = YES;
				CLANG_WARN_CONSTANT_CONVERSION = YES;
				CLANG_WARN_DIRECT_OBJC_ISA_USAGE = YES_ERROR;
				CLANG_WARN_EMPTY_BODY = YES;
				CLANG_WARN_ENUM_CONVERSION = YES;
				CLANG_WARN_INT_CONVERSION = YES;
				CLANG_WARN_OBJC_ROOT_CLASS = YES_ERROR;
				CLANG_WARN_UNREACHABLE_CODE = YES;
				CLANG_WARN__DUPLICATE_METHOD_MATCH = YES;
				"CODE_SIGN_IDENTITY[sdk=iphoneos*]" = "iPhone Developer";
				COPY_PHASE_STRIP = NO;
				DEBUG_INFORMATION_FORMAT = dwarf;
				ENABLE_STRICT_OBJC_MSGSEND = YES;
				ENABLE_TESTABILITY = YES;
				FRAMEWORK_SEARCH_PATHS = (
					"$(inherited)",
					"$(PROJECT_DIR)/Carthage/Build/iOS",
				);
				GCC_C_LANGUAGE_STANDARD = gnu99;
				GCC_DYNAMIC_NO_PIC = NO;
				GCC_NO_COMMON_BLOCKS = YES;
				GCC_PREPROCESSOR_DEFINITIONS = (
					"DEBUG=1",
					"$(inherited)",
				);
				GCC_WARN_64_TO_32_BIT_CONVERSION = YES;
				GCC_WARN_ABOUT_RETURN_TYPE = YES_ERROR;
				GCC_WARN_UNDECLARED_SELECTOR = YES;
				GCC_WARN_UNINITIALIZED_AUTOS = YES_AGGRESSIVE;
				GCC_WARN_UNUSED_FUNCTION = YES;
				GCC_WARN_UNUSED_VARIABLE = YES;
				INFOPLIST_FILE = "Resources/test-Info.plist";
				IPHONEOS_DEPLOYMENT_TARGET = 9.1;
				LD_RUNPATH_SEARCH_PATHS = "$(inherited) @executable_path/Frameworks @loader_path/Frameworks";
				MTL_ENABLE_DEBUG_INFO = YES;
				ONLY_ACTIVE_ARCH = YES;
				PRODUCT_BUNDLE_IDENTIFIER = "WE-St0r.SwiftyVK-Tests-iOS";
				PRODUCT_NAME = "$(TARGET_NAME)";
				SDKROOT = iphoneos;
				SWIFT_OBJC_BRIDGING_HEADER = "../Tests/SwiftyVK-Tests-Bridging-Header.h";
				SWIFT_VERSION = 3.0;
				TEST_HOST = "$(BUILT_PRODUCTS_DIR)/~SwiftyVK~.app/~SwiftyVK~";
			};
			name = Debug;
		};
		A2EB71441BD27652008E7D86 /* Release */ = {
			isa = XCBuildConfiguration;
			buildSettings = {
				ALWAYS_SEARCH_USER_PATHS = NO;
				BUNDLE_LOADER = "$(TEST_HOST)";
				CLANG_CXX_LANGUAGE_STANDARD = "gnu++0x";
				CLANG_CXX_LIBRARY = "libc++";
				CLANG_ENABLE_MODULES = YES;
				CLANG_ENABLE_OBJC_ARC = YES;
				CLANG_WARN_BOOL_CONVERSION = YES;
				CLANG_WARN_CONSTANT_CONVERSION = YES;
				CLANG_WARN_DIRECT_OBJC_ISA_USAGE = YES_ERROR;
				CLANG_WARN_EMPTY_BODY = YES;
				CLANG_WARN_ENUM_CONVERSION = YES;
				CLANG_WARN_INT_CONVERSION = YES;
				CLANG_WARN_OBJC_ROOT_CLASS = YES_ERROR;
				CLANG_WARN_UNREACHABLE_CODE = YES;
				CLANG_WARN__DUPLICATE_METHOD_MATCH = YES;
				"CODE_SIGN_IDENTITY[sdk=iphoneos*]" = "iPhone Developer";
				COPY_PHASE_STRIP = NO;
				DEBUG_INFORMATION_FORMAT = "dwarf-with-dsym";
				ENABLE_NS_ASSERTIONS = NO;
				ENABLE_STRICT_OBJC_MSGSEND = YES;
				FRAMEWORK_SEARCH_PATHS = (
					"$(inherited)",
					"$(PROJECT_DIR)/Carthage/Build/iOS",
				);
				GCC_C_LANGUAGE_STANDARD = gnu99;
				GCC_NO_COMMON_BLOCKS = YES;
				GCC_WARN_64_TO_32_BIT_CONVERSION = YES;
				GCC_WARN_ABOUT_RETURN_TYPE = YES_ERROR;
				GCC_WARN_UNDECLARED_SELECTOR = YES;
				GCC_WARN_UNINITIALIZED_AUTOS = YES_AGGRESSIVE;
				GCC_WARN_UNUSED_FUNCTION = YES;
				GCC_WARN_UNUSED_VARIABLE = YES;
				INFOPLIST_FILE = "Resources/test-Info.plist";
				IPHONEOS_DEPLOYMENT_TARGET = 9.1;
				LD_RUNPATH_SEARCH_PATHS = "$(inherited) @executable_path/Frameworks @loader_path/Frameworks";
				MTL_ENABLE_DEBUG_INFO = NO;
				PRODUCT_BUNDLE_IDENTIFIER = "WE-St0r.SwiftyVK-Tests-iOS";
				PRODUCT_NAME = "$(TARGET_NAME)";
				SDKROOT = iphoneos;
				SWIFT_OBJC_BRIDGING_HEADER = "../Tests/SwiftyVK-Tests-Bridging-Header.h";
				SWIFT_VERSION = 3.0;
				TEST_HOST = "$(BUILT_PRODUCTS_DIR)/~SwiftyVK~.app/~SwiftyVK~";
				VALIDATE_PRODUCT = YES;
			};
			name = Release;
		};
/* End XCBuildConfiguration section */

/* Begin XCConfigurationList section */
		A2527E5E1BD139E200F65412 /* Build configuration list for PBXProject "Example" */ = {
			isa = XCConfigurationList;
			buildConfigurations = (
				A2527E5F1BD139E200F65412 /* Debug */,
				A2527E601BD139E200F65412 /* Release */,
			);
			defaultConfigurationIsVisible = 0;
			defaultConfigurationName = Release;
		};
		A2527E731BD13A3B00F65412 /* Build configuration list for PBXNativeTarget "SwiftyVK-Example-OSX" */ = {
			isa = XCConfigurationList;
			buildConfigurations = (
				A2527E741BD13A3B00F65412 /* Debug */,
				A2527E751BD13A3B00F65412 /* Release */,
			);
			defaultConfigurationIsVisible = 0;
			defaultConfigurationName = Release;
		};
		A2527E891BD13A5300F65412 /* Build configuration list for PBXNativeTarget "SwiftyVK-Example-iOS" */ = {
			isa = XCConfigurationList;
			buildConfigurations = (
				A2527E8A1BD13A5300F65412 /* Debug */,
				A2527E8B1BD13A5300F65412 /* Release */,
			);
			defaultConfigurationIsVisible = 0;
			defaultConfigurationName = Release;
		};
		A280A8951DD0EFB0003BF914 /* Build configuration list for PBXAggregateTarget "SwiftyVK-Tests" */ = {
			isa = XCConfigurationList;
			buildConfigurations = (
				A280A8961DD0EFB0003BF914 /* Debug */,
				A280A8971DD0EFB0003BF914 /* Release */,
			);
			defaultConfigurationIsVisible = 0;
			defaultConfigurationName = Release;
		};
		A2EB71341BD27639008E7D86 /* Build configuration list for PBXNativeTarget "SwiftyVK-Tests-OSX" */ = {
			isa = XCConfigurationList;
			buildConfigurations = (
				A2EB71351BD27639008E7D86 /* Debug */,
				A2EB71361BD27639008E7D86 /* Release */,
			);
			defaultConfigurationIsVisible = 0;
			defaultConfigurationName = Release;
		};
		A2EB71421BD27652008E7D86 /* Build configuration list for PBXNativeTarget "SwiftyVK-Tests-iOS" */ = {
			isa = XCConfigurationList;
			buildConfigurations = (
				A2EB71431BD27652008E7D86 /* Debug */,
				A2EB71441BD27652008E7D86 /* Release */,
			);
			defaultConfigurationIsVisible = 0;
			defaultConfigurationName = Release;
		};
/* End XCConfigurationList section */
	};
	rootObject = A2527E5B1BD139E200F65412 /* Project object */;
}
