// !$*UTF8*$!
{
	archiveVersion = 1;
	classes = {
	};
	objectVersion = 46;
	objects = {

/* Begin PBXBuildFile section */
		A204446C1EE2DFE700612E57 /* Main.storyboard in Resources */ = {isa = PBXBuildFile; fileRef = A204446B1EE2DFE700612E57 /* Main.storyboard */; };
		A20444741EE2E06400612E57 /* ViewController_macOS.swift in Sources */ = {isa = PBXBuildFile; fileRef = A20444731EE2E06400612E57 /* ViewController_macOS.swift */; };
		A2087A5D1D8580A90076BB5E /* SwiftyVK.framework in Frameworks */ = {isa = PBXBuildFile; fileRef = A2087A561D8580940076BB5E /* SwiftyVK.framework */; };
		A2087A5E1D8580A90076BB5E /* SwiftyVK.framework in Embed Frameworks */ = {isa = PBXBuildFile; fileRef = A2087A561D8580940076BB5E /* SwiftyVK.framework */; settings = {ATTRIBUTES = (CodeSignOnCopy, RemoveHeadersOnCopy, ); }; };
		A2087A611D8580B00076BB5E /* SwiftyVK.framework in Frameworks */ = {isa = PBXBuildFile; fileRef = A2087A581D8580940076BB5E /* SwiftyVK.framework */; };
		A2087A621D8580B00076BB5E /* SwiftyVK.framework in Embed Frameworks */ = {isa = PBXBuildFile; fileRef = A2087A581D8580940076BB5E /* SwiftyVK.framework */; settings = {ATTRIBUTES = (CodeSignOnCopy, RemoveHeadersOnCopy, ); }; };
		A20DB7281DCCBA050030DFE2 /* AppDelegate.swift in Sources */ = {isa = PBXBuildFile; fileRef = A21CD49B1D98143300FF2D88 /* AppDelegate.swift */; };
		A21CD49D1D98143300FF2D88 /* AppDelegate.swift in Sources */ = {isa = PBXBuildFile; fileRef = A21CD49B1D98143300FF2D88 /* AppDelegate.swift */; };
		A227371D1CF462F60042868A /* VKDelegateExample.swift in Sources */ = {isa = PBXBuildFile; fileRef = A227371C1CF462F60042868A /* VKDelegateExample.swift */; };
		A22737201CF466100042868A /* VKDelegateExample.swift in Sources */ = {isa = PBXBuildFile; fileRef = A227371C1CF462F60042868A /* VKDelegateExample.swift */; };
		A2527E7F1BD13A5300F65412 /* ViewController_iOS.swift in Sources */ = {isa = PBXBuildFile; fileRef = A2527E7E1BD13A5300F65412 /* ViewController_iOS.swift */; };
		A2527E821BD13A5300F65412 /* Main.storyboard in Resources */ = {isa = PBXBuildFile; fileRef = A2527E801BD13A5300F65412 /* Main.storyboard */; };
		A2527E871BD13A5300F65412 /* LaunchScreen.storyboard in Resources */ = {isa = PBXBuildFile; fileRef = A2527E851BD13A5300F65412 /* LaunchScreen.storyboard */; };
		A2527EBD1BD13F7E00F65412 /* APIWorker.swift in Sources */ = {isa = PBXBuildFile; fileRef = A2527EBC1BD13F7E00F65412 /* APIWorker.swift */; };
		A2527EBE1BD13F7E00F65412 /* APIWorker.swift in Sources */ = {isa = PBXBuildFile; fileRef = A2527EBC1BD13F7E00F65412 /* APIWorker.swift */; };
		D4BBF0351F9D10CC00AC425C /* Assets.xcassets in Resources */ = {isa = PBXBuildFile; fileRef = D47E1CD41F92B3F5002BB2AC /* Assets.xcassets */; };
		D4BBF0361F9D10CC00AC425C /* Assets.xcassets in Resources */ = {isa = PBXBuildFile; fileRef = D47E1CD41F92B3F5002BB2AC /* Assets.xcassets */; };
/* End PBXBuildFile section */

/* Begin PBXContainerItemProxy section */
		A2087A551D8580940076BB5E /* PBXContainerItemProxy */ = {
			isa = PBXContainerItemProxy;
			containerPortal = A2087A4E1D8580940076BB5E /* SwiftyVK.xcodeproj */;
			proxyType = 2;
			remoteGlobalIDString = A2EB6EA81BD180E9008E7D86;
			remoteInfo = "SwiftyVK-OSX";
		};
		A2087A571D8580940076BB5E /* PBXContainerItemProxy */ = {
			isa = PBXContainerItemProxy;
			containerPortal = A2087A4E1D8580940076BB5E /* SwiftyVK.xcodeproj */;
			proxyType = 2;
			remoteGlobalIDString = A2EB6E9B1BD180DD008E7D86;
			remoteInfo = "SwiftyVK-iOS";
		};
		A2087A591D8580940076BB5E /* PBXContainerItemProxy */ = {
			isa = PBXContainerItemProxy;
			containerPortal = A2087A4E1D8580940076BB5E /* SwiftyVK.xcodeproj */;
			proxyType = 2;
			remoteGlobalIDString = A2527D4B1BD1130D00F65412;
			remoteInfo = "SwiftyVKResources-OSX";
		};
		A2087A5B1D8580940076BB5E /* PBXContainerItemProxy */ = {
			isa = PBXContainerItemProxy;
			containerPortal = A2087A4E1D8580940076BB5E /* SwiftyVK.xcodeproj */;
			proxyType = 2;
			remoteGlobalIDString = A2527D551BD1134500F65412;
			remoteInfo = "SwiftyVKResources-iOS";
		};
		A223C8841EB8E33600EC4E4A /* PBXContainerItemProxy */ = {
			isa = PBXContainerItemProxy;
			containerPortal = A2087A4E1D8580940076BB5E /* SwiftyVK.xcodeproj */;
			proxyType = 2;
			remoteGlobalIDString = A23708BA1EA52F0D00103212;
			remoteInfo = "SwiftyVK-Tests-OSX";
		};
		D47E1CD21F92B3EA002BB2AC /* PBXContainerItemProxy */ = {
			isa = PBXContainerItemProxy;
			containerPortal = A2087A4E1D8580940076BB5E /* SwiftyVK.xcodeproj */;
			proxyType = 2;
			remoteGlobalIDString = D46FB3E11F929D7A000CEAEB;
			remoteInfo = SwiftyVK_tests_iOS;
		};
/* End PBXContainerItemProxy section */

/* Begin PBXCopyFilesBuildPhase section */
		A2087A3A1D85803F0076BB5E /* Embed Frameworks */ = {
			isa = PBXCopyFilesBuildPhase;
			buildActionMask = 2147483647;
			dstPath = "";
			dstSubfolderSpec = 10;
			files = (
				A2087A5E1D8580A90076BB5E /* SwiftyVK.framework in Embed Frameworks */,
			);
			name = "Embed Frameworks";
			runOnlyForDeploymentPostprocessing = 0;
		};
		A2087A451D85805D0076BB5E /* Embed Frameworks */ = {
			isa = PBXCopyFilesBuildPhase;
			buildActionMask = 2147483647;
			dstPath = "";
			dstSubfolderSpec = 10;
			files = (
				A2087A621D8580B00076BB5E /* SwiftyVK.framework in Embed Frameworks */,
			);
			name = "Embed Frameworks";
			runOnlyForDeploymentPostprocessing = 0;
		};
		A2EB71D11BD3B994008E7D86 /* Embed Watch Content */ = {
			isa = PBXCopyFilesBuildPhase;
			buildActionMask = 2147483647;
			dstPath = "$(CONTENTS_FOLDER_PATH)/Watch";
			dstSubfolderSpec = 16;
			files = (
			);
			name = "Embed Watch Content";
			runOnlyForDeploymentPostprocessing = 0;
		};
/* End PBXCopyFilesBuildPhase section */

/* Begin PBXFileReference section */
		A204446B1EE2DFE700612E57 /* Main.storyboard */ = {isa = PBXFileReference; fileEncoding = 4; lastKnownFileType = file.storyboard; path = Main.storyboard; sourceTree = "<group>"; };
		A20444731EE2E06400612E57 /* ViewController_macOS.swift */ = {isa = PBXFileReference; fileEncoding = 4; lastKnownFileType = sourcecode.swift; path = ViewController_macOS.swift; sourceTree = "<group>"; };
		A2087A4E1D8580940076BB5E /* SwiftyVK.xcodeproj */ = {isa = PBXFileReference; lastKnownFileType = "wrapper.pb-project"; name = SwiftyVK.xcodeproj; path = Library/SwiftyVK.xcodeproj; sourceTree = "<group>"; };
		A21CD49B1D98143300FF2D88 /* AppDelegate.swift */ = {isa = PBXFileReference; fileEncoding = 4; lastKnownFileType = sourcecode.swift; lineEnding = 0; path = AppDelegate.swift; sourceTree = "<group>"; xcLanguageSpecificationIdentifier = xcode.lang.swift; };
		A227371C1CF462F60042868A /* VKDelegateExample.swift */ = {isa = PBXFileReference; fileEncoding = 4; lastKnownFileType = sourcecode.swift; path = VKDelegateExample.swift; sourceTree = "<group>"; };
		A234A41D1BE354A200856CA5 /* de */ = {isa = PBXFileReference; lastKnownFileType = text.plist.strings; name = de; path = de.lproj/Main.strings; sourceTree = "<group>"; };
		A234A41E1BE354A200856CA5 /* de */ = {isa = PBXFileReference; lastKnownFileType = text.plist.strings; name = de; path = de.lproj/LaunchScreen.strings; sourceTree = "<group>"; };
		A234A4201BE354B400856CA5 /* es */ = {isa = PBXFileReference; lastKnownFileType = text.plist.strings; name = es; path = es.lproj/Main.strings; sourceTree = "<group>"; };
		A234A4211BE354B400856CA5 /* es */ = {isa = PBXFileReference; lastKnownFileType = text.plist.strings; name = es; path = es.lproj/LaunchScreen.strings; sourceTree = "<group>"; };
		A234A4231BE354CF00856CA5 /* uk */ = {isa = PBXFileReference; lastKnownFileType = text.plist.strings; name = uk; path = uk.lproj/Main.strings; sourceTree = "<group>"; };
		A234A4241BE354CF00856CA5 /* uk */ = {isa = PBXFileReference; lastKnownFileType = text.plist.strings; name = uk; path = uk.lproj/LaunchScreen.strings; sourceTree = "<group>"; };
		A234A4261BE354D800856CA5 /* it */ = {isa = PBXFileReference; lastKnownFileType = text.plist.strings; name = it; path = it.lproj/Main.strings; sourceTree = "<group>"; };
		A234A4271BE354D800856CA5 /* it */ = {isa = PBXFileReference; lastKnownFileType = text.plist.strings; name = it; path = it.lproj/LaunchScreen.strings; sourceTree = "<group>"; };
		A234A4291BE354E500856CA5 /* be */ = {isa = PBXFileReference; lastKnownFileType = text.plist.strings; name = be; path = be.lproj/Main.strings; sourceTree = "<group>"; };
		A234A42A1BE354E500856CA5 /* be */ = {isa = PBXFileReference; lastKnownFileType = text.plist.strings; name = be; path = be.lproj/LaunchScreen.strings; sourceTree = "<group>"; };
		A234A42C1BE354FD00856CA5 /* fi */ = {isa = PBXFileReference; lastKnownFileType = text.plist.strings; name = fi; path = fi.lproj/Main.strings; sourceTree = "<group>"; };
		A234A42D1BE354FD00856CA5 /* fi */ = {isa = PBXFileReference; lastKnownFileType = text.plist.strings; name = fi; path = fi.lproj/LaunchScreen.strings; sourceTree = "<group>"; };
		A2527E681BD13A3B00F65412 /* ~SwiftyVK~.app */ = {isa = PBXFileReference; explicitFileType = wrapper.application; includeInIndex = 0; path = "~SwiftyVK~.app"; sourceTree = BUILT_PRODUCTS_DIR; };
		A2527E721BD13A3B00F65412 /* Info.plist */ = {isa = PBXFileReference; lastKnownFileType = text.plist.xml; path = Info.plist; sourceTree = "<group>"; };
		A2527E7A1BD13A5300F65412 /* ~SwiftyVK~.app */ = {isa = PBXFileReference; explicitFileType = wrapper.application; includeInIndex = 0; path = "~SwiftyVK~.app"; sourceTree = BUILT_PRODUCTS_DIR; };
		A2527E7E1BD13A5300F65412 /* ViewController_iOS.swift */ = {isa = PBXFileReference; lastKnownFileType = sourcecode.swift; path = ViewController_iOS.swift; sourceTree = "<group>"; };
		A2527E811BD13A5300F65412 /* Base */ = {isa = PBXFileReference; lastKnownFileType = file.storyboard; name = Base; path = Base.lproj/Main.storyboard; sourceTree = "<group>"; };
		A2527E861BD13A5300F65412 /* Base */ = {isa = PBXFileReference; lastKnownFileType = file.storyboard; name = Base; path = Base.lproj/LaunchScreen.storyboard; sourceTree = "<group>"; };
		A2527E881BD13A5300F65412 /* Info.plist */ = {isa = PBXFileReference; lastKnownFileType = text.plist.xml; path = Info.plist; sourceTree = "<group>"; };
		A2527EBC1BD13F7E00F65412 /* APIWorker.swift */ = {isa = PBXFileReference; fileEncoding = 4; lastKnownFileType = sourcecode.swift; lineEnding = 0; path = APIWorker.swift; sourceTree = "<group>"; xcLanguageSpecificationIdentifier = xcode.lang.swift; };
		A2EB6F3C1BD186F9008E7D86 /* ru */ = {isa = PBXFileReference; lastKnownFileType = text.plist.strings; name = ru; path = ru.lproj/Main.strings; sourceTree = "<group>"; };
		A2EB6F3D1BD186F9008E7D86 /* ru */ = {isa = PBXFileReference; lastKnownFileType = text.plist.strings; name = ru; path = ru.lproj/LaunchScreen.strings; sourceTree = "<group>"; };
		D47E1CD41F92B3F5002BB2AC /* Assets.xcassets */ = {isa = PBXFileReference; lastKnownFileType = folder.assetcatalog; name = Assets.xcassets; path = Example/Assets.xcassets; sourceTree = "<group>"; };
/* End PBXFileReference section */

/* Begin PBXFrameworksBuildPhase section */
		A2527E651BD13A3B00F65412 /* Frameworks */ = {
			isa = PBXFrameworksBuildPhase;
			buildActionMask = 2147483647;
			files = (
				A2087A5D1D8580A90076BB5E /* SwiftyVK.framework in Frameworks */,
			);
			runOnlyForDeploymentPostprocessing = 0;
		};
		A2527E771BD13A5300F65412 /* Frameworks */ = {
			isa = PBXFrameworksBuildPhase;
			buildActionMask = 2147483647;
			files = (
				A2087A611D8580B00076BB5E /* SwiftyVK.framework in Frameworks */,
			);
			runOnlyForDeploymentPostprocessing = 0;
		};
/* End PBXFrameworksBuildPhase section */

/* Begin PBXGroup section */
		A2087A4F1D8580940076BB5E /* Products */ = {
			isa = PBXGroup;
			children = (
				A2087A561D8580940076BB5E /* SwiftyVK.framework */,
				A2087A581D8580940076BB5E /* SwiftyVK.framework */,
				A2087A5A1D8580940076BB5E /* SwiftyVK_resources_macOS.bundle */,
				A2087A5C1D8580940076BB5E /* SwiftyVK_resources_iOS.bundle */,
				A223C8851EB8E33600EC4E4A /* SwiftyVK_tests_macOS.xctest */,
				D47E1CD31F92B3EA002BB2AC /* SwiftyVK_tests_iOS.xctest */,
			);
			name = Products;
			sourceTree = "<group>";
		};
		A25221041BD17B450047C638 /* Resources */ = {
			isa = PBXGroup;
			children = (
				D47E1CD41F92B3F5002BB2AC /* Assets.xcassets */,
				A2087A4E1D8580940076BB5E /* SwiftyVK.xcodeproj */,
				A2527E6A1BD13A3B00F65412 /* OSX */,
				A2527E7B1BD13A5300F65412 /* iOS */,
			);
			name = Resources;
			path = ..;
			sourceTree = "<group>";
		};
		A2527E5A1BD139E200F65412 = {
			isa = PBXGroup;
			children = (
				A21CD49B1D98143300FF2D88 /* AppDelegate.swift */,
				A227371C1CF462F60042868A /* VKDelegateExample.swift */,
				A2527EBC1BD13F7E00F65412 /* APIWorker.swift */,
				A25221041BD17B450047C638 /* Resources */,
				A2527E691BD13A3B00F65412 /* Products */,
			);
			sourceTree = "<group>";
		};
		A2527E691BD13A3B00F65412 /* Products */ = {
			isa = PBXGroup;
			children = (
				A2527E681BD13A3B00F65412 /* ~SwiftyVK~.app */,
				A2527E7A1BD13A5300F65412 /* ~SwiftyVK~.app */,
			);
			name = Products;
			sourceTree = "<group>";
		};
		A2527E6A1BD13A3B00F65412 /* OSX */ = {
			isa = PBXGroup;
			children = (
				A204446B1EE2DFE700612E57 /* Main.storyboard */,
				A2527E721BD13A3B00F65412 /* Info.plist */,
				A20444731EE2E06400612E57 /* ViewController_macOS.swift */,
			);
			name = OSX;
			path = Example/OSX;
			sourceTree = "<group>";
		};
		A2527E7B1BD13A5300F65412 /* iOS */ = {
			isa = PBXGroup;
			children = (
				A2527E7E1BD13A5300F65412 /* ViewController_iOS.swift */,
				A2527E801BD13A5300F65412 /* Main.storyboard */,
				A2527E851BD13A5300F65412 /* LaunchScreen.storyboard */,
				A2527E881BD13A5300F65412 /* Info.plist */,
			);
			name = iOS;
			path = Example/iOS;
			sourceTree = "<group>";
		};
/* End PBXGroup section */

/* Begin PBXNativeTarget section */
		A2527E671BD13A3B00F65412 /* SwiftyVK-Example-OSX */ = {
			isa = PBXNativeTarget;
			buildConfigurationList = A2527E731BD13A3B00F65412 /* Build configuration list for PBXNativeTarget "SwiftyVK-Example-OSX" */;
			buildPhases = (
				A2527E641BD13A3B00F65412 /* Sources */,
				A2527E651BD13A3B00F65412 /* Frameworks */,
				A2527E661BD13A3B00F65412 /* Resources */,
				A2087A3A1D85803F0076BB5E /* Embed Frameworks */,
			);
			buildRules = (
			);
			dependencies = (
			);
			name = "SwiftyVK-Example-OSX";
			productName = "SwiftyVK-Example-OSX";
			productReference = A2527E681BD13A3B00F65412 /* ~SwiftyVK~.app */;
			productType = "com.apple.product-type.application";
		};
		A2527E791BD13A5300F65412 /* SwiftyVK-Example-iOS */ = {
			isa = PBXNativeTarget;
			buildConfigurationList = A2527E891BD13A5300F65412 /* Build configuration list for PBXNativeTarget "SwiftyVK-Example-iOS" */;
			buildPhases = (
				A2527E761BD13A5300F65412 /* Sources */,
				A2527E771BD13A5300F65412 /* Frameworks */,
				A2527E781BD13A5300F65412 /* Resources */,
				A2EB71D11BD3B994008E7D86 /* Embed Watch Content */,
				A2087A451D85805D0076BB5E /* Embed Frameworks */,
			);
			buildRules = (
			);
			dependencies = (
			);
			name = "SwiftyVK-Example-iOS";
			productName = "SwiftyVK-Example-iOS";
			productReference = A2527E7A1BD13A5300F65412 /* ~SwiftyVK~.app */;
			productType = "com.apple.product-type.application";
		};
/* End PBXNativeTarget section */

/* Begin PBXProject section */
		A2527E5B1BD139E200F65412 /* Project object */ = {
			isa = PBXProject;
			attributes = {
				LastSwiftUpdateCheck = 0800;
				LastUpgradeCheck = 0900;
				TargetAttributes = {
					A2527E671BD13A3B00F65412 = {
						CreatedOnToolsVersion = 7.1;
						DevelopmentTeam = 842SSJ357W;
						DevelopmentTeamName = "Алексей Кудрявцев (Personal Team)";
						LastSwiftMigration = 0900;
						SystemCapabilities = {
							com.apple.Sandbox = {
								enabled = 1;
							};
						};
					};
					A2527E791BD13A5300F65412 = {
						CreatedOnToolsVersion = 7.1;
						DevelopmentTeam = 842SSJ357W;
						DevelopmentTeamName = "Алексей Кудрявцев (Personal Team)";
						LastSwiftMigration = 0900;
						SystemCapabilities = {
							com.apple.Keychain = {
								enabled = 0;
							};
						};
					};
				};
			};
			buildConfigurationList = A2527E5E1BD139E200F65412 /* Build configuration list for PBXProject "Example" */;
			compatibilityVersion = "Xcode 3.2";
			developmentRegion = English;
			hasScannedForEncodings = 0;
			knownRegions = (
				en,
				Base,
			);
			mainGroup = A2527E5A1BD139E200F65412;
			productRefGroup = A2527E691BD13A3B00F65412 /* Products */;
			projectDirPath = "";
			projectReferences = (
				{
					ProductGroup = A2087A4F1D8580940076BB5E /* Products */;
					ProjectRef = A2087A4E1D8580940076BB5E /* SwiftyVK.xcodeproj */;
				},
			);
			projectRoot = "";
			targets = (
				A2527E671BD13A3B00F65412 /* SwiftyVK-Example-OSX */,
				A2527E791BD13A5300F65412 /* SwiftyVK-Example-iOS */,
			);
		};
/* End PBXProject section */

/* Begin PBXReferenceProxy section */
		A2087A561D8580940076BB5E /* SwiftyVK.framework */ = {
			isa = PBXReferenceProxy;
			fileType = wrapper.framework;
			path = SwiftyVK.framework;
			remoteRef = A2087A551D8580940076BB5E /* PBXContainerItemProxy */;
			sourceTree = BUILT_PRODUCTS_DIR;
		};
		A2087A581D8580940076BB5E /* SwiftyVK.framework */ = {
			isa = PBXReferenceProxy;
			fileType = wrapper.framework;
			path = SwiftyVK.framework;
			remoteRef = A2087A571D8580940076BB5E /* PBXContainerItemProxy */;
			sourceTree = BUILT_PRODUCTS_DIR;
		};
		A2087A5A1D8580940076BB5E /* SwiftyVK_resources_macOS.bundle */ = {
			isa = PBXReferenceProxy;
			fileType = wrapper.cfbundle;
			path = SwiftyVK_resources_macOS.bundle;
			remoteRef = A2087A591D8580940076BB5E /* PBXContainerItemProxy */;
			sourceTree = BUILT_PRODUCTS_DIR;
		};
		A2087A5C1D8580940076BB5E /* SwiftyVK_resources_iOS.bundle */ = {
			isa = PBXReferenceProxy;
			fileType = wrapper.cfbundle;
			path = SwiftyVK_resources_iOS.bundle;
			remoteRef = A2087A5B1D8580940076BB5E /* PBXContainerItemProxy */;
			sourceTree = BUILT_PRODUCTS_DIR;
		};
		A223C8851EB8E33600EC4E4A /* SwiftyVK_tests_macOS.xctest */ = {
			isa = PBXReferenceProxy;
			fileType = wrapper.cfbundle;
			path = SwiftyVK_tests_macOS.xctest;
			remoteRef = A223C8841EB8E33600EC4E4A /* PBXContainerItemProxy */;
			sourceTree = BUILT_PRODUCTS_DIR;
		};
		D47E1CD31F92B3EA002BB2AC /* SwiftyVK_tests_iOS.xctest */ = {
			isa = PBXReferenceProxy;
			fileType = wrapper.cfbundle;
			path = SwiftyVK_tests_iOS.xctest;
			remoteRef = D47E1CD21F92B3EA002BB2AC /* PBXContainerItemProxy */;
			sourceTree = BUILT_PRODUCTS_DIR;
		};
/* End PBXReferenceProxy section */

/* Begin PBXResourcesBuildPhase section */
		A2527E661BD13A3B00F65412 /* Resources */ = {
			isa = PBXResourcesBuildPhase;
			buildActionMask = 2147483647;
			files = (
				D4BBF0351F9D10CC00AC425C /* Assets.xcassets in Resources */,
				A204446C1EE2DFE700612E57 /* Main.storyboard in Resources */,
			);
			runOnlyForDeploymentPostprocessing = 0;
		};
		A2527E781BD13A5300F65412 /* Resources */ = {
			isa = PBXResourcesBuildPhase;
			buildActionMask = 2147483647;
			files = (
				A2527E871BD13A5300F65412 /* LaunchScreen.storyboard in Resources */,
				D4BBF0361F9D10CC00AC425C /* Assets.xcassets in Resources */,
				A2527E821BD13A5300F65412 /* Main.storyboard in Resources */,
			);
			runOnlyForDeploymentPostprocessing = 0;
		};
/* End PBXResourcesBuildPhase section */

/* Begin PBXSourcesBuildPhase section */
		A2527E641BD13A3B00F65412 /* Sources */ = {
			isa = PBXSourcesBuildPhase;
			buildActionMask = 2147483647;
			files = (
				A20DB7281DCCBA050030DFE2 /* AppDelegate.swift in Sources */,
				A2527EBD1BD13F7E00F65412 /* APIWorker.swift in Sources */,
				A20444741EE2E06400612E57 /* ViewController_macOS.swift in Sources */,
				A227371D1CF462F60042868A /* VKDelegateExample.swift in Sources */,
			);
			runOnlyForDeploymentPostprocessing = 0;
		};
		A2527E761BD13A5300F65412 /* Sources */ = {
			isa = PBXSourcesBuildPhase;
			buildActionMask = 2147483647;
			files = (
				A2527E7F1BD13A5300F65412 /* ViewController_iOS.swift in Sources */,
				A22737201CF466100042868A /* VKDelegateExample.swift in Sources */,
				A2527EBE1BD13F7E00F65412 /* APIWorker.swift in Sources */,
				A21CD49D1D98143300FF2D88 /* AppDelegate.swift in Sources */,
			);
			runOnlyForDeploymentPostprocessing = 0;
		};
/* End PBXSourcesBuildPhase section */

/* Begin PBXVariantGroup section */
		A2527E801BD13A5300F65412 /* Main.storyboard */ = {
			isa = PBXVariantGroup;
			children = (
				A2527E811BD13A5300F65412 /* Base */,
				A2EB6F3C1BD186F9008E7D86 /* ru */,
				A234A41D1BE354A200856CA5 /* de */,
				A234A4201BE354B400856CA5 /* es */,
				A234A4231BE354CF00856CA5 /* uk */,
				A234A4261BE354D800856CA5 /* it */,
				A234A4291BE354E500856CA5 /* be */,
				A234A42C1BE354FD00856CA5 /* fi */,
			);
			name = Main.storyboard;
			sourceTree = "<group>";
		};
		A2527E851BD13A5300F65412 /* LaunchScreen.storyboard */ = {
			isa = PBXVariantGroup;
			children = (
				A2527E861BD13A5300F65412 /* Base */,
				A2EB6F3D1BD186F9008E7D86 /* ru */,
				A234A41E1BE354A200856CA5 /* de */,
				A234A4211BE354B400856CA5 /* es */,
				A234A4241BE354CF00856CA5 /* uk */,
				A234A4271BE354D800856CA5 /* it */,
				A234A42A1BE354E500856CA5 /* be */,
				A234A42D1BE354FD00856CA5 /* fi */,
			);
			name = LaunchScreen.storyboard;
			sourceTree = "<group>";
		};
/* End PBXVariantGroup section */

/* Begin XCBuildConfiguration section */
		A2527E5F1BD139E200F65412 /* Debug */ = {
			isa = XCBuildConfiguration;
			buildSettings = {
				CLANG_ANALYZER_LOCALIZABILITY_NONLOCALIZED = YES;
				CLANG_WARN_BLOCK_CAPTURE_AUTORELEASING = YES;
				CLANG_WARN_BOOL_CONVERSION = YES;
				CLANG_WARN_COMMA = YES;
				CLANG_WARN_CONSTANT_CONVERSION = YES;
				CLANG_WARN_EMPTY_BODY = YES;
				CLANG_WARN_ENUM_CONVERSION = YES;
				CLANG_WARN_INFINITE_RECURSION = YES;
				CLANG_WARN_INT_CONVERSION = YES;
				CLANG_WARN_NON_LITERAL_NULL_CONVERSION = YES;
				CLANG_WARN_OBJC_LITERAL_CONVERSION = YES;
				CLANG_WARN_RANGE_LOOP_ANALYSIS = YES;
				CLANG_WARN_STRICT_PROTOTYPES = YES;
				CLANG_WARN_SUSPICIOUS_MOVE = YES;
				CLANG_WARN_UNREACHABLE_CODE = YES;
				CLANG_WARN__DUPLICATE_METHOD_MATCH = YES;
				ENABLE_STRICT_OBJC_MSGSEND = YES;
				ENABLE_TESTABILITY = YES;
				GCC_NO_COMMON_BLOCKS = YES;
				GCC_OPTIMIZATION_LEVEL = 0;
				GCC_WARN_64_TO_32_BIT_CONVERSION = YES;
				GCC_WARN_ABOUT_RETURN_TYPE = YES;
				GCC_WARN_UNDECLARED_SELECTOR = YES;
				GCC_WARN_UNINITIALIZED_AUTOS = YES;
				GCC_WARN_UNUSED_FUNCTION = YES;
				GCC_WARN_UNUSED_VARIABLE = YES;
				IPHONEOS_DEPLOYMENT_TARGET = 8.0;
				MACOSX_DEPLOYMENT_TARGET = 10.11;
				ONLY_ACTIVE_ARCH = YES;
				SWIFT_OPTIMIZATION_LEVEL = "-Onone";
			};
			name = Debug;
		};
		A2527E601BD139E200F65412 /* Release */ = {
			isa = XCBuildConfiguration;
			buildSettings = {
				CLANG_ANALYZER_LOCALIZABILITY_NONLOCALIZED = YES;
				CLANG_WARN_BLOCK_CAPTURE_AUTORELEASING = YES;
				CLANG_WARN_BOOL_CONVERSION = YES;
				CLANG_WARN_COMMA = YES;
				CLANG_WARN_CONSTANT_CONVERSION = YES;
				CLANG_WARN_EMPTY_BODY = YES;
				CLANG_WARN_ENUM_CONVERSION = YES;
				CLANG_WARN_INFINITE_RECURSION = YES;
				CLANG_WARN_INT_CONVERSION = YES;
				CLANG_WARN_NON_LITERAL_NULL_CONVERSION = YES;
				CLANG_WARN_OBJC_LITERAL_CONVERSION = YES;
				CLANG_WARN_RANGE_LOOP_ANALYSIS = YES;
				CLANG_WARN_STRICT_PROTOTYPES = YES;
				CLANG_WARN_SUSPICIOUS_MOVE = YES;
				CLANG_WARN_UNREACHABLE_CODE = YES;
				CLANG_WARN__DUPLICATE_METHOD_MATCH = YES;
				ENABLE_STRICT_OBJC_MSGSEND = YES;
				GCC_NO_COMMON_BLOCKS = YES;
				GCC_WARN_64_TO_32_BIT_CONVERSION = YES;
				GCC_WARN_ABOUT_RETURN_TYPE = YES;
				GCC_WARN_UNDECLARED_SELECTOR = YES;
				GCC_WARN_UNINITIALIZED_AUTOS = YES;
				GCC_WARN_UNUSED_FUNCTION = YES;
				GCC_WARN_UNUSED_VARIABLE = YES;
				IPHONEOS_DEPLOYMENT_TARGET = 8.0;
				MACOSX_DEPLOYMENT_TARGET = 10.11;
				SWIFT_OPTIMIZATION_LEVEL = "-Owholemodule";
			};
			name = Release;
		};
		A2527E741BD13A3B00F65412 /* Debug */ = {
			isa = XCBuildConfiguration;
			buildSettings = {
				ALWAYS_EMBED_SWIFT_STANDARD_LIBRARIES = YES;
				ALWAYS_SEARCH_USER_PATHS = NO;
				ASSETCATALOG_COMPILER_APPICON_NAME = AppIcon;
				CLANG_CXX_LANGUAGE_STANDARD = "gnu++0x";
				CLANG_CXX_LIBRARY = "libc++";
				CLANG_ENABLE_MODULES = YES;
				CLANG_ENABLE_OBJC_ARC = YES;
				CLANG_WARN_BOOL_CONVERSION = YES;
				CLANG_WARN_CONSTANT_CONVERSION = YES;
				CLANG_WARN_DIRECT_OBJC_ISA_USAGE = YES_ERROR;
				CLANG_WARN_EMPTY_BODY = YES;
				CLANG_WARN_ENUM_CONVERSION = YES;
				CLANG_WARN_INT_CONVERSION = YES;
				CLANG_WARN_OBJC_ROOT_CLASS = YES_ERROR;
				CLANG_WARN_UNREACHABLE_CODE = YES;
				CLANG_WARN__DUPLICATE_METHOD_MATCH = YES;
				"CODE_SIGN_IDENTITY[sdk=macosx*]" = "Mac Developer";
				COMBINE_HIDPI_IMAGES = YES;
				COPY_PHASE_STRIP = NO;
				DEBUG_INFORMATION_FORMAT = dwarf;
				DEVELOPMENT_TEAM = 842SSJ357W;
				ENABLE_STRICT_OBJC_MSGSEND = YES;
				ENABLE_TESTABILITY = YES;
				GCC_C_LANGUAGE_STANDARD = gnu99;
				GCC_DYNAMIC_NO_PIC = NO;
				GCC_NO_COMMON_BLOCKS = YES;
				GCC_PREPROCESSOR_DEFINITIONS = (
					"DEBUG=1",
					"$(inherited)",
				);
				GCC_WARN_64_TO_32_BIT_CONVERSION = YES;
				GCC_WARN_ABOUT_RETURN_TYPE = YES_ERROR;
				GCC_WARN_UNDECLARED_SELECTOR = YES;
				GCC_WARN_UNINITIALIZED_AUTOS = YES_AGGRESSIVE;
				GCC_WARN_UNUSED_FUNCTION = YES;
				GCC_WARN_UNUSED_VARIABLE = YES;
				INFOPLIST_FILE = OSX/Info.plist;
				LD_RUNPATH_SEARCH_PATHS = "$(inherited) @executable_path/../Frameworks";
				MACOSX_DEPLOYMENT_TARGET = 10.11;
				MTL_ENABLE_DEBUG_INFO = YES;
				ONLY_ACTIVE_ARCH = YES;
				PRODUCT_BUNDLE_IDENTIFIER = "west0r.SwiftyVK-example-macOS";
				PRODUCT_NAME = "~SwiftyVK~";
				PROVISIONING_PROFILE = "";
				SDKROOT = macosx;
				SWIFT_OPTIMIZATION_LEVEL = "-Onone";
				SWIFT_SWIFT3_OBJC_INFERENCE = On;
				SWIFT_VERSION = 4.0;
			};
			name = Debug;
		};
		A2527E751BD13A3B00F65412 /* Release */ = {
			isa = XCBuildConfiguration;
			buildSettings = {
				ALWAYS_EMBED_SWIFT_STANDARD_LIBRARIES = YES;
				ALWAYS_SEARCH_USER_PATHS = NO;
				ASSETCATALOG_COMPILER_APPICON_NAME = AppIcon;
				CLANG_CXX_LANGUAGE_STANDARD = "gnu++0x";
				CLANG_CXX_LIBRARY = "libc++";
				CLANG_ENABLE_MODULES = YES;
				CLANG_ENABLE_OBJC_ARC = YES;
				CLANG_WARN_BOOL_CONVERSION = YES;
				CLANG_WARN_CONSTANT_CONVERSION = YES;
				CLANG_WARN_DIRECT_OBJC_ISA_USAGE = YES_ERROR;
				CLANG_WARN_EMPTY_BODY = YES;
				CLANG_WARN_ENUM_CONVERSION = YES;
				CLANG_WARN_INT_CONVERSION = YES;
				CLANG_WARN_OBJC_ROOT_CLASS = YES_ERROR;
				CLANG_WARN_UNREACHABLE_CODE = YES;
				CLANG_WARN__DUPLICATE_METHOD_MATCH = YES;
				"CODE_SIGN_IDENTITY[sdk=macosx*]" = "Mac Developer";
				COMBINE_HIDPI_IMAGES = YES;
				COPY_PHASE_STRIP = NO;
				DEBUG_INFORMATION_FORMAT = "dwarf-with-dsym";
				DEVELOPMENT_TEAM = 842SSJ357W;
				ENABLE_NS_ASSERTIONS = NO;
				ENABLE_STRICT_OBJC_MSGSEND = YES;
				GCC_C_LANGUAGE_STANDARD = gnu99;
				GCC_NO_COMMON_BLOCKS = YES;
				GCC_WARN_64_TO_32_BIT_CONVERSION = YES;
				GCC_WARN_ABOUT_RETURN_TYPE = YES_ERROR;
				GCC_WARN_UNDECLARED_SELECTOR = YES;
				GCC_WARN_UNINITIALIZED_AUTOS = YES_AGGRESSIVE;
				GCC_WARN_UNUSED_FUNCTION = YES;
				GCC_WARN_UNUSED_VARIABLE = YES;
				INFOPLIST_FILE = OSX/Info.plist;
				LD_RUNPATH_SEARCH_PATHS = "$(inherited) @executable_path/../Frameworks";
				MACOSX_DEPLOYMENT_TARGET = 10.11;
				MTL_ENABLE_DEBUG_INFO = NO;
				PRODUCT_BUNDLE_IDENTIFIER = "west0r.SwiftyVK-example-macOS";
				PRODUCT_NAME = "~SwiftyVK~";
				PROVISIONING_PROFILE = "";
				SDKROOT = macosx;
				SWIFT_SWIFT3_OBJC_INFERENCE = On;
				SWIFT_VERSION = 4.0;
			};
			name = Release;
		};
		A2527E8A1BD13A5300F65412 /* Debug */ = {
			isa = XCBuildConfiguration;
			buildSettings = {
				ALWAYS_EMBED_SWIFT_STANDARD_LIBRARIES = YES;
				ALWAYS_SEARCH_USER_PATHS = NO;
				ASSETCATALOG_COMPILER_APPICON_NAME = AppIcon;
				CLANG_CXX_LANGUAGE_STANDARD = "gnu++0x";
				CLANG_CXX_LIBRARY = "libc++";
				CLANG_ENABLE_MODULES = YES;
				CLANG_ENABLE_OBJC_ARC = YES;
				CLANG_WARN_BOOL_CONVERSION = YES;
				CLANG_WARN_CONSTANT_CONVERSION = YES;
				CLANG_WARN_DIRECT_OBJC_ISA_USAGE = YES_ERROR;
				CLANG_WARN_EMPTY_BODY = YES;
				CLANG_WARN_ENUM_CONVERSION = YES;
				CLANG_WARN_INT_CONVERSION = YES;
				CLANG_WARN_OBJC_ROOT_CLASS = YES_ERROR;
				CLANG_WARN_UNREACHABLE_CODE = YES;
				CLANG_WARN__DUPLICATE_METHOD_MATCH = YES;
				CODE_SIGN_IDENTITY = "iPhone Developer";
				"CODE_SIGN_IDENTITY[sdk=iphoneos*]" = "iPhone Developer";
				COPY_PHASE_STRIP = NO;
				DEBUG_INFORMATION_FORMAT = dwarf;
				DEVELOPMENT_TEAM = 842SSJ357W;
				ENABLE_STRICT_OBJC_MSGSEND = YES;
				ENABLE_TESTABILITY = YES;
				GCC_C_LANGUAGE_STANDARD = gnu99;
				GCC_DYNAMIC_NO_PIC = NO;
				GCC_NO_COMMON_BLOCKS = YES;
				GCC_PREPROCESSOR_DEFINITIONS = (
					"DEBUG=1",
					"$(inherited)",
				);
				GCC_WARN_64_TO_32_BIT_CONVERSION = YES;
				GCC_WARN_ABOUT_RETURN_TYPE = YES_ERROR;
				GCC_WARN_UNDECLARED_SELECTOR = YES;
				GCC_WARN_UNINITIALIZED_AUTOS = YES_AGGRESSIVE;
				GCC_WARN_UNUSED_FUNCTION = YES;
				GCC_WARN_UNUSED_VARIABLE = YES;
				INFOPLIST_FILE = iOS/Info.plist;
				IPHONEOS_DEPLOYMENT_TARGET = 9.0;
				LD_RUNPATH_SEARCH_PATHS = "$(inherited) @executable_path/Frameworks";
				MTL_ENABLE_DEBUG_INFO = YES;
				ONLY_ACTIVE_ARCH = YES;
				PRODUCT_BUNDLE_IDENTIFIER = "west0r.SwiftyVK-example-iOS";
				PRODUCT_NAME = "~SwiftyVK~";
				SDKROOT = iphoneos;
				SWIFT_OPTIMIZATION_LEVEL = "-Onone";
				SWIFT_SWIFT3_OBJC_INFERENCE = On;
				SWIFT_VERSION = 4.0;
				TARGETED_DEVICE_FAMILY = "1,2";
			};
			name = Debug;
		};
		A2527E8B1BD13A5300F65412 /* Release */ = {
			isa = XCBuildConfiguration;
			buildSettings = {
				ALWAYS_EMBED_SWIFT_STANDARD_LIBRARIES = YES;
				ALWAYS_SEARCH_USER_PATHS = NO;
				ASSETCATALOG_COMPILER_APPICON_NAME = AppIcon;
				CLANG_CXX_LANGUAGE_STANDARD = "gnu++0x";
				CLANG_CXX_LIBRARY = "libc++";
				CLANG_ENABLE_MODULES = YES;
				CLANG_ENABLE_OBJC_ARC = YES;
				CLANG_WARN_BOOL_CONVERSION = YES;
				CLANG_WARN_CONSTANT_CONVERSION = YES;
				CLANG_WARN_DIRECT_OBJC_ISA_USAGE = YES_ERROR;
				CLANG_WARN_EMPTY_BODY = YES;
				CLANG_WARN_ENUM_CONVERSION = YES;
				CLANG_WARN_INT_CONVERSION = YES;
				CLANG_WARN_OBJC_ROOT_CLASS = YES_ERROR;
				CLANG_WARN_UNREACHABLE_CODE = YES;
				CLANG_WARN__DUPLICATE_METHOD_MATCH = YES;
				CODE_SIGN_IDENTITY = "iPhone Developer";
				"CODE_SIGN_IDENTITY[sdk=iphoneos*]" = "iPhone Developer";
				COPY_PHASE_STRIP = NO;
				DEBUG_INFORMATION_FORMAT = "dwarf-with-dsym";
				DEVELOPMENT_TEAM = 842SSJ357W;
				ENABLE_NS_ASSERTIONS = NO;
				ENABLE_STRICT_OBJC_MSGSEND = YES;
				GCC_C_LANGUAGE_STANDARD = gnu99;
				GCC_NO_COMMON_BLOCKS = YES;
				GCC_WARN_64_TO_32_BIT_CONVERSION = YES;
				GCC_WARN_ABOUT_RETURN_TYPE = YES_ERROR;
				GCC_WARN_UNDECLARED_SELECTOR = YES;
				GCC_WARN_UNINITIALIZED_AUTOS = YES_AGGRESSIVE;
				GCC_WARN_UNUSED_FUNCTION = YES;
				GCC_WARN_UNUSED_VARIABLE = YES;
				INFOPLIST_FILE = iOS/Info.plist;
				IPHONEOS_DEPLOYMENT_TARGET = 9.0;
				LD_RUNPATH_SEARCH_PATHS = "$(inherited) @executable_path/Frameworks";
				MTL_ENABLE_DEBUG_INFO = NO;
				PRODUCT_BUNDLE_IDENTIFIER = "west0r.SwiftyVK-example-iOS";
				PRODUCT_NAME = "~SwiftyVK~";
				SDKROOT = iphoneos;
				SWIFT_SWIFT3_OBJC_INFERENCE = On;
				SWIFT_VERSION = 4.0;
				TARGETED_DEVICE_FAMILY = "1,2";
				VALIDATE_PRODUCT = YES;
			};
			name = Release;
		};
/* End XCBuildConfiguration section */

/* Begin XCConfigurationList section */
		A2527E5E1BD139E200F65412 /* Build configuration list for PBXProject "Example" */ = {
			isa = XCConfigurationList;
			buildConfigurations = (
				A2527E5F1BD139E200F65412 /* Debug */,
				A2527E601BD139E200F65412 /* Release */,
			);
			defaultConfigurationIsVisible = 0;
			defaultConfigurationName = Release;
		};
		A2527E731BD13A3B00F65412 /* Build configuration list for PBXNativeTarget "SwiftyVK-Example-OSX" */ = {
			isa = XCConfigurationList;
			buildConfigurations = (
				A2527E741BD13A3B00F65412 /* Debug */,
				A2527E751BD13A3B00F65412 /* Release */,
			);
			defaultConfigurationIsVisible = 0;
			defaultConfigurationName = Release;
		};
		A2527E891BD13A5300F65412 /* Build configuration list for PBXNativeTarget "SwiftyVK-Example-iOS" */ = {
			isa = XCConfigurationList;
			buildConfigurations = (
				A2527E8A1BD13A5300F65412 /* Debug */,
				A2527E8B1BD13A5300F65412 /* Release */,
			);
			defaultConfigurationIsVisible = 0;
			defaultConfigurationName = Release;
		};
/* End XCConfigurationList section */
	};
	rootObject = A2527E5B1BD139E200F65412 /* Project object */;
}
